
Microsoft Visual Studio Solution File, Format Version 12.00
# Visual Studio Version 17
VisualStudioVersion = 17.3.32929.385
MinimumVisualStudioVersion = 10.0.40219.1
Project("{2150E333-8FDC-42A3-9474-1A3956D46DE8}") = ".Documents", ".Documents", "{416C523A-8611-4C87-9740-C7A84C9B1D50}"
	ProjectSection(SolutionItems) = preProject
		.Documents\Forge.Base.nupkg = .Documents\Forge.Base.nupkg
		.Documents\Forge.DatabaseManagement.nupkg = .Documents\Forge.DatabaseManagement.nupkg
		.Documents\Forge.DatabaseManagement.SQLite..nupkg = .Documents\Forge.DatabaseManagement.SQLite..nupkg
		.Documents\Forge.DatabaseManagement.SqlServer2008.nupkg = .Documents\Forge.DatabaseManagement.SqlServer2008.nupkg
		.Documents\Forge.DatabaseManagement.SqlServerCe40.nupkg = .Documents\Forge.DatabaseManagement.SqlServerCe40.nupkg
		.Documents\Forge.ErrorReport.Client.nupkg = .Documents\Forge.ErrorReport.Client.nupkg
		.Documents\Forge.ErrorReport.nupkg = .Documents\Forge.ErrorReport.nupkg
		.Documents\Forge.ErrorReport.Service.nupkg = .Documents\Forge.ErrorReport.Service.nupkg
		.Documents\Forge.Extensions.nupkg = .Documents\Forge.Extensions.nupkg
		.Documents\Forge.Invoker.nupkg = .Documents\Forge.Invoker.nupkg
		.Documents\Forge.Logging.Log4Net.nupkg = .Documents\Forge.Logging.Log4Net.nupkg
		.Documents\Forge.Logging.Utils.nupkg = .Documents\Forge.Logging.Utils.nupkg
		.Documents\Forge.Native.nupkg = .Documents\Forge.Native.nupkg
		.Documents\Forge.Net.Remoting.nupkg = .Documents\Forge.Net.Remoting.nupkg
		.Documents\Forge.Net.Services.nupkg = .Documents\Forge.Net.Services.nupkg
		.Documents\Forge.Net.Synapse.nupkg = .Documents\Forge.Net.Synapse.nupkg
		.Documents\Forge.Net.TerraGraf.nupkg = .Documents\Forge.Net.TerraGraf.nupkg
		.Documents\Forge.Net.WebSockets.nupkg = .Documents\Forge.Net.WebSockets.nupkg
		.Documents\Forge.ORM.NHibernateExtension.nupkg = .Documents\Forge.ORM.NHibernateExtension.nupkg
		.Documents\Forge.Persistence.Formatters.JsonNet.nupkg = .Documents\Forge.Persistence.Formatters.JsonNet.nupkg
		.Documents\Forge.Persistence.nupkg = .Documents\Forge.Persistence.nupkg
		.Documents\Forge.Persistence.StorageProviders.HibernateStorageProvider.nupkg = .Documents\Forge.Persistence.StorageProviders.HibernateStorageProvider.nupkg
		.Documents\Forge.pfx = .Documents\Forge.pfx
		.Documents\Forge.RemoteDesktop.Client.nupkg = .Documents\Forge.RemoteDesktop.Client.nupkg
		.Documents\Forge.RemoteDesktop.nupkg = .Documents\Forge.RemoteDesktop.nupkg
		.Documents\Forge.RemoteDesktop.Service.nupkg = .Documents\Forge.RemoteDesktop.Service.nupkg
		.Documents\Forge.Security.Jwt.Client.nupkg = .Documents\Forge.Security.Jwt.Client.nupkg
		.Documents\Forge.Security.Jwt.Client.Storage.Browser.nupkg = .Documents\Forge.Security.Jwt.Client.Storage.Browser.nupkg
		.Documents\Forge.Security.Jwt.Service.nupkg = .Documents\Forge.Security.Jwt.Service.nupkg
		.Documents\Forge.Security.Jwt.Shared.nupkg = .Documents\Forge.Security.Jwt.Shared.nupkg
		.Documents\Forge.Security.nupkg = .Documents\Forge.Security.nupkg
		.Documents\Forge.TimeServer.Client.nupkg = .Documents\Forge.TimeServer.Client.nupkg
		.Documents\Forge.TimeServer.nupkg = .Documents\Forge.TimeServer.nupkg
		.Documents\Forge.TimeServer.Service.nupkg = .Documents\Forge.TimeServer.Service.nupkg
		.Documents\Forge.Wasm.BrowserStorages.NewtonSoft.Json.nupkg = .Documents\Forge.Wasm.BrowserStorages.NewtonSoft.Json.nupkg
		.Documents\Forge.Wasm.BrowserStorages.nupkg = .Documents\Forge.Wasm.BrowserStorages.nupkg
		.Documents\Forge.Windows.UI.nupkg = .Documents\Forge.Windows.UI.nupkg
		.Documents\Forge.WindowsServiceControl.nupkg = .Documents\Forge.WindowsServiceControl.nupkg
		.Documents\ForgeNET.cer = .Documents\ForgeNET.cer
		.Documents\ForgeNET.pfx = .Documents\ForgeNET.pfx
		.Documents\ForgeNET.pvk = .Documents\ForgeNET.pvk
		.Documents\ForgeNET2.cer = .Documents\ForgeNET2.cer
		.Documents\ForgeNET2.pfx = .Documents\ForgeNET2.pfx
		.Documents\ForgeNET2.pvk = .Documents\ForgeNET2.pvk
		.Documents\nuget.txt = .Documents\nuget.txt
		.Documents\SignPassword.txt = .Documents\SignPassword.txt
		.Documents\sign_synapse.bat = .Documents\sign_synapse.bat
		.Documents\sign_terragraf.bat = .Documents\sign_terragraf.bat
		.Documents\ssl_cert_creator.bat = .Documents\ssl_cert_creator.bat
		.Documents\ssl_cert_creator2.bat = .Documents\ssl_cert_creator2.bat
		.Documents\SynapseFuscator.xml = .Documents\SynapseFuscator.xml
		.Documents\TerraGrafFuscator.xml = .Documents\TerraGrafFuscator.xml
	EndProjectSection
EndProject
Project("{FAE04EC0-301F-11D3-BF4B-00C04F79EFBC}") = "Forge.Base", "Forge.Base\Forge.Base.csproj", "{F3EED65E-C103-4BA8-AF1D-37421D73A708}"
EndProject
Project("{FAE04EC0-301F-11D3-BF4B-00C04F79EFBC}") = "Forge.WindowsServiceControl", "Forge.WindowsServiceControl\Forge.WindowsServiceControl.csproj", "{5750674A-8247-4F44-BE3F-DFAC351E1F73}"
	ProjectSection(ProjectDependencies) = postProject
		{F3EED65E-C103-4BA8-AF1D-37421D73A708} = {F3EED65E-C103-4BA8-AF1D-37421D73A708}
	EndProjectSection
EndProject
Project("{FAE04EC0-301F-11D3-BF4B-00C04F79EFBC}") = "Forge.Persistence", "Forge.Persistence\Forge.Persistence.csproj", "{689C2101-257F-404B-9B50-9B550DFA196F}"
	ProjectSection(ProjectDependencies) = postProject
		{F3EED65E-C103-4BA8-AF1D-37421D73A708} = {F3EED65E-C103-4BA8-AF1D-37421D73A708}
	EndProjectSection
EndProject
Project("{FAE04EC0-301F-11D3-BF4B-00C04F79EFBC}") = "Forge.Extensions", "Forge.Extensions\Forge.Extensions.csproj", "{B4EA240F-19DC-42CB-810B-99E86AF8D06E}"
	ProjectSection(ProjectDependencies) = postProject
		{F3EED65E-C103-4BA8-AF1D-37421D73A708} = {F3EED65E-C103-4BA8-AF1D-37421D73A708}
	EndProjectSection
EndProject
Project("{FAE04EC0-301F-11D3-BF4B-00C04F79EFBC}") = "Forge.Net.Synapse", "Forge.Net.Synapse\Forge.Net.Synapse.csproj", "{63528BC4-C7D4-4DB0-ADD7-36C98F0E0C0E}"
	ProjectSection(ProjectDependencies) = postProject
		{F3EED65E-C103-4BA8-AF1D-37421D73A708} = {F3EED65E-C103-4BA8-AF1D-37421D73A708}
	EndProjectSection
EndProject
Project("{FAE04EC0-301F-11D3-BF4B-00C04F79EFBC}") = "Forge.Net.TerraGraf", "Forge.Net.TerraGraf\Forge.Net.TerraGraf.csproj", "{79531288-031B-4790-AAF3-F7CCD182E7FB}"
	ProjectSection(ProjectDependencies) = postProject
		{689C2101-257F-404B-9B50-9B550DFA196F} = {689C2101-257F-404B-9B50-9B550DFA196F}
		{F3EED65E-C103-4BA8-AF1D-37421D73A708} = {F3EED65E-C103-4BA8-AF1D-37421D73A708}
		{63528BC4-C7D4-4DB0-ADD7-36C98F0E0C0E} = {63528BC4-C7D4-4DB0-ADD7-36C98F0E0C0E}
	EndProjectSection
EndProject
Project("{2150E333-8FDC-42A3-9474-1A3956D46DE8}") = ".nuget", ".nuget", "{427A6E42-81E4-40FB-8173-0A2E7D0619EF}"
	ProjectSection(SolutionItems) = preProject
		.nuget\NuGet.Config = .nuget\NuGet.Config
		.nuget\NuGet.exe = .nuget\NuGet.exe
		.nuget\NuGet.targets = .nuget\NuGet.targets
		.nuget\packages.config = .nuget\packages.config
	EndProjectSection
EndProject
Project("{FAE04EC0-301F-11D3-BF4B-00C04F79EFBC}") = "Forge.Test", "Forge.Test\Forge.Test.csproj", "{1C08031A-C275-414E-8688-636D49D69DC6}"
EndProject
Project("{2150E333-8FDC-42A3-9474-1A3956D46DE8}") = "Solution Items", "Solution Items", "{EDCC58B0-87A2-469A-B150-A4A02C4D585A}"
	ProjectSection(SolutionItems) = preProject
		Forge.vsmdi = Forge.vsmdi
		Local.testsettings = Local.testsettings
		TraceAndTestImpact.testsettings = TraceAndTestImpact.testsettings
	EndProjectSection
EndProject
Project("{FAE04EC0-301F-11D3-BF4B-00C04F79EFBC}") = "Forge.Persistence.Formatters.JsonNet", "Forge.Persistence.Formatters.JsonNet\Forge.Persistence.Formatters.JsonNet.csproj", "{64BB1EFC-27BB-4A5F-B631-234A552C4288}"
	ProjectSection(ProjectDependencies) = postProject
		{F3EED65E-C103-4BA8-AF1D-37421D73A708} = {F3EED65E-C103-4BA8-AF1D-37421D73A708}
	EndProjectSection
EndProject
Project("{FAE04EC0-301F-11D3-BF4B-00C04F79EFBC}") = "Forge.ORM.NHibernateExtension", "Forge.ORM.NHibernateExtension\Forge.ORM.NHibernateExtension.csproj", "{D1427FB9-2787-46E6-A5AC-D98E8476F4F7}"
	ProjectSection(ProjectDependencies) = postProject
		{F3EED65E-C103-4BA8-AF1D-37421D73A708} = {F3EED65E-C103-4BA8-AF1D-37421D73A708}
	EndProjectSection
EndProject
Project("{FAE04EC0-301F-11D3-BF4B-00C04F79EFBC}") = "Forge.DatabaseManagement", "Forge.DatabaseManagement\Forge.DatabaseManagement.csproj", "{CF3D0FC3-46A2-4C86-83F0-5F9EBB417A3F}"
	ProjectSection(ProjectDependencies) = postProject
		{F3EED65E-C103-4BA8-AF1D-37421D73A708} = {F3EED65E-C103-4BA8-AF1D-37421D73A708}
	EndProjectSection
EndProject
Project("{FAE04EC0-301F-11D3-BF4B-00C04F79EFBC}") = "Forge.DatabaseManagement.SQLite", "Forge.DatabaseManagement.SQLite\Forge.DatabaseManagement.SQLite.csproj", "{40AA163A-6A5D-41D1-8D42-9808C3B415E6}"
	ProjectSection(ProjectDependencies) = postProject
		{CF3D0FC3-46A2-4C86-83F0-5F9EBB417A3F} = {CF3D0FC3-46A2-4C86-83F0-5F9EBB417A3F}
	EndProjectSection
EndProject
Project("{FAE04EC0-301F-11D3-BF4B-00C04F79EFBC}") = "Forge.DatabaseManagement.SqlServer2008", "Forge.DatabaseManagement.SqlServer2008\Forge.DatabaseManagement.SqlServer2008.csproj", "{36E20203-B4D9-4363-BF52-EFD07E702BD3}"
	ProjectSection(ProjectDependencies) = postProject
		{CF3D0FC3-46A2-4C86-83F0-5F9EBB417A3F} = {CF3D0FC3-46A2-4C86-83F0-5F9EBB417A3F}
	EndProjectSection
EndProject
Project("{FAE04EC0-301F-11D3-BF4B-00C04F79EFBC}") = "Forge.DatabaseManagement.SqlServerCe40", "Forge.DatabaseManagement.SqlServerCe40\Forge.DatabaseManagement.SqlServerCe40.csproj", "{793E4687-D3E8-40B2-A966-AC356ED01A11}"
	ProjectSection(ProjectDependencies) = postProject
		{CF3D0FC3-46A2-4C86-83F0-5F9EBB417A3F} = {CF3D0FC3-46A2-4C86-83F0-5F9EBB417A3F}
	EndProjectSection
EndProject
Project("{FAE04EC0-301F-11D3-BF4B-00C04F79EFBC}") = "Forge.Persistence.StorageProviders.HibernateStorageProvider", "Forge.Persistence.StorageProviders.HibernateStorageProvider\Forge.Persistence.StorageProviders.HibernateStorageProvider.csproj", "{DA14FB35-D571-4163-A913-3D8C934954BD}"
	ProjectSection(ProjectDependencies) = postProject
		{689C2101-257F-404B-9B50-9B550DFA196F} = {689C2101-257F-404B-9B50-9B550DFA196F}
		{F3EED65E-C103-4BA8-AF1D-37421D73A708} = {F3EED65E-C103-4BA8-AF1D-37421D73A708}
		{D1427FB9-2787-46E6-A5AC-D98E8476F4F7} = {D1427FB9-2787-46E6-A5AC-D98E8476F4F7}
		{CF3D0FC3-46A2-4C86-83F0-5F9EBB417A3F} = {CF3D0FC3-46A2-4C86-83F0-5F9EBB417A3F}
	EndProjectSection
EndProject
Project("{FAE04EC0-301F-11D3-BF4B-00C04F79EFBC}") = "Testing.Hooks", "Testing.Hooks\Testing.Hooks.csproj", "{2BED1D69-7029-4D15-B2EC-A15116563FF3}"
EndProject
Project("{FAE04EC0-301F-11D3-BF4B-00C04F79EFBC}") = "Forge.Net.Remoting", "Forge.Net.Remoting\Forge.Net.Remoting.csproj", "{0F590995-E709-4BD6-85FB-4059D2D7507E}"
	ProjectSection(ProjectDependencies) = postProject
		{689C2101-257F-404B-9B50-9B550DFA196F} = {689C2101-257F-404B-9B50-9B550DFA196F}
		{F3EED65E-C103-4BA8-AF1D-37421D73A708} = {F3EED65E-C103-4BA8-AF1D-37421D73A708}
		{79531288-031B-4790-AAF3-F7CCD182E7FB} = {79531288-031B-4790-AAF3-F7CCD182E7FB}
		{63528BC4-C7D4-4DB0-ADD7-36C98F0E0C0E} = {63528BC4-C7D4-4DB0-ADD7-36C98F0E0C0E}
	EndProjectSection
EndProject
Project("{FAE04EC0-301F-11D3-BF4B-00C04F79EFBC}") = "Forge.Net.Services", "Forge.Net.Services\Forge.Net.Services.csproj", "{5BF0BB3E-82BD-4F55-988F-64F39912A794}"
	ProjectSection(ProjectDependencies) = postProject
		{F3EED65E-C103-4BA8-AF1D-37421D73A708} = {F3EED65E-C103-4BA8-AF1D-37421D73A708}
		{79531288-031B-4790-AAF3-F7CCD182E7FB} = {79531288-031B-4790-AAF3-F7CCD182E7FB}
		{0F590995-E709-4BD6-85FB-4059D2D7507E} = {0F590995-E709-4BD6-85FB-4059D2D7507E}
		{63528BC4-C7D4-4DB0-ADD7-36C98F0E0C0E} = {63528BC4-C7D4-4DB0-ADD7-36C98F0E0C0E}
	EndProjectSection
EndProject
Project("{FAE04EC0-301F-11D3-BF4B-00C04F79EFBC}") = "Forge.TimeServer", "Forge.TimeServer\Forge.TimeServer.csproj", "{6486D46B-70D8-4F1A-86D5-67A2794E6AEC}"
EndProject
Project("{FAE04EC0-301F-11D3-BF4B-00C04F79EFBC}") = "Forge.TimeServer.Client", "Forge.TimeServer.Client\Forge.TimeServer.Client.csproj", "{D2DEC75E-E22B-423F-BA8A-253D652A611B}"
EndProject
Project("{FAE04EC0-301F-11D3-BF4B-00C04F79EFBC}") = "Forge.TimeServer.Service", "Forge.TimeServer.Service\Forge.TimeServer.Service.csproj", "{DEBE7357-24AE-47A4-BFC6-BD1643A53BB2}"
EndProject
Project("{FAE04EC0-301F-11D3-BF4B-00C04F79EFBC}") = "Forge.RemoteDesktop", "Forge.RemoteDesktop\Forge.RemoteDesktop.csproj", "{4C5BA699-04F5-4BFF-9CC2-3393C295445F}"
	ProjectSection(ProjectDependencies) = postProject
		{F3EED65E-C103-4BA8-AF1D-37421D73A708} = {F3EED65E-C103-4BA8-AF1D-37421D73A708}
		{79531288-031B-4790-AAF3-F7CCD182E7FB} = {79531288-031B-4790-AAF3-F7CCD182E7FB}
		{0F590995-E709-4BD6-85FB-4059D2D7507E} = {0F590995-E709-4BD6-85FB-4059D2D7507E}
	EndProjectSection
EndProject
Project("{FAE04EC0-301F-11D3-BF4B-00C04F79EFBC}") = "Forge.RemoteDesktop.Client", "Forge.RemoteDesktop.Client\Forge.RemoteDesktop.Client.csproj", "{936FA984-1673-4799-991D-90A98F7A6D92}"
	ProjectSection(ProjectDependencies) = postProject
		{5BF0BB3E-82BD-4F55-988F-64F39912A794} = {5BF0BB3E-82BD-4F55-988F-64F39912A794}
		{F3EED65E-C103-4BA8-AF1D-37421D73A708} = {F3EED65E-C103-4BA8-AF1D-37421D73A708}
		{79531288-031B-4790-AAF3-F7CCD182E7FB} = {79531288-031B-4790-AAF3-F7CCD182E7FB}
		{0F590995-E709-4BD6-85FB-4059D2D7507E} = {0F590995-E709-4BD6-85FB-4059D2D7507E}
		{4C5BA699-04F5-4BFF-9CC2-3393C295445F} = {4C5BA699-04F5-4BFF-9CC2-3393C295445F}
		{63528BC4-C7D4-4DB0-ADD7-36C98F0E0C0E} = {63528BC4-C7D4-4DB0-ADD7-36C98F0E0C0E}
	EndProjectSection
EndProject
Project("{FAE04EC0-301F-11D3-BF4B-00C04F79EFBC}") = "Forge.RemoteDesktop.Service", "Forge.RemoteDesktop.Service\Forge.RemoteDesktop.Service.csproj", "{2C8A02B1-38E9-490D-BE48-5D316A508517}"
	ProjectSection(ProjectDependencies) = postProject
		{5BF0BB3E-82BD-4F55-988F-64F39912A794} = {5BF0BB3E-82BD-4F55-988F-64F39912A794}
		{F3EED65E-C103-4BA8-AF1D-37421D73A708} = {F3EED65E-C103-4BA8-AF1D-37421D73A708}
		{79531288-031B-4790-AAF3-F7CCD182E7FB} = {79531288-031B-4790-AAF3-F7CCD182E7FB}
		{0F590995-E709-4BD6-85FB-4059D2D7507E} = {0F590995-E709-4BD6-85FB-4059D2D7507E}
		{4C5BA699-04F5-4BFF-9CC2-3393C295445F} = {4C5BA699-04F5-4BFF-9CC2-3393C295445F}
		{63528BC4-C7D4-4DB0-ADD7-36C98F0E0C0E} = {63528BC4-C7D4-4DB0-ADD7-36C98F0E0C0E}
	EndProjectSection
EndProject
Project("{FAE04EC0-301F-11D3-BF4B-00C04F79EFBC}") = "Forge.ErrorReport", "Forge.ErrorReport\Forge.ErrorReport.csproj", "{C7A8F803-2AF4-4211-8EF4-BB62A9EC0B34}"
	ProjectSection(ProjectDependencies) = postProject
		{F3EED65E-C103-4BA8-AF1D-37421D73A708} = {F3EED65E-C103-4BA8-AF1D-37421D73A708}
		{0F590995-E709-4BD6-85FB-4059D2D7507E} = {0F590995-E709-4BD6-85FB-4059D2D7507E}
		{D1427FB9-2787-46E6-A5AC-D98E8476F4F7} = {D1427FB9-2787-46E6-A5AC-D98E8476F4F7}
	EndProjectSection
EndProject
Project("{FAE04EC0-301F-11D3-BF4B-00C04F79EFBC}") = "Forge.ErrorReport.Client", "Forge.ErrorReport.Client\Forge.ErrorReport.Client.csproj", "{44570E1B-56D9-4177-9608-2C86C708F064}"
	ProjectSection(ProjectDependencies) = postProject
		{C7A8F803-2AF4-4211-8EF4-BB62A9EC0B34} = {C7A8F803-2AF4-4211-8EF4-BB62A9EC0B34}
		{5BF0BB3E-82BD-4F55-988F-64F39912A794} = {5BF0BB3E-82BD-4F55-988F-64F39912A794}
		{F3EED65E-C103-4BA8-AF1D-37421D73A708} = {F3EED65E-C103-4BA8-AF1D-37421D73A708}
		{79531288-031B-4790-AAF3-F7CCD182E7FB} = {79531288-031B-4790-AAF3-F7CCD182E7FB}
		{0F590995-E709-4BD6-85FB-4059D2D7507E} = {0F590995-E709-4BD6-85FB-4059D2D7507E}
		{63528BC4-C7D4-4DB0-ADD7-36C98F0E0C0E} = {63528BC4-C7D4-4DB0-ADD7-36C98F0E0C0E}
	EndProjectSection
EndProject
Project("{FAE04EC0-301F-11D3-BF4B-00C04F79EFBC}") = "Forge.ErrorReport.Service", "Forge.ErrorReport.Service\Forge.ErrorReport.Service.csproj", "{D4C8AAD5-EC16-444B-992E-6E0B71200B03}"
	ProjectSection(ProjectDependencies) = postProject
		{C7A8F803-2AF4-4211-8EF4-BB62A9EC0B34} = {C7A8F803-2AF4-4211-8EF4-BB62A9EC0B34}
		{5BF0BB3E-82BD-4F55-988F-64F39912A794} = {5BF0BB3E-82BD-4F55-988F-64F39912A794}
		{F3EED65E-C103-4BA8-AF1D-37421D73A708} = {F3EED65E-C103-4BA8-AF1D-37421D73A708}
		{79531288-031B-4790-AAF3-F7CCD182E7FB} = {79531288-031B-4790-AAF3-F7CCD182E7FB}
		{0F590995-E709-4BD6-85FB-4059D2D7507E} = {0F590995-E709-4BD6-85FB-4059D2D7507E}
		{63528BC4-C7D4-4DB0-ADD7-36C98F0E0C0E} = {63528BC4-C7D4-4DB0-ADD7-36C98F0E0C0E}
	EndProjectSection
EndProject
Project("{FAE04EC0-301F-11D3-BF4B-00C04F79EFBC}") = "Testing", "Testing\Testing.csproj", "{2B9130CE-B844-45D7-A7F8-9A4774FB08D8}"
EndProject
Project("{FAE04EC0-301F-11D3-BF4B-00C04F79EFBC}") = "Testing.Entities", "Testing.Entities\Testing.Entities.csproj", "{FDC2F19E-004B-49F0-A92C-AB4B93E5B9B8}"
EndProject
Project("{FAE04EC0-301F-11D3-BF4B-00C04F79EFBC}") = "Testing.RemoteDesktop.Client", "Testing.RemoteDesktop.Client\Testing.RemoteDesktop.Client.csproj", "{EBF78544-67E1-4825-B806-4B7C4F0A7FD0}"
EndProject
Project("{FAE04EC0-301F-11D3-BF4B-00C04F79EFBC}") = "Testing.RemoteDesktop.Server", "Testing.RemoteDesktop.Server\Testing.RemoteDesktop.Server.csproj", "{91F0E989-EE41-4799-9F35-22B6B7869121}"
EndProject
Project("{FAE04EC0-301F-11D3-BF4B-00C04F79EFBC}") = "Testing.TerraGraf", "Testing.TerraGraf\Testing.TerraGraf.csproj", "{07A0FACA-C0A5-4699-9B18-31C29989A040}"
EndProject
Project("{FAE04EC0-301F-11D3-BF4B-00C04F79EFBC}") = "Forge.UpdateFramework", "Forge.UpdateFramework\Forge.UpdateFramework.csproj", "{5381068C-E22C-4FBB-A105-9A219FB5166B}"
	ProjectSection(ProjectDependencies) = postProject
		{F3EED65E-C103-4BA8-AF1D-37421D73A708} = {F3EED65E-C103-4BA8-AF1D-37421D73A708}
		{0F590995-E709-4BD6-85FB-4059D2D7507E} = {0F590995-E709-4BD6-85FB-4059D2D7507E}
	EndProjectSection
EndProject
Project("{FAE04EC0-301F-11D3-BF4B-00C04F79EFBC}") = "Forge.UpdateFramework.Client", "Forge.UpdateFramework.Client\Forge.UpdateFramework.Client.csproj", "{04BDD54C-260B-4F36-BCC0-E24181660B0B}"
	ProjectSection(ProjectDependencies) = postProject
		{5BF0BB3E-82BD-4F55-988F-64F39912A794} = {5BF0BB3E-82BD-4F55-988F-64F39912A794}
		{F3EED65E-C103-4BA8-AF1D-37421D73A708} = {F3EED65E-C103-4BA8-AF1D-37421D73A708}
		{5381068C-E22C-4FBB-A105-9A219FB5166B} = {5381068C-E22C-4FBB-A105-9A219FB5166B}
		{0F590995-E709-4BD6-85FB-4059D2D7507E} = {0F590995-E709-4BD6-85FB-4059D2D7507E}
	EndProjectSection
EndProject
Project("{FAE04EC0-301F-11D3-BF4B-00C04F79EFBC}") = "Forge.UpdateFramework.Service", "Forge.UpdateFramework.Service\Forge.UpdateFramework.Service.csproj", "{26FA621F-314D-4962-AED8-38404BEDE4F9}"
	ProjectSection(ProjectDependencies) = postProject
		{5BF0BB3E-82BD-4F55-988F-64F39912A794} = {5BF0BB3E-82BD-4F55-988F-64F39912A794}
		{F3EED65E-C103-4BA8-AF1D-37421D73A708} = {F3EED65E-C103-4BA8-AF1D-37421D73A708}
		{5381068C-E22C-4FBB-A105-9A219FB5166B} = {5381068C-E22C-4FBB-A105-9A219FB5166B}
		{0F590995-E709-4BD6-85FB-4059D2D7507E} = {0F590995-E709-4BD6-85FB-4059D2D7507E}
	EndProjectSection
EndProject
Project("{2150E333-8FDC-42A3-9474-1A3956D46DE8}") = ".Output", ".Output", "{DEBEA049-F132-4732-B65D-9CEBD211F4CE}"
EndProject
Project("{2150E333-8FDC-42A3-9474-1A3956D46DE8}") = ".Dotfuscated", ".Dotfuscated", "{1DE49078-6E4F-4988-8E2F-B2A3360FFA74}"
	ProjectSection(SolutionItems) = preProject
		.Dotfuscated\Forge.snk = .Dotfuscated\Forge.snk
	EndProjectSection
EndProject
Project("{FAE04EC0-301F-11D3-BF4B-00C04F79EFBC}") = "Forge.Native", "Forge.Native\Forge.Native.csproj", "{B2B97F2D-EFF3-4568-AE8A-10646114AB14}"
EndProject
Project("{FAE04EC0-301F-11D3-BF4B-00C04F79EFBC}") = "Forge.Security", "Forge.Security\Forge.Security.csproj", "{94A61AE8-D345-40CD-A007-9CB050B8E0AA}"
EndProject
Project("{FAE04EC0-301F-11D3-BF4B-00C04F79EFBC}") = "Forge.Logging.Log4net", "Forge.Logging.Log4net\Forge.Logging.Log4net.csproj", "{2684A3BD-A1C6-4AB1-BC3C-6BC0AD3F42D4}"
EndProject
Project("{FAE04EC0-301F-11D3-BF4B-00C04F79EFBC}") = "Forge.Net.WebSockets", "Forge.Net.WebSockets\Forge.Net.WebSockets.csproj", "{ECBE2E5E-BCC8-4408-9FED-788A3501226D}"
EndProject
Project("{FAE04EC0-301F-11D3-BF4B-00C04F79EFBC}") = "Forge.Windows.UI", "Forge.Windows.UI\Forge.Windows.UI.csproj", "{036563AF-A18A-4821-B915-5AA1E8B80445}"
EndProject
Project("{FAE04EC0-301F-11D3-BF4B-00C04F79EFBC}") = "Forge.Logging.Utils", "Forge.Logging.Utils\Forge.Logging.Utils.csproj", "{4DD103B3-D3CE-4C18-B11E-25AFEAC3C6CA}"
EndProject
Project("{2150E333-8FDC-42A3-9474-1A3956D46DE8}") = "Forge.NetCore", "Forge.NetCore", "{1E7EBB05-B27B-4DC9-9E56-7288D1F20A12}"
EndProject
Project("{9A19103F-16F7-4668-BE54-9A1E7A4F7556}") = "Forge.Security.Jwt.Shared", "Forge.NetCore\Forge.Security.Jwt.Shared\Forge.Security.Jwt.Shared.csproj", "{FB543FC2-FE76-4E08-B9F6-97F97A671479}"
EndProject
Project("{9A19103F-16F7-4668-BE54-9A1E7A4F7556}") = "Forge.Security.Jwt.Service", "Forge.NetCore\Forge.Security.Jwt.Service\Forge.Security.Jwt.Service.csproj", "{1EE9EA22-FDE0-42AE-BEDF-8AB3A7821F75}"
EndProject
Project("{9A19103F-16F7-4668-BE54-9A1E7A4F7556}") = "Forge.Security.Jwt.Client", "Forge.NetCore\Forge.Security.Jwt.Client\Forge.Security.Jwt.Client.csproj", "{99FD10D8-4D1B-4BF2-9877-893CB667C117}"
EndProject
Project("{9A19103F-16F7-4668-BE54-9A1E7A4F7556}") = "Forge.Security.Jwt.Client.Storage.Browser", "Forge.NetCore\Forge.Security.Jwt.Client.Storage.Browser\Forge.Security.Jwt.Client.Storage.Browser.csproj", "{155329A6-2DF2-4C6E-84D1-D9EE0D9577CB}"
EndProject
Project("{9A19103F-16F7-4668-BE54-9A1E7A4F7556}") = "Forge.Wasm.BrowserStorages", "Forge.NetCore\Forge.Wasm.BrowserStorages\Forge.Wasm.BrowserStorages.csproj", "{E9BE9467-5997-448B-B8B8-6201005AE414}"
EndProject
Project("{9A19103F-16F7-4668-BE54-9A1E7A4F7556}") = "Forge.Wasm.BrowserStorages.NewtonSoft.Json", "Forge.NetCore\Forge.Wasm.BrowserStorages.NewtonSoft.Json\Forge.Wasm.BrowserStorages.NewtonSoft.Json.csproj", "{3D611472-F846-4424-8FA7-933B1222B6EA}"
EndProject
Project("{9A19103F-16F7-4668-BE54-9A1E7A4F7556}") = "Forge.Testing.Security.Jwt", "Forge.NetCore\Forge.Testing.Security.Jwt\Forge.Testing.Security.Jwt.csproj", "{72BDF754-0AA7-4894-B889-B302D5E4E35C}"
EndProject
Project("{9A19103F-16F7-4668-BE54-9A1E7A4F7556}") = "Forge.Security.Jwt.Service.Storage.SqlServer", "Forge.NetCore\Forge.Security.Jwt.Service.Storage.SqlServer\Forge.Security.Jwt.Service.Storage.SqlServer.csproj", "{C5FAF43B-ACBC-42AE-82F9-29F22C40EBDD}"
EndProject
Project("{9A19103F-16F7-4668-BE54-9A1E7A4F7556}") = "Forge.Invoker", "Forge.NetCore\Forge.Invoker\Forge.Invoker.csproj", "{77F8FD4B-B2C8-4BCD-825C-D800E1AC60F6}"
EndProject
Project("{9A19103F-16F7-4668-BE54-9A1E7A4F7556}") = "Forge.Base", "Forge.NetCore\Forge.Base\Forge.Base.csproj", "{68525113-BEE6-453C-A845-9CE9F57A6EFE}"
EndProject
Project("{9A19103F-16F7-4668-BE54-9A1E7A4F7556}") = "Forge.DatabaseManagement", "Forge.NetCore\Forge.DatabaseManagement\Forge.DatabaseManagement.csproj", "{82DAE41E-8391-4563-BE56-2AA529451078}"
EndProject
Project("{9A19103F-16F7-4668-BE54-9A1E7A4F7556}") = "Forge.DatabaseManagement.SQLite", "Forge.NetCore\Forge.DatabaseManagement.SQLite\Forge.DatabaseManagement.SQLite.csproj", "{4DF451D0-4562-4F0E-A4E7-BD2124AA1459}"
EndProject
Project("{9A19103F-16F7-4668-BE54-9A1E7A4F7556}") = "Forge.DatabaseManagement.SqlServer2008", "Forge.NetCore\Forge.DatabaseManagement.SqlServer2008\Forge.DatabaseManagement.SqlServer2008.csproj", "{F162FE7F-C296-4C25-A53E-C546ED0075D7}"
EndProject
Project("{9A19103F-16F7-4668-BE54-9A1E7A4F7556}") = "Forge.Extensions", "Forge.NetCore\Forge.Extensions\Forge.Extensions.csproj", "{B565E903-9B5B-4248-BCF2-EFBA29851646}"
EndProject
Project("{9A19103F-16F7-4668-BE54-9A1E7A4F7556}") = "Forge.Logging.Log4net", "Forge.NetCore\Forge.Logging.Log4net\Forge.Logging.Log4net.csproj", "{1CBA7AF9-B3F2-4B9F-8E4D-8E6413C2172C}"
EndProject
Project("{9A19103F-16F7-4668-BE54-9A1E7A4F7556}") = "Forge.Logging.Utils", "Forge.NetCore\Forge.Logging.Utils\Forge.Logging.Utils.csproj", "{D10ACD6E-6E02-461F-9E70-7CCB5E0F00E6}"
EndProject
Project("{9A19103F-16F7-4668-BE54-9A1E7A4F7556}") = "Forge.Native", "Forge.NetCore\Forge.Native\Forge.Native.csproj", "{E69C47BC-5245-4ED6-A833-BCABF6F6A29B}"
EndProject
Project("{9A19103F-16F7-4668-BE54-9A1E7A4F7556}") = "Forge.Persistence", "Forge.NetCore\Forge.Persistence\Forge.Persistence.csproj", "{F1E5C127-C049-4EEF-A858-26AAC17CF7E7}"
EndProject
Project("{9A19103F-16F7-4668-BE54-9A1E7A4F7556}") = "Forge.Security", "Forge.NetCore\Forge.Security\Forge.Security.csproj", "{76517B8B-0274-4EB7-AE27-8301FE92E8BE}"
EndProject
Project("{9A19103F-16F7-4668-BE54-9A1E7A4F7556}") = "Forge.ErrorReport", "Forge.NetCore\Forge.ErrorReport\Forge.ErrorReport.csproj", "{05962AE5-CFEC-40DB-8128-B3EC09B08A60}"
EndProject
Project("{9A19103F-16F7-4668-BE54-9A1E7A4F7556}") = "Forge.ErrorReport.Client", "Forge.NetCore\Forge.ErrorReport.Client\Forge.ErrorReport.Client.csproj", "{3B69CB0F-D28D-4147-87E6-E5B3B5D70B7A}"
EndProject
Project("{9A19103F-16F7-4668-BE54-9A1E7A4F7556}") = "Forge.ErrorReport.Service", "Forge.NetCore\Forge.ErrorReport.Service\Forge.ErrorReport.Service.csproj", "{1456A845-32CD-4D7F-9278-7F60A9B5672C}"
EndProject
Project("{9A19103F-16F7-4668-BE54-9A1E7A4F7556}") = "Forge.Net.Remoting", "Forge.NetCore\Forge.Net.Remoting\Forge.Net.Remoting.csproj", "{41B2FE50-1594-45B5-84EB-91DF1A3AA125}"
EndProject
Project("{9A19103F-16F7-4668-BE54-9A1E7A4F7556}") = "Forge.Net.Services", "Forge.NetCore\Forge.Net.Services\Forge.Net.Services.csproj", "{5B662D6A-93A5-459A-A207-C925A0F92209}"
EndProject
Project("{9A19103F-16F7-4668-BE54-9A1E7A4F7556}") = "Forge.Net.Synapse", "Forge.NetCore\Forge.Net.Synapse\Forge.Net.Synapse.csproj", "{10D90406-A9B3-4884-B645-17CE27AF2BDE}"
EndProject
Project("{9A19103F-16F7-4668-BE54-9A1E7A4F7556}") = "Forge.Net.TerraGraf", "Forge.NetCore\Forge.Net.TerraGraf\Forge.Net.TerraGraf.csproj", "{BDD0BFBB-A9E7-42F1-ADCC-31DBB8A70B70}"
EndProject
Project("{9A19103F-16F7-4668-BE54-9A1E7A4F7556}") = "Forge.Net.WebSockets", "Forge.NetCore\Forge.Net.WebSockets\Forge.Net.WebSockets.csproj", "{D2E42B0C-819C-4AF8-84DC-128F006D791D}"
EndProject
Project("{9A19103F-16F7-4668-BE54-9A1E7A4F7556}") = "Forge.ORM.NHibernateExtension", "Forge.NetCore\Forge.ORM.NHibernateExtension\Forge.ORM.NHibernateExtension.csproj", "{F03635BA-4FB7-4EF3-899C-79DD31920953}"
EndProject
Project("{9A19103F-16F7-4668-BE54-9A1E7A4F7556}") = "Forge.Persistence.Formatters.JsonNet", "Forge.NetCore\Forge.Persistence.Formatters.JsonNet\Forge.Persistence.Formatters.JsonNet.csproj", "{874EF5E1-570E-4056-BCC7-594B163B82FB}"
EndProject
Project("{9A19103F-16F7-4668-BE54-9A1E7A4F7556}") = "Forge.Persistence.StorageProviders.HibernateStorageProvider", "Forge.NetCore\Forge.Persistence.StorageProviders.HibernateStorageProvider\Forge.Persistence.StorageProviders.HibernateStorageProvider.csproj", "{5E5652AC-25D9-43C6-A1AA-3D88263CF4A0}"
EndProject
Project("{9A19103F-16F7-4668-BE54-9A1E7A4F7556}") = "Forge.RemoteDesktop", "Forge.NetCore\Forge.RemoteDesktop\Forge.RemoteDesktop.csproj", "{42EFBEFD-DA71-40FD-8620-E125EA167945}"
EndProject
Project("{9A19103F-16F7-4668-BE54-9A1E7A4F7556}") = "Forge.RemoteDesktop.Client", "Forge.NetCore\Forge.RemoteDesktop.Client\Forge.RemoteDesktop.Client.csproj", "{727D08CE-4A53-4397-8DAD-C27100872667}"
EndProject
Project("{9A19103F-16F7-4668-BE54-9A1E7A4F7556}") = "Forge.RemoteDesktop.Service", "Forge.NetCore\Forge.RemoteDesktop.Service\Forge.RemoteDesktop.Service.csproj", "{16E51317-3E8B-4455-8039-A3C9AD163369}"
EndProject
Project("{9A19103F-16F7-4668-BE54-9A1E7A4F7556}") = "Forge.TimeServer", "Forge.NetCore\Forge.TimeServer\Forge.TimeServer.csproj", "{92DEC919-9EBE-4EA5-9FE6-B220CEF8CB90}"
EndProject
Project("{9A19103F-16F7-4668-BE54-9A1E7A4F7556}") = "Forge.TimeServer.Client", "Forge.NetCore\Forge.TimeServer.Client\Forge.TimeServer.Client.csproj", "{36604D76-5B05-43A2-A339-DE9B2A1FE476}"
EndProject
Project("{9A19103F-16F7-4668-BE54-9A1E7A4F7556}") = "Forge.TimeServer.Service", "Forge.NetCore\Forge.TimeServer.Service\Forge.TimeServer.Service.csproj", "{767F1F3A-11E1-45E6-87F7-76EC224D58AD}"
EndProject
Project("{9A19103F-16F7-4668-BE54-9A1E7A4F7556}") = "Forge.Windows.UI", "Forge.NetCore\Forge.Windows.UI\Forge.Windows.UI.csproj", "{DB1C2AB1-17E9-4D85-85F0-20F4C070693A}"
EndProject
Global
	GlobalSection(SolutionConfigurationPlatforms) = preSolution
		Debug|Any CPU = Debug|Any CPU
		Debug|x86 = Debug|x86
		Release|Any CPU = Release|Any CPU
		Release|x86 = Release|x86
	EndGlobalSection
	GlobalSection(ProjectConfigurationPlatforms) = postSolution
		{F3EED65E-C103-4BA8-AF1D-37421D73A708}.Debug|Any CPU.ActiveCfg = Debug|Any CPU
		{F3EED65E-C103-4BA8-AF1D-37421D73A708}.Debug|Any CPU.Build.0 = Debug|Any CPU
		{F3EED65E-C103-4BA8-AF1D-37421D73A708}.Debug|x86.ActiveCfg = Debug|Any CPU
		{F3EED65E-C103-4BA8-AF1D-37421D73A708}.Debug|x86.Build.0 = Debug|Any CPU
		{F3EED65E-C103-4BA8-AF1D-37421D73A708}.Release|Any CPU.ActiveCfg = Release|Any CPU
		{F3EED65E-C103-4BA8-AF1D-37421D73A708}.Release|Any CPU.Build.0 = Release|Any CPU
		{F3EED65E-C103-4BA8-AF1D-37421D73A708}.Release|x86.ActiveCfg = Release|Any CPU
		{F3EED65E-C103-4BA8-AF1D-37421D73A708}.Release|x86.Build.0 = Release|Any CPU
		{5750674A-8247-4F44-BE3F-DFAC351E1F73}.Debug|Any CPU.ActiveCfg = Debug|Any CPU
		{5750674A-8247-4F44-BE3F-DFAC351E1F73}.Debug|Any CPU.Build.0 = Debug|Any CPU
		{5750674A-8247-4F44-BE3F-DFAC351E1F73}.Debug|x86.ActiveCfg = Debug|Any CPU
		{5750674A-8247-4F44-BE3F-DFAC351E1F73}.Debug|x86.Build.0 = Debug|Any CPU
		{5750674A-8247-4F44-BE3F-DFAC351E1F73}.Release|Any CPU.ActiveCfg = Release|Any CPU
		{5750674A-8247-4F44-BE3F-DFAC351E1F73}.Release|Any CPU.Build.0 = Release|Any CPU
		{5750674A-8247-4F44-BE3F-DFAC351E1F73}.Release|x86.ActiveCfg = Release|Any CPU
		{5750674A-8247-4F44-BE3F-DFAC351E1F73}.Release|x86.Build.0 = Release|Any CPU
		{689C2101-257F-404B-9B50-9B550DFA196F}.Debug|Any CPU.ActiveCfg = Debug|Any CPU
		{689C2101-257F-404B-9B50-9B550DFA196F}.Debug|Any CPU.Build.0 = Debug|Any CPU
		{689C2101-257F-404B-9B50-9B550DFA196F}.Debug|x86.ActiveCfg = Debug|Any CPU
		{689C2101-257F-404B-9B50-9B550DFA196F}.Debug|x86.Build.0 = Debug|Any CPU
		{689C2101-257F-404B-9B50-9B550DFA196F}.Release|Any CPU.ActiveCfg = Release|Any CPU
		{689C2101-257F-404B-9B50-9B550DFA196F}.Release|Any CPU.Build.0 = Release|Any CPU
		{689C2101-257F-404B-9B50-9B550DFA196F}.Release|x86.ActiveCfg = Release|Any CPU
		{689C2101-257F-404B-9B50-9B550DFA196F}.Release|x86.Build.0 = Release|Any CPU
		{B4EA240F-19DC-42CB-810B-99E86AF8D06E}.Debug|Any CPU.ActiveCfg = Debug|Any CPU
		{B4EA240F-19DC-42CB-810B-99E86AF8D06E}.Debug|Any CPU.Build.0 = Debug|Any CPU
		{B4EA240F-19DC-42CB-810B-99E86AF8D06E}.Debug|x86.ActiveCfg = Debug|Any CPU
		{B4EA240F-19DC-42CB-810B-99E86AF8D06E}.Debug|x86.Build.0 = Debug|Any CPU
		{B4EA240F-19DC-42CB-810B-99E86AF8D06E}.Release|Any CPU.ActiveCfg = Release|Any CPU
		{B4EA240F-19DC-42CB-810B-99E86AF8D06E}.Release|Any CPU.Build.0 = Release|Any CPU
		{B4EA240F-19DC-42CB-810B-99E86AF8D06E}.Release|x86.ActiveCfg = Release|Any CPU
		{B4EA240F-19DC-42CB-810B-99E86AF8D06E}.Release|x86.Build.0 = Release|Any CPU
		{63528BC4-C7D4-4DB0-ADD7-36C98F0E0C0E}.Debug|Any CPU.ActiveCfg = Debug|Any CPU
		{63528BC4-C7D4-4DB0-ADD7-36C98F0E0C0E}.Debug|Any CPU.Build.0 = Debug|Any CPU
		{63528BC4-C7D4-4DB0-ADD7-36C98F0E0C0E}.Debug|x86.ActiveCfg = Debug|Any CPU
		{63528BC4-C7D4-4DB0-ADD7-36C98F0E0C0E}.Debug|x86.Build.0 = Debug|Any CPU
		{63528BC4-C7D4-4DB0-ADD7-36C98F0E0C0E}.Release|Any CPU.ActiveCfg = Release|Any CPU
		{63528BC4-C7D4-4DB0-ADD7-36C98F0E0C0E}.Release|Any CPU.Build.0 = Release|Any CPU
		{63528BC4-C7D4-4DB0-ADD7-36C98F0E0C0E}.Release|x86.ActiveCfg = Release|Any CPU
		{63528BC4-C7D4-4DB0-ADD7-36C98F0E0C0E}.Release|x86.Build.0 = Release|Any CPU
		{79531288-031B-4790-AAF3-F7CCD182E7FB}.Debug|Any CPU.ActiveCfg = Debug|Any CPU
		{79531288-031B-4790-AAF3-F7CCD182E7FB}.Debug|Any CPU.Build.0 = Debug|Any CPU
		{79531288-031B-4790-AAF3-F7CCD182E7FB}.Debug|x86.ActiveCfg = Debug|Any CPU
		{79531288-031B-4790-AAF3-F7CCD182E7FB}.Debug|x86.Build.0 = Debug|Any CPU
		{79531288-031B-4790-AAF3-F7CCD182E7FB}.Release|Any CPU.ActiveCfg = Release|Any CPU
		{79531288-031B-4790-AAF3-F7CCD182E7FB}.Release|Any CPU.Build.0 = Release|Any CPU
		{79531288-031B-4790-AAF3-F7CCD182E7FB}.Release|x86.ActiveCfg = Release|Any CPU
		{79531288-031B-4790-AAF3-F7CCD182E7FB}.Release|x86.Build.0 = Release|Any CPU
		{1C08031A-C275-414E-8688-636D49D69DC6}.Debug|Any CPU.ActiveCfg = Debug|Any CPU
		{1C08031A-C275-414E-8688-636D49D69DC6}.Debug|Any CPU.Build.0 = Debug|Any CPU
		{1C08031A-C275-414E-8688-636D49D69DC6}.Debug|x86.ActiveCfg = Debug|Any CPU
		{1C08031A-C275-414E-8688-636D49D69DC6}.Debug|x86.Build.0 = Debug|Any CPU
		{1C08031A-C275-414E-8688-636D49D69DC6}.Release|Any CPU.ActiveCfg = Release|Any CPU
		{1C08031A-C275-414E-8688-636D49D69DC6}.Release|Any CPU.Build.0 = Release|Any CPU
		{1C08031A-C275-414E-8688-636D49D69DC6}.Release|x86.ActiveCfg = Release|Any CPU
		{1C08031A-C275-414E-8688-636D49D69DC6}.Release|x86.Build.0 = Release|Any CPU
		{64BB1EFC-27BB-4A5F-B631-234A552C4288}.Debug|Any CPU.ActiveCfg = Debug|Any CPU
		{64BB1EFC-27BB-4A5F-B631-234A552C4288}.Debug|Any CPU.Build.0 = Debug|Any CPU
		{64BB1EFC-27BB-4A5F-B631-234A552C4288}.Debug|x86.ActiveCfg = Debug|Any CPU
		{64BB1EFC-27BB-4A5F-B631-234A552C4288}.Debug|x86.Build.0 = Debug|Any CPU
		{64BB1EFC-27BB-4A5F-B631-234A552C4288}.Release|Any CPU.ActiveCfg = Release|Any CPU
		{64BB1EFC-27BB-4A5F-B631-234A552C4288}.Release|Any CPU.Build.0 = Release|Any CPU
		{64BB1EFC-27BB-4A5F-B631-234A552C4288}.Release|x86.ActiveCfg = Release|Any CPU
		{64BB1EFC-27BB-4A5F-B631-234A552C4288}.Release|x86.Build.0 = Release|Any CPU
		{D1427FB9-2787-46E6-A5AC-D98E8476F4F7}.Debug|Any CPU.ActiveCfg = Debug|Any CPU
		{D1427FB9-2787-46E6-A5AC-D98E8476F4F7}.Debug|Any CPU.Build.0 = Debug|Any CPU
		{D1427FB9-2787-46E6-A5AC-D98E8476F4F7}.Debug|x86.ActiveCfg = Debug|Any CPU
		{D1427FB9-2787-46E6-A5AC-D98E8476F4F7}.Debug|x86.Build.0 = Debug|Any CPU
		{D1427FB9-2787-46E6-A5AC-D98E8476F4F7}.Release|Any CPU.ActiveCfg = Release|Any CPU
		{D1427FB9-2787-46E6-A5AC-D98E8476F4F7}.Release|Any CPU.Build.0 = Release|Any CPU
		{D1427FB9-2787-46E6-A5AC-D98E8476F4F7}.Release|x86.ActiveCfg = Release|Any CPU
		{D1427FB9-2787-46E6-A5AC-D98E8476F4F7}.Release|x86.Build.0 = Release|Any CPU
		{CF3D0FC3-46A2-4C86-83F0-5F9EBB417A3F}.Debug|Any CPU.ActiveCfg = Debug|Any CPU
		{CF3D0FC3-46A2-4C86-83F0-5F9EBB417A3F}.Debug|Any CPU.Build.0 = Debug|Any CPU
		{CF3D0FC3-46A2-4C86-83F0-5F9EBB417A3F}.Debug|x86.ActiveCfg = Debug|Any CPU
		{CF3D0FC3-46A2-4C86-83F0-5F9EBB417A3F}.Debug|x86.Build.0 = Debug|Any CPU
		{CF3D0FC3-46A2-4C86-83F0-5F9EBB417A3F}.Release|Any CPU.ActiveCfg = Release|Any CPU
		{CF3D0FC3-46A2-4C86-83F0-5F9EBB417A3F}.Release|Any CPU.Build.0 = Release|Any CPU
		{CF3D0FC3-46A2-4C86-83F0-5F9EBB417A3F}.Release|x86.ActiveCfg = Release|Any CPU
		{CF3D0FC3-46A2-4C86-83F0-5F9EBB417A3F}.Release|x86.Build.0 = Release|Any CPU
		{40AA163A-6A5D-41D1-8D42-9808C3B415E6}.Debug|Any CPU.ActiveCfg = Debug|Any CPU
		{40AA163A-6A5D-41D1-8D42-9808C3B415E6}.Debug|Any CPU.Build.0 = Debug|Any CPU
		{40AA163A-6A5D-41D1-8D42-9808C3B415E6}.Debug|x86.ActiveCfg = Debug|Any CPU
		{40AA163A-6A5D-41D1-8D42-9808C3B415E6}.Debug|x86.Build.0 = Debug|Any CPU
		{40AA163A-6A5D-41D1-8D42-9808C3B415E6}.Release|Any CPU.ActiveCfg = Release|Any CPU
		{40AA163A-6A5D-41D1-8D42-9808C3B415E6}.Release|Any CPU.Build.0 = Release|Any CPU
		{40AA163A-6A5D-41D1-8D42-9808C3B415E6}.Release|x86.ActiveCfg = Release|Any CPU
		{40AA163A-6A5D-41D1-8D42-9808C3B415E6}.Release|x86.Build.0 = Release|Any CPU
		{36E20203-B4D9-4363-BF52-EFD07E702BD3}.Debug|Any CPU.ActiveCfg = Debug|Any CPU
		{36E20203-B4D9-4363-BF52-EFD07E702BD3}.Debug|Any CPU.Build.0 = Debug|Any CPU
		{36E20203-B4D9-4363-BF52-EFD07E702BD3}.Debug|x86.ActiveCfg = Debug|Any CPU
		{36E20203-B4D9-4363-BF52-EFD07E702BD3}.Debug|x86.Build.0 = Debug|Any CPU
		{36E20203-B4D9-4363-BF52-EFD07E702BD3}.Release|Any CPU.ActiveCfg = Release|Any CPU
		{36E20203-B4D9-4363-BF52-EFD07E702BD3}.Release|Any CPU.Build.0 = Release|Any CPU
		{36E20203-B4D9-4363-BF52-EFD07E702BD3}.Release|x86.ActiveCfg = Release|Any CPU
		{36E20203-B4D9-4363-BF52-EFD07E702BD3}.Release|x86.Build.0 = Release|Any CPU
		{793E4687-D3E8-40B2-A966-AC356ED01A11}.Debug|Any CPU.ActiveCfg = Debug|Any CPU
		{793E4687-D3E8-40B2-A966-AC356ED01A11}.Debug|Any CPU.Build.0 = Debug|Any CPU
		{793E4687-D3E8-40B2-A966-AC356ED01A11}.Debug|x86.ActiveCfg = Debug|Any CPU
		{793E4687-D3E8-40B2-A966-AC356ED01A11}.Debug|x86.Build.0 = Debug|Any CPU
		{793E4687-D3E8-40B2-A966-AC356ED01A11}.Release|Any CPU.ActiveCfg = Release|Any CPU
		{793E4687-D3E8-40B2-A966-AC356ED01A11}.Release|Any CPU.Build.0 = Release|Any CPU
		{793E4687-D3E8-40B2-A966-AC356ED01A11}.Release|x86.ActiveCfg = Release|Any CPU
		{793E4687-D3E8-40B2-A966-AC356ED01A11}.Release|x86.Build.0 = Release|Any CPU
		{DA14FB35-D571-4163-A913-3D8C934954BD}.Debug|Any CPU.ActiveCfg = Debug|Any CPU
		{DA14FB35-D571-4163-A913-3D8C934954BD}.Debug|Any CPU.Build.0 = Debug|Any CPU
		{DA14FB35-D571-4163-A913-3D8C934954BD}.Debug|x86.ActiveCfg = Debug|Any CPU
		{DA14FB35-D571-4163-A913-3D8C934954BD}.Debug|x86.Build.0 = Debug|Any CPU
		{DA14FB35-D571-4163-A913-3D8C934954BD}.Release|Any CPU.ActiveCfg = Release|Any CPU
		{DA14FB35-D571-4163-A913-3D8C934954BD}.Release|Any CPU.Build.0 = Release|Any CPU
		{DA14FB35-D571-4163-A913-3D8C934954BD}.Release|x86.ActiveCfg = Release|Any CPU
		{DA14FB35-D571-4163-A913-3D8C934954BD}.Release|x86.Build.0 = Release|Any CPU
		{2BED1D69-7029-4D15-B2EC-A15116563FF3}.Debug|Any CPU.ActiveCfg = Debug|Any CPU
		{2BED1D69-7029-4D15-B2EC-A15116563FF3}.Debug|Any CPU.Build.0 = Debug|Any CPU
		{2BED1D69-7029-4D15-B2EC-A15116563FF3}.Debug|x86.ActiveCfg = Debug|x86
		{2BED1D69-7029-4D15-B2EC-A15116563FF3}.Debug|x86.Build.0 = Debug|x86
		{2BED1D69-7029-4D15-B2EC-A15116563FF3}.Release|Any CPU.ActiveCfg = Release|Any CPU
		{2BED1D69-7029-4D15-B2EC-A15116563FF3}.Release|Any CPU.Build.0 = Release|Any CPU
		{2BED1D69-7029-4D15-B2EC-A15116563FF3}.Release|x86.ActiveCfg = Release|x86
		{2BED1D69-7029-4D15-B2EC-A15116563FF3}.Release|x86.Build.0 = Release|x86
		{0F590995-E709-4BD6-85FB-4059D2D7507E}.Debug|Any CPU.ActiveCfg = Debug|Any CPU
		{0F590995-E709-4BD6-85FB-4059D2D7507E}.Debug|Any CPU.Build.0 = Debug|Any CPU
		{0F590995-E709-4BD6-85FB-4059D2D7507E}.Debug|x86.ActiveCfg = Debug|Any CPU
		{0F590995-E709-4BD6-85FB-4059D2D7507E}.Debug|x86.Build.0 = Debug|Any CPU
		{0F590995-E709-4BD6-85FB-4059D2D7507E}.Release|Any CPU.ActiveCfg = Release|Any CPU
		{0F590995-E709-4BD6-85FB-4059D2D7507E}.Release|Any CPU.Build.0 = Release|Any CPU
		{0F590995-E709-4BD6-85FB-4059D2D7507E}.Release|x86.ActiveCfg = Release|Any CPU
		{0F590995-E709-4BD6-85FB-4059D2D7507E}.Release|x86.Build.0 = Release|Any CPU
		{5BF0BB3E-82BD-4F55-988F-64F39912A794}.Debug|Any CPU.ActiveCfg = Debug|Any CPU
		{5BF0BB3E-82BD-4F55-988F-64F39912A794}.Debug|Any CPU.Build.0 = Debug|Any CPU
		{5BF0BB3E-82BD-4F55-988F-64F39912A794}.Debug|x86.ActiveCfg = Debug|Any CPU
		{5BF0BB3E-82BD-4F55-988F-64F39912A794}.Debug|x86.Build.0 = Debug|Any CPU
		{5BF0BB3E-82BD-4F55-988F-64F39912A794}.Release|Any CPU.ActiveCfg = Release|Any CPU
		{5BF0BB3E-82BD-4F55-988F-64F39912A794}.Release|Any CPU.Build.0 = Release|Any CPU
		{5BF0BB3E-82BD-4F55-988F-64F39912A794}.Release|x86.ActiveCfg = Release|Any CPU
		{5BF0BB3E-82BD-4F55-988F-64F39912A794}.Release|x86.Build.0 = Release|Any CPU
		{6486D46B-70D8-4F1A-86D5-67A2794E6AEC}.Debug|Any CPU.ActiveCfg = Debug|Any CPU
		{6486D46B-70D8-4F1A-86D5-67A2794E6AEC}.Debug|Any CPU.Build.0 = Debug|Any CPU
		{6486D46B-70D8-4F1A-86D5-67A2794E6AEC}.Debug|x86.ActiveCfg = Debug|Any CPU
		{6486D46B-70D8-4F1A-86D5-67A2794E6AEC}.Debug|x86.Build.0 = Debug|Any CPU
		{6486D46B-70D8-4F1A-86D5-67A2794E6AEC}.Release|Any CPU.ActiveCfg = Release|Any CPU
		{6486D46B-70D8-4F1A-86D5-67A2794E6AEC}.Release|Any CPU.Build.0 = Release|Any CPU
		{6486D46B-70D8-4F1A-86D5-67A2794E6AEC}.Release|x86.ActiveCfg = Release|Any CPU
		{6486D46B-70D8-4F1A-86D5-67A2794E6AEC}.Release|x86.Build.0 = Release|Any CPU
		{D2DEC75E-E22B-423F-BA8A-253D652A611B}.Debug|Any CPU.ActiveCfg = Debug|Any CPU
		{D2DEC75E-E22B-423F-BA8A-253D652A611B}.Debug|Any CPU.Build.0 = Debug|Any CPU
		{D2DEC75E-E22B-423F-BA8A-253D652A611B}.Debug|x86.ActiveCfg = Debug|Any CPU
		{D2DEC75E-E22B-423F-BA8A-253D652A611B}.Debug|x86.Build.0 = Debug|Any CPU
		{D2DEC75E-E22B-423F-BA8A-253D652A611B}.Release|Any CPU.ActiveCfg = Release|Any CPU
		{D2DEC75E-E22B-423F-BA8A-253D652A611B}.Release|Any CPU.Build.0 = Release|Any CPU
		{D2DEC75E-E22B-423F-BA8A-253D652A611B}.Release|x86.ActiveCfg = Release|Any CPU
		{D2DEC75E-E22B-423F-BA8A-253D652A611B}.Release|x86.Build.0 = Release|Any CPU
		{DEBE7357-24AE-47A4-BFC6-BD1643A53BB2}.Debug|Any CPU.ActiveCfg = Debug|Any CPU
		{DEBE7357-24AE-47A4-BFC6-BD1643A53BB2}.Debug|Any CPU.Build.0 = Debug|Any CPU
		{DEBE7357-24AE-47A4-BFC6-BD1643A53BB2}.Debug|x86.ActiveCfg = Debug|Any CPU
		{DEBE7357-24AE-47A4-BFC6-BD1643A53BB2}.Debug|x86.Build.0 = Debug|Any CPU
		{DEBE7357-24AE-47A4-BFC6-BD1643A53BB2}.Release|Any CPU.ActiveCfg = Release|Any CPU
		{DEBE7357-24AE-47A4-BFC6-BD1643A53BB2}.Release|Any CPU.Build.0 = Release|Any CPU
		{DEBE7357-24AE-47A4-BFC6-BD1643A53BB2}.Release|x86.ActiveCfg = Release|Any CPU
		{DEBE7357-24AE-47A4-BFC6-BD1643A53BB2}.Release|x86.Build.0 = Release|Any CPU
		{4C5BA699-04F5-4BFF-9CC2-3393C295445F}.Debug|Any CPU.ActiveCfg = Debug|Any CPU
		{4C5BA699-04F5-4BFF-9CC2-3393C295445F}.Debug|Any CPU.Build.0 = Debug|Any CPU
		{4C5BA699-04F5-4BFF-9CC2-3393C295445F}.Debug|x86.ActiveCfg = Debug|Any CPU
		{4C5BA699-04F5-4BFF-9CC2-3393C295445F}.Debug|x86.Build.0 = Debug|Any CPU
		{4C5BA699-04F5-4BFF-9CC2-3393C295445F}.Release|Any CPU.ActiveCfg = Release|Any CPU
		{4C5BA699-04F5-4BFF-9CC2-3393C295445F}.Release|Any CPU.Build.0 = Release|Any CPU
		{4C5BA699-04F5-4BFF-9CC2-3393C295445F}.Release|x86.ActiveCfg = Release|Any CPU
		{4C5BA699-04F5-4BFF-9CC2-3393C295445F}.Release|x86.Build.0 = Release|Any CPU
		{936FA984-1673-4799-991D-90A98F7A6D92}.Debug|Any CPU.ActiveCfg = Debug|Any CPU
		{936FA984-1673-4799-991D-90A98F7A6D92}.Debug|Any CPU.Build.0 = Debug|Any CPU
		{936FA984-1673-4799-991D-90A98F7A6D92}.Debug|x86.ActiveCfg = Debug|Any CPU
		{936FA984-1673-4799-991D-90A98F7A6D92}.Debug|x86.Build.0 = Debug|Any CPU
		{936FA984-1673-4799-991D-90A98F7A6D92}.Release|Any CPU.ActiveCfg = Release|Any CPU
		{936FA984-1673-4799-991D-90A98F7A6D92}.Release|Any CPU.Build.0 = Release|Any CPU
		{936FA984-1673-4799-991D-90A98F7A6D92}.Release|x86.ActiveCfg = Release|Any CPU
		{936FA984-1673-4799-991D-90A98F7A6D92}.Release|x86.Build.0 = Release|Any CPU
		{2C8A02B1-38E9-490D-BE48-5D316A508517}.Debug|Any CPU.ActiveCfg = Debug|Any CPU
		{2C8A02B1-38E9-490D-BE48-5D316A508517}.Debug|Any CPU.Build.0 = Debug|Any CPU
		{2C8A02B1-38E9-490D-BE48-5D316A508517}.Debug|x86.ActiveCfg = Debug|Any CPU
		{2C8A02B1-38E9-490D-BE48-5D316A508517}.Debug|x86.Build.0 = Debug|Any CPU
		{2C8A02B1-38E9-490D-BE48-5D316A508517}.Release|Any CPU.ActiveCfg = Release|Any CPU
		{2C8A02B1-38E9-490D-BE48-5D316A508517}.Release|Any CPU.Build.0 = Release|Any CPU
		{2C8A02B1-38E9-490D-BE48-5D316A508517}.Release|x86.ActiveCfg = Release|Any CPU
		{2C8A02B1-38E9-490D-BE48-5D316A508517}.Release|x86.Build.0 = Release|Any CPU
		{C7A8F803-2AF4-4211-8EF4-BB62A9EC0B34}.Debug|Any CPU.ActiveCfg = Debug|Any CPU
		{C7A8F803-2AF4-4211-8EF4-BB62A9EC0B34}.Debug|Any CPU.Build.0 = Debug|Any CPU
		{C7A8F803-2AF4-4211-8EF4-BB62A9EC0B34}.Debug|x86.ActiveCfg = Debug|Any CPU
		{C7A8F803-2AF4-4211-8EF4-BB62A9EC0B34}.Debug|x86.Build.0 = Debug|Any CPU
		{C7A8F803-2AF4-4211-8EF4-BB62A9EC0B34}.Release|Any CPU.ActiveCfg = Release|Any CPU
		{C7A8F803-2AF4-4211-8EF4-BB62A9EC0B34}.Release|Any CPU.Build.0 = Release|Any CPU
		{C7A8F803-2AF4-4211-8EF4-BB62A9EC0B34}.Release|x86.ActiveCfg = Release|Any CPU
		{C7A8F803-2AF4-4211-8EF4-BB62A9EC0B34}.Release|x86.Build.0 = Release|Any CPU
		{44570E1B-56D9-4177-9608-2C86C708F064}.Debug|Any CPU.ActiveCfg = Debug|Any CPU
		{44570E1B-56D9-4177-9608-2C86C708F064}.Debug|Any CPU.Build.0 = Debug|Any CPU
		{44570E1B-56D9-4177-9608-2C86C708F064}.Debug|x86.ActiveCfg = Debug|Any CPU
		{44570E1B-56D9-4177-9608-2C86C708F064}.Debug|x86.Build.0 = Debug|Any CPU
		{44570E1B-56D9-4177-9608-2C86C708F064}.Release|Any CPU.ActiveCfg = Release|Any CPU
		{44570E1B-56D9-4177-9608-2C86C708F064}.Release|Any CPU.Build.0 = Release|Any CPU
		{44570E1B-56D9-4177-9608-2C86C708F064}.Release|x86.ActiveCfg = Release|Any CPU
		{44570E1B-56D9-4177-9608-2C86C708F064}.Release|x86.Build.0 = Release|Any CPU
		{D4C8AAD5-EC16-444B-992E-6E0B71200B03}.Debug|Any CPU.ActiveCfg = Debug|Any CPU
		{D4C8AAD5-EC16-444B-992E-6E0B71200B03}.Debug|Any CPU.Build.0 = Debug|Any CPU
		{D4C8AAD5-EC16-444B-992E-6E0B71200B03}.Debug|x86.ActiveCfg = Debug|Any CPU
		{D4C8AAD5-EC16-444B-992E-6E0B71200B03}.Debug|x86.Build.0 = Debug|Any CPU
		{D4C8AAD5-EC16-444B-992E-6E0B71200B03}.Release|Any CPU.ActiveCfg = Release|Any CPU
		{D4C8AAD5-EC16-444B-992E-6E0B71200B03}.Release|Any CPU.Build.0 = Release|Any CPU
		{D4C8AAD5-EC16-444B-992E-6E0B71200B03}.Release|x86.ActiveCfg = Release|Any CPU
		{D4C8AAD5-EC16-444B-992E-6E0B71200B03}.Release|x86.Build.0 = Release|Any CPU
		{2B9130CE-B844-45D7-A7F8-9A4774FB08D8}.Debug|Any CPU.ActiveCfg = Debug|Any CPU
		{2B9130CE-B844-45D7-A7F8-9A4774FB08D8}.Debug|Any CPU.Build.0 = Debug|Any CPU
		{2B9130CE-B844-45D7-A7F8-9A4774FB08D8}.Debug|x86.ActiveCfg = Debug|Any CPU
		{2B9130CE-B844-45D7-A7F8-9A4774FB08D8}.Debug|x86.Build.0 = Debug|Any CPU
		{2B9130CE-B844-45D7-A7F8-9A4774FB08D8}.Release|Any CPU.ActiveCfg = Release|Any CPU
		{2B9130CE-B844-45D7-A7F8-9A4774FB08D8}.Release|Any CPU.Build.0 = Release|Any CPU
		{2B9130CE-B844-45D7-A7F8-9A4774FB08D8}.Release|x86.ActiveCfg = Release|Any CPU
		{2B9130CE-B844-45D7-A7F8-9A4774FB08D8}.Release|x86.Build.0 = Release|Any CPU
		{FDC2F19E-004B-49F0-A92C-AB4B93E5B9B8}.Debug|Any CPU.ActiveCfg = Debug|Any CPU
		{FDC2F19E-004B-49F0-A92C-AB4B93E5B9B8}.Debug|Any CPU.Build.0 = Debug|Any CPU
		{FDC2F19E-004B-49F0-A92C-AB4B93E5B9B8}.Debug|x86.ActiveCfg = Debug|Any CPU
		{FDC2F19E-004B-49F0-A92C-AB4B93E5B9B8}.Debug|x86.Build.0 = Debug|Any CPU
		{FDC2F19E-004B-49F0-A92C-AB4B93E5B9B8}.Release|Any CPU.ActiveCfg = Release|Any CPU
		{FDC2F19E-004B-49F0-A92C-AB4B93E5B9B8}.Release|Any CPU.Build.0 = Release|Any CPU
		{FDC2F19E-004B-49F0-A92C-AB4B93E5B9B8}.Release|x86.ActiveCfg = Release|Any CPU
		{FDC2F19E-004B-49F0-A92C-AB4B93E5B9B8}.Release|x86.Build.0 = Release|Any CPU
		{EBF78544-67E1-4825-B806-4B7C4F0A7FD0}.Debug|Any CPU.ActiveCfg = Debug|Any CPU
		{EBF78544-67E1-4825-B806-4B7C4F0A7FD0}.Debug|Any CPU.Build.0 = Debug|Any CPU
		{EBF78544-67E1-4825-B806-4B7C4F0A7FD0}.Debug|x86.ActiveCfg = Debug|x86
		{EBF78544-67E1-4825-B806-4B7C4F0A7FD0}.Debug|x86.Build.0 = Debug|x86
		{EBF78544-67E1-4825-B806-4B7C4F0A7FD0}.Release|Any CPU.ActiveCfg = Release|Any CPU
		{EBF78544-67E1-4825-B806-4B7C4F0A7FD0}.Release|Any CPU.Build.0 = Release|Any CPU
		{EBF78544-67E1-4825-B806-4B7C4F0A7FD0}.Release|x86.ActiveCfg = Release|x86
		{EBF78544-67E1-4825-B806-4B7C4F0A7FD0}.Release|x86.Build.0 = Release|x86
		{91F0E989-EE41-4799-9F35-22B6B7869121}.Debug|Any CPU.ActiveCfg = Debug|Any CPU
		{91F0E989-EE41-4799-9F35-22B6B7869121}.Debug|Any CPU.Build.0 = Debug|Any CPU
		{91F0E989-EE41-4799-9F35-22B6B7869121}.Debug|x86.ActiveCfg = Debug|x86
		{91F0E989-EE41-4799-9F35-22B6B7869121}.Debug|x86.Build.0 = Debug|x86
		{91F0E989-EE41-4799-9F35-22B6B7869121}.Release|Any CPU.ActiveCfg = Release|Any CPU
		{91F0E989-EE41-4799-9F35-22B6B7869121}.Release|Any CPU.Build.0 = Release|Any CPU
		{91F0E989-EE41-4799-9F35-22B6B7869121}.Release|x86.ActiveCfg = Release|x86
		{91F0E989-EE41-4799-9F35-22B6B7869121}.Release|x86.Build.0 = Release|x86
		{07A0FACA-C0A5-4699-9B18-31C29989A040}.Debug|Any CPU.ActiveCfg = Debug|Any CPU
		{07A0FACA-C0A5-4699-9B18-31C29989A040}.Debug|Any CPU.Build.0 = Debug|Any CPU
		{07A0FACA-C0A5-4699-9B18-31C29989A040}.Debug|x86.ActiveCfg = Debug|x86
		{07A0FACA-C0A5-4699-9B18-31C29989A040}.Debug|x86.Build.0 = Debug|x86
		{07A0FACA-C0A5-4699-9B18-31C29989A040}.Release|Any CPU.ActiveCfg = Release|Any CPU
		{07A0FACA-C0A5-4699-9B18-31C29989A040}.Release|Any CPU.Build.0 = Release|Any CPU
		{07A0FACA-C0A5-4699-9B18-31C29989A040}.Release|x86.ActiveCfg = Release|x86
		{07A0FACA-C0A5-4699-9B18-31C29989A040}.Release|x86.Build.0 = Release|x86
		{5381068C-E22C-4FBB-A105-9A219FB5166B}.Debug|Any CPU.ActiveCfg = Debug|Any CPU
		{5381068C-E22C-4FBB-A105-9A219FB5166B}.Debug|Any CPU.Build.0 = Debug|Any CPU
		{5381068C-E22C-4FBB-A105-9A219FB5166B}.Debug|x86.ActiveCfg = Debug|Any CPU
		{5381068C-E22C-4FBB-A105-9A219FB5166B}.Debug|x86.Build.0 = Debug|Any CPU
		{5381068C-E22C-4FBB-A105-9A219FB5166B}.Release|Any CPU.ActiveCfg = Release|Any CPU
		{5381068C-E22C-4FBB-A105-9A219FB5166B}.Release|Any CPU.Build.0 = Release|Any CPU
		{5381068C-E22C-4FBB-A105-9A219FB5166B}.Release|x86.ActiveCfg = Release|Any CPU
		{5381068C-E22C-4FBB-A105-9A219FB5166B}.Release|x86.Build.0 = Release|Any CPU
		{04BDD54C-260B-4F36-BCC0-E24181660B0B}.Debug|Any CPU.ActiveCfg = Debug|Any CPU
		{04BDD54C-260B-4F36-BCC0-E24181660B0B}.Debug|Any CPU.Build.0 = Debug|Any CPU
		{04BDD54C-260B-4F36-BCC0-E24181660B0B}.Debug|x86.ActiveCfg = Debug|Any CPU
		{04BDD54C-260B-4F36-BCC0-E24181660B0B}.Debug|x86.Build.0 = Debug|Any CPU
		{04BDD54C-260B-4F36-BCC0-E24181660B0B}.Release|Any CPU.ActiveCfg = Release|Any CPU
		{04BDD54C-260B-4F36-BCC0-E24181660B0B}.Release|Any CPU.Build.0 = Release|Any CPU
		{04BDD54C-260B-4F36-BCC0-E24181660B0B}.Release|x86.ActiveCfg = Release|Any CPU
		{04BDD54C-260B-4F36-BCC0-E24181660B0B}.Release|x86.Build.0 = Release|Any CPU
		{26FA621F-314D-4962-AED8-38404BEDE4F9}.Debug|Any CPU.ActiveCfg = Debug|Any CPU
		{26FA621F-314D-4962-AED8-38404BEDE4F9}.Debug|Any CPU.Build.0 = Debug|Any CPU
		{26FA621F-314D-4962-AED8-38404BEDE4F9}.Debug|x86.ActiveCfg = Debug|Any CPU
		{26FA621F-314D-4962-AED8-38404BEDE4F9}.Debug|x86.Build.0 = Debug|Any CPU
		{26FA621F-314D-4962-AED8-38404BEDE4F9}.Release|Any CPU.ActiveCfg = Release|Any CPU
		{26FA621F-314D-4962-AED8-38404BEDE4F9}.Release|Any CPU.Build.0 = Release|Any CPU
		{26FA621F-314D-4962-AED8-38404BEDE4F9}.Release|x86.ActiveCfg = Release|Any CPU
		{26FA621F-314D-4962-AED8-38404BEDE4F9}.Release|x86.Build.0 = Release|Any CPU
		{B2B97F2D-EFF3-4568-AE8A-10646114AB14}.Debug|Any CPU.ActiveCfg = Debug|Any CPU
		{B2B97F2D-EFF3-4568-AE8A-10646114AB14}.Debug|Any CPU.Build.0 = Debug|Any CPU
		{B2B97F2D-EFF3-4568-AE8A-10646114AB14}.Debug|x86.ActiveCfg = Debug|Any CPU
		{B2B97F2D-EFF3-4568-AE8A-10646114AB14}.Debug|x86.Build.0 = Debug|Any CPU
		{B2B97F2D-EFF3-4568-AE8A-10646114AB14}.Release|Any CPU.ActiveCfg = Release|Any CPU
		{B2B97F2D-EFF3-4568-AE8A-10646114AB14}.Release|Any CPU.Build.0 = Release|Any CPU
		{B2B97F2D-EFF3-4568-AE8A-10646114AB14}.Release|x86.ActiveCfg = Release|Any CPU
		{B2B97F2D-EFF3-4568-AE8A-10646114AB14}.Release|x86.Build.0 = Release|Any CPU
		{94A61AE8-D345-40CD-A007-9CB050B8E0AA}.Debug|Any CPU.ActiveCfg = Debug|Any CPU
		{94A61AE8-D345-40CD-A007-9CB050B8E0AA}.Debug|Any CPU.Build.0 = Debug|Any CPU
		{94A61AE8-D345-40CD-A007-9CB050B8E0AA}.Debug|x86.ActiveCfg = Debug|Any CPU
		{94A61AE8-D345-40CD-A007-9CB050B8E0AA}.Debug|x86.Build.0 = Debug|Any CPU
		{94A61AE8-D345-40CD-A007-9CB050B8E0AA}.Release|Any CPU.ActiveCfg = Release|Any CPU
		{94A61AE8-D345-40CD-A007-9CB050B8E0AA}.Release|Any CPU.Build.0 = Release|Any CPU
		{94A61AE8-D345-40CD-A007-9CB050B8E0AA}.Release|x86.ActiveCfg = Release|Any CPU
		{94A61AE8-D345-40CD-A007-9CB050B8E0AA}.Release|x86.Build.0 = Release|Any CPU
		{2684A3BD-A1C6-4AB1-BC3C-6BC0AD3F42D4}.Debug|Any CPU.ActiveCfg = Debug|Any CPU
		{2684A3BD-A1C6-4AB1-BC3C-6BC0AD3F42D4}.Debug|Any CPU.Build.0 = Debug|Any CPU
		{2684A3BD-A1C6-4AB1-BC3C-6BC0AD3F42D4}.Debug|x86.ActiveCfg = Debug|Any CPU
		{2684A3BD-A1C6-4AB1-BC3C-6BC0AD3F42D4}.Debug|x86.Build.0 = Debug|Any CPU
		{2684A3BD-A1C6-4AB1-BC3C-6BC0AD3F42D4}.Release|Any CPU.ActiveCfg = Release|Any CPU
		{2684A3BD-A1C6-4AB1-BC3C-6BC0AD3F42D4}.Release|Any CPU.Build.0 = Release|Any CPU
		{2684A3BD-A1C6-4AB1-BC3C-6BC0AD3F42D4}.Release|x86.ActiveCfg = Release|Any CPU
		{2684A3BD-A1C6-4AB1-BC3C-6BC0AD3F42D4}.Release|x86.Build.0 = Release|Any CPU
		{ECBE2E5E-BCC8-4408-9FED-788A3501226D}.Debug|Any CPU.ActiveCfg = Debug|Any CPU
		{ECBE2E5E-BCC8-4408-9FED-788A3501226D}.Debug|Any CPU.Build.0 = Debug|Any CPU
		{ECBE2E5E-BCC8-4408-9FED-788A3501226D}.Debug|x86.ActiveCfg = Debug|Any CPU
		{ECBE2E5E-BCC8-4408-9FED-788A3501226D}.Debug|x86.Build.0 = Debug|Any CPU
		{ECBE2E5E-BCC8-4408-9FED-788A3501226D}.Release|Any CPU.ActiveCfg = Release|Any CPU
		{ECBE2E5E-BCC8-4408-9FED-788A3501226D}.Release|Any CPU.Build.0 = Release|Any CPU
		{ECBE2E5E-BCC8-4408-9FED-788A3501226D}.Release|x86.ActiveCfg = Release|Any CPU
		{ECBE2E5E-BCC8-4408-9FED-788A3501226D}.Release|x86.Build.0 = Release|Any CPU
		{036563AF-A18A-4821-B915-5AA1E8B80445}.Debug|Any CPU.ActiveCfg = Debug|Any CPU
		{036563AF-A18A-4821-B915-5AA1E8B80445}.Debug|Any CPU.Build.0 = Debug|Any CPU
		{036563AF-A18A-4821-B915-5AA1E8B80445}.Debug|x86.ActiveCfg = Debug|Any CPU
		{036563AF-A18A-4821-B915-5AA1E8B80445}.Debug|x86.Build.0 = Debug|Any CPU
		{036563AF-A18A-4821-B915-5AA1E8B80445}.Release|Any CPU.ActiveCfg = Release|Any CPU
		{036563AF-A18A-4821-B915-5AA1E8B80445}.Release|Any CPU.Build.0 = Release|Any CPU
		{036563AF-A18A-4821-B915-5AA1E8B80445}.Release|x86.ActiveCfg = Release|Any CPU
		{036563AF-A18A-4821-B915-5AA1E8B80445}.Release|x86.Build.0 = Release|Any CPU
		{4DD103B3-D3CE-4C18-B11E-25AFEAC3C6CA}.Debug|Any CPU.ActiveCfg = Debug|Any CPU
		{4DD103B3-D3CE-4C18-B11E-25AFEAC3C6CA}.Debug|Any CPU.Build.0 = Debug|Any CPU
		{4DD103B3-D3CE-4C18-B11E-25AFEAC3C6CA}.Debug|x86.ActiveCfg = Debug|Any CPU
		{4DD103B3-D3CE-4C18-B11E-25AFEAC3C6CA}.Debug|x86.Build.0 = Debug|Any CPU
		{4DD103B3-D3CE-4C18-B11E-25AFEAC3C6CA}.Release|Any CPU.ActiveCfg = Release|Any CPU
		{4DD103B3-D3CE-4C18-B11E-25AFEAC3C6CA}.Release|Any CPU.Build.0 = Release|Any CPU
		{4DD103B3-D3CE-4C18-B11E-25AFEAC3C6CA}.Release|x86.ActiveCfg = Release|Any CPU
		{4DD103B3-D3CE-4C18-B11E-25AFEAC3C6CA}.Release|x86.Build.0 = Release|Any CPU
		{FB543FC2-FE76-4E08-B9F6-97F97A671479}.Debug|Any CPU.ActiveCfg = Debug|Any CPU
		{FB543FC2-FE76-4E08-B9F6-97F97A671479}.Debug|Any CPU.Build.0 = Debug|Any CPU
		{FB543FC2-FE76-4E08-B9F6-97F97A671479}.Debug|x86.ActiveCfg = Debug|Any CPU
		{FB543FC2-FE76-4E08-B9F6-97F97A671479}.Debug|x86.Build.0 = Debug|Any CPU
		{FB543FC2-FE76-4E08-B9F6-97F97A671479}.Release|Any CPU.ActiveCfg = Release|Any CPU
		{FB543FC2-FE76-4E08-B9F6-97F97A671479}.Release|Any CPU.Build.0 = Release|Any CPU
		{FB543FC2-FE76-4E08-B9F6-97F97A671479}.Release|x86.ActiveCfg = Release|Any CPU
		{FB543FC2-FE76-4E08-B9F6-97F97A671479}.Release|x86.Build.0 = Release|Any CPU
		{1EE9EA22-FDE0-42AE-BEDF-8AB3A7821F75}.Debug|Any CPU.ActiveCfg = Debug|Any CPU
		{1EE9EA22-FDE0-42AE-BEDF-8AB3A7821F75}.Debug|Any CPU.Build.0 = Debug|Any CPU
		{1EE9EA22-FDE0-42AE-BEDF-8AB3A7821F75}.Debug|x86.ActiveCfg = Debug|Any CPU
		{1EE9EA22-FDE0-42AE-BEDF-8AB3A7821F75}.Debug|x86.Build.0 = Debug|Any CPU
		{1EE9EA22-FDE0-42AE-BEDF-8AB3A7821F75}.Release|Any CPU.ActiveCfg = Release|Any CPU
		{1EE9EA22-FDE0-42AE-BEDF-8AB3A7821F75}.Release|Any CPU.Build.0 = Release|Any CPU
		{1EE9EA22-FDE0-42AE-BEDF-8AB3A7821F75}.Release|x86.ActiveCfg = Release|Any CPU
		{1EE9EA22-FDE0-42AE-BEDF-8AB3A7821F75}.Release|x86.Build.0 = Release|Any CPU
		{99FD10D8-4D1B-4BF2-9877-893CB667C117}.Debug|Any CPU.ActiveCfg = Debug|Any CPU
		{99FD10D8-4D1B-4BF2-9877-893CB667C117}.Debug|Any CPU.Build.0 = Debug|Any CPU
		{99FD10D8-4D1B-4BF2-9877-893CB667C117}.Debug|x86.ActiveCfg = Debug|Any CPU
		{99FD10D8-4D1B-4BF2-9877-893CB667C117}.Debug|x86.Build.0 = Debug|Any CPU
		{99FD10D8-4D1B-4BF2-9877-893CB667C117}.Release|Any CPU.ActiveCfg = Release|Any CPU
		{99FD10D8-4D1B-4BF2-9877-893CB667C117}.Release|Any CPU.Build.0 = Release|Any CPU
		{99FD10D8-4D1B-4BF2-9877-893CB667C117}.Release|x86.ActiveCfg = Release|Any CPU
		{99FD10D8-4D1B-4BF2-9877-893CB667C117}.Release|x86.Build.0 = Release|Any CPU
		{155329A6-2DF2-4C6E-84D1-D9EE0D9577CB}.Debug|Any CPU.ActiveCfg = Debug|Any CPU
		{155329A6-2DF2-4C6E-84D1-D9EE0D9577CB}.Debug|Any CPU.Build.0 = Debug|Any CPU
		{155329A6-2DF2-4C6E-84D1-D9EE0D9577CB}.Debug|x86.ActiveCfg = Debug|Any CPU
		{155329A6-2DF2-4C6E-84D1-D9EE0D9577CB}.Debug|x86.Build.0 = Debug|Any CPU
		{155329A6-2DF2-4C6E-84D1-D9EE0D9577CB}.Release|Any CPU.ActiveCfg = Release|Any CPU
		{155329A6-2DF2-4C6E-84D1-D9EE0D9577CB}.Release|Any CPU.Build.0 = Release|Any CPU
		{155329A6-2DF2-4C6E-84D1-D9EE0D9577CB}.Release|x86.ActiveCfg = Release|Any CPU
		{155329A6-2DF2-4C6E-84D1-D9EE0D9577CB}.Release|x86.Build.0 = Release|Any CPU
		{E9BE9467-5997-448B-B8B8-6201005AE414}.Debug|Any CPU.ActiveCfg = Debug|Any CPU
		{E9BE9467-5997-448B-B8B8-6201005AE414}.Debug|Any CPU.Build.0 = Debug|Any CPU
		{E9BE9467-5997-448B-B8B8-6201005AE414}.Debug|x86.ActiveCfg = Debug|Any CPU
		{E9BE9467-5997-448B-B8B8-6201005AE414}.Debug|x86.Build.0 = Debug|Any CPU
		{E9BE9467-5997-448B-B8B8-6201005AE414}.Release|Any CPU.ActiveCfg = Release|Any CPU
		{E9BE9467-5997-448B-B8B8-6201005AE414}.Release|Any CPU.Build.0 = Release|Any CPU
		{E9BE9467-5997-448B-B8B8-6201005AE414}.Release|x86.ActiveCfg = Release|Any CPU
		{E9BE9467-5997-448B-B8B8-6201005AE414}.Release|x86.Build.0 = Release|Any CPU
		{3D611472-F846-4424-8FA7-933B1222B6EA}.Debug|Any CPU.ActiveCfg = Debug|Any CPU
		{3D611472-F846-4424-8FA7-933B1222B6EA}.Debug|Any CPU.Build.0 = Debug|Any CPU
		{3D611472-F846-4424-8FA7-933B1222B6EA}.Debug|x86.ActiveCfg = Debug|Any CPU
		{3D611472-F846-4424-8FA7-933B1222B6EA}.Debug|x86.Build.0 = Debug|Any CPU
		{3D611472-F846-4424-8FA7-933B1222B6EA}.Release|Any CPU.ActiveCfg = Release|Any CPU
		{3D611472-F846-4424-8FA7-933B1222B6EA}.Release|Any CPU.Build.0 = Release|Any CPU
		{3D611472-F846-4424-8FA7-933B1222B6EA}.Release|x86.ActiveCfg = Release|Any CPU
		{3D611472-F846-4424-8FA7-933B1222B6EA}.Release|x86.Build.0 = Release|Any CPU
		{72BDF754-0AA7-4894-B889-B302D5E4E35C}.Debug|Any CPU.ActiveCfg = Debug|Any CPU
		{72BDF754-0AA7-4894-B889-B302D5E4E35C}.Debug|Any CPU.Build.0 = Debug|Any CPU
		{72BDF754-0AA7-4894-B889-B302D5E4E35C}.Debug|x86.ActiveCfg = Debug|Any CPU
		{72BDF754-0AA7-4894-B889-B302D5E4E35C}.Debug|x86.Build.0 = Debug|Any CPU
		{72BDF754-0AA7-4894-B889-B302D5E4E35C}.Release|Any CPU.ActiveCfg = Release|Any CPU
		{72BDF754-0AA7-4894-B889-B302D5E4E35C}.Release|Any CPU.Build.0 = Release|Any CPU
		{72BDF754-0AA7-4894-B889-B302D5E4E35C}.Release|x86.ActiveCfg = Release|Any CPU
		{72BDF754-0AA7-4894-B889-B302D5E4E35C}.Release|x86.Build.0 = Release|Any CPU
		{C5FAF43B-ACBC-42AE-82F9-29F22C40EBDD}.Debug|Any CPU.ActiveCfg = Debug|Any CPU
		{C5FAF43B-ACBC-42AE-82F9-29F22C40EBDD}.Debug|Any CPU.Build.0 = Debug|Any CPU
		{C5FAF43B-ACBC-42AE-82F9-29F22C40EBDD}.Debug|x86.ActiveCfg = Debug|Any CPU
		{C5FAF43B-ACBC-42AE-82F9-29F22C40EBDD}.Debug|x86.Build.0 = Debug|Any CPU
		{C5FAF43B-ACBC-42AE-82F9-29F22C40EBDD}.Release|Any CPU.ActiveCfg = Release|Any CPU
		{C5FAF43B-ACBC-42AE-82F9-29F22C40EBDD}.Release|Any CPU.Build.0 = Release|Any CPU
		{C5FAF43B-ACBC-42AE-82F9-29F22C40EBDD}.Release|x86.ActiveCfg = Release|Any CPU
		{C5FAF43B-ACBC-42AE-82F9-29F22C40EBDD}.Release|x86.Build.0 = Release|Any CPU
		{77F8FD4B-B2C8-4BCD-825C-D800E1AC60F6}.Debug|Any CPU.ActiveCfg = Debug|Any CPU
		{77F8FD4B-B2C8-4BCD-825C-D800E1AC60F6}.Debug|Any CPU.Build.0 = Debug|Any CPU
		{77F8FD4B-B2C8-4BCD-825C-D800E1AC60F6}.Debug|x86.ActiveCfg = Debug|Any CPU
		{77F8FD4B-B2C8-4BCD-825C-D800E1AC60F6}.Debug|x86.Build.0 = Debug|Any CPU
		{77F8FD4B-B2C8-4BCD-825C-D800E1AC60F6}.Release|Any CPU.ActiveCfg = Release|Any CPU
		{77F8FD4B-B2C8-4BCD-825C-D800E1AC60F6}.Release|Any CPU.Build.0 = Release|Any CPU
		{77F8FD4B-B2C8-4BCD-825C-D800E1AC60F6}.Release|x86.ActiveCfg = Release|Any CPU
		{77F8FD4B-B2C8-4BCD-825C-D800E1AC60F6}.Release|x86.Build.0 = Release|Any CPU
		{68525113-BEE6-453C-A845-9CE9F57A6EFE}.Debug|Any CPU.ActiveCfg = Debug|Any CPU
		{68525113-BEE6-453C-A845-9CE9F57A6EFE}.Debug|Any CPU.Build.0 = Debug|Any CPU
		{68525113-BEE6-453C-A845-9CE9F57A6EFE}.Debug|x86.ActiveCfg = Debug|Any CPU
		{68525113-BEE6-453C-A845-9CE9F57A6EFE}.Debug|x86.Build.0 = Debug|Any CPU
		{68525113-BEE6-453C-A845-9CE9F57A6EFE}.Release|Any CPU.ActiveCfg = Release|Any CPU
		{68525113-BEE6-453C-A845-9CE9F57A6EFE}.Release|Any CPU.Build.0 = Release|Any CPU
		{68525113-BEE6-453C-A845-9CE9F57A6EFE}.Release|x86.ActiveCfg = Release|Any CPU
		{68525113-BEE6-453C-A845-9CE9F57A6EFE}.Release|x86.Build.0 = Release|Any CPU
		{82DAE41E-8391-4563-BE56-2AA529451078}.Debug|Any CPU.ActiveCfg = Debug|Any CPU
		{82DAE41E-8391-4563-BE56-2AA529451078}.Debug|Any CPU.Build.0 = Debug|Any CPU
		{82DAE41E-8391-4563-BE56-2AA529451078}.Debug|x86.ActiveCfg = Debug|Any CPU
		{82DAE41E-8391-4563-BE56-2AA529451078}.Debug|x86.Build.0 = Debug|Any CPU
		{82DAE41E-8391-4563-BE56-2AA529451078}.Release|Any CPU.ActiveCfg = Release|Any CPU
		{82DAE41E-8391-4563-BE56-2AA529451078}.Release|Any CPU.Build.0 = Release|Any CPU
		{82DAE41E-8391-4563-BE56-2AA529451078}.Release|x86.ActiveCfg = Release|Any CPU
		{82DAE41E-8391-4563-BE56-2AA529451078}.Release|x86.Build.0 = Release|Any CPU
		{4DF451D0-4562-4F0E-A4E7-BD2124AA1459}.Debug|Any CPU.ActiveCfg = Debug|Any CPU
		{4DF451D0-4562-4F0E-A4E7-BD2124AA1459}.Debug|Any CPU.Build.0 = Debug|Any CPU
		{4DF451D0-4562-4F0E-A4E7-BD2124AA1459}.Debug|x86.ActiveCfg = Debug|Any CPU
		{4DF451D0-4562-4F0E-A4E7-BD2124AA1459}.Debug|x86.Build.0 = Debug|Any CPU
		{4DF451D0-4562-4F0E-A4E7-BD2124AA1459}.Release|Any CPU.ActiveCfg = Release|Any CPU
		{4DF451D0-4562-4F0E-A4E7-BD2124AA1459}.Release|Any CPU.Build.0 = Release|Any CPU
		{4DF451D0-4562-4F0E-A4E7-BD2124AA1459}.Release|x86.ActiveCfg = Release|Any CPU
		{4DF451D0-4562-4F0E-A4E7-BD2124AA1459}.Release|x86.Build.0 = Release|Any CPU
		{F162FE7F-C296-4C25-A53E-C546ED0075D7}.Debug|Any CPU.ActiveCfg = Debug|Any CPU
		{F162FE7F-C296-4C25-A53E-C546ED0075D7}.Debug|Any CPU.Build.0 = Debug|Any CPU
		{F162FE7F-C296-4C25-A53E-C546ED0075D7}.Debug|x86.ActiveCfg = Debug|Any CPU
		{F162FE7F-C296-4C25-A53E-C546ED0075D7}.Debug|x86.Build.0 = Debug|Any CPU
		{F162FE7F-C296-4C25-A53E-C546ED0075D7}.Release|Any CPU.ActiveCfg = Release|Any CPU
		{F162FE7F-C296-4C25-A53E-C546ED0075D7}.Release|Any CPU.Build.0 = Release|Any CPU
		{F162FE7F-C296-4C25-A53E-C546ED0075D7}.Release|x86.ActiveCfg = Release|Any CPU
		{F162FE7F-C296-4C25-A53E-C546ED0075D7}.Release|x86.Build.0 = Release|Any CPU
		{B565E903-9B5B-4248-BCF2-EFBA29851646}.Debug|Any CPU.ActiveCfg = Debug|Any CPU
		{B565E903-9B5B-4248-BCF2-EFBA29851646}.Debug|Any CPU.Build.0 = Debug|Any CPU
		{B565E903-9B5B-4248-BCF2-EFBA29851646}.Debug|x86.ActiveCfg = Debug|Any CPU
		{B565E903-9B5B-4248-BCF2-EFBA29851646}.Debug|x86.Build.0 = Debug|Any CPU
		{B565E903-9B5B-4248-BCF2-EFBA29851646}.Release|Any CPU.ActiveCfg = Release|Any CPU
		{B565E903-9B5B-4248-BCF2-EFBA29851646}.Release|Any CPU.Build.0 = Release|Any CPU
		{B565E903-9B5B-4248-BCF2-EFBA29851646}.Release|x86.ActiveCfg = Release|Any CPU
		{B565E903-9B5B-4248-BCF2-EFBA29851646}.Release|x86.Build.0 = Release|Any CPU
		{1CBA7AF9-B3F2-4B9F-8E4D-8E6413C2172C}.Debug|Any CPU.ActiveCfg = Debug|Any CPU
		{1CBA7AF9-B3F2-4B9F-8E4D-8E6413C2172C}.Debug|Any CPU.Build.0 = Debug|Any CPU
		{1CBA7AF9-B3F2-4B9F-8E4D-8E6413C2172C}.Debug|x86.ActiveCfg = Debug|Any CPU
		{1CBA7AF9-B3F2-4B9F-8E4D-8E6413C2172C}.Debug|x86.Build.0 = Debug|Any CPU
		{1CBA7AF9-B3F2-4B9F-8E4D-8E6413C2172C}.Release|Any CPU.ActiveCfg = Release|Any CPU
		{1CBA7AF9-B3F2-4B9F-8E4D-8E6413C2172C}.Release|Any CPU.Build.0 = Release|Any CPU
		{1CBA7AF9-B3F2-4B9F-8E4D-8E6413C2172C}.Release|x86.ActiveCfg = Release|Any CPU
		{1CBA7AF9-B3F2-4B9F-8E4D-8E6413C2172C}.Release|x86.Build.0 = Release|Any CPU
		{D10ACD6E-6E02-461F-9E70-7CCB5E0F00E6}.Debug|Any CPU.ActiveCfg = Debug|Any CPU
		{D10ACD6E-6E02-461F-9E70-7CCB5E0F00E6}.Debug|Any CPU.Build.0 = Debug|Any CPU
		{D10ACD6E-6E02-461F-9E70-7CCB5E0F00E6}.Debug|x86.ActiveCfg = Debug|Any CPU
		{D10ACD6E-6E02-461F-9E70-7CCB5E0F00E6}.Debug|x86.Build.0 = Debug|Any CPU
		{D10ACD6E-6E02-461F-9E70-7CCB5E0F00E6}.Release|Any CPU.ActiveCfg = Release|Any CPU
		{D10ACD6E-6E02-461F-9E70-7CCB5E0F00E6}.Release|Any CPU.Build.0 = Release|Any CPU
		{D10ACD6E-6E02-461F-9E70-7CCB5E0F00E6}.Release|x86.ActiveCfg = Release|Any CPU
		{D10ACD6E-6E02-461F-9E70-7CCB5E0F00E6}.Release|x86.Build.0 = Release|Any CPU
		{E69C47BC-5245-4ED6-A833-BCABF6F6A29B}.Debug|Any CPU.ActiveCfg = Debug|Any CPU
		{E69C47BC-5245-4ED6-A833-BCABF6F6A29B}.Debug|Any CPU.Build.0 = Debug|Any CPU
		{E69C47BC-5245-4ED6-A833-BCABF6F6A29B}.Debug|x86.ActiveCfg = Debug|Any CPU
		{E69C47BC-5245-4ED6-A833-BCABF6F6A29B}.Debug|x86.Build.0 = Debug|Any CPU
		{E69C47BC-5245-4ED6-A833-BCABF6F6A29B}.Release|Any CPU.ActiveCfg = Release|Any CPU
		{E69C47BC-5245-4ED6-A833-BCABF6F6A29B}.Release|Any CPU.Build.0 = Release|Any CPU
		{E69C47BC-5245-4ED6-A833-BCABF6F6A29B}.Release|x86.ActiveCfg = Release|Any CPU
		{E69C47BC-5245-4ED6-A833-BCABF6F6A29B}.Release|x86.Build.0 = Release|Any CPU
		{F1E5C127-C049-4EEF-A858-26AAC17CF7E7}.Debug|Any CPU.ActiveCfg = Debug|Any CPU
		{F1E5C127-C049-4EEF-A858-26AAC17CF7E7}.Debug|Any CPU.Build.0 = Debug|Any CPU
		{F1E5C127-C049-4EEF-A858-26AAC17CF7E7}.Debug|x86.ActiveCfg = Debug|Any CPU
		{F1E5C127-C049-4EEF-A858-26AAC17CF7E7}.Debug|x86.Build.0 = Debug|Any CPU
		{F1E5C127-C049-4EEF-A858-26AAC17CF7E7}.Release|Any CPU.ActiveCfg = Release|Any CPU
		{F1E5C127-C049-4EEF-A858-26AAC17CF7E7}.Release|Any CPU.Build.0 = Release|Any CPU
		{F1E5C127-C049-4EEF-A858-26AAC17CF7E7}.Release|x86.ActiveCfg = Release|Any CPU
		{F1E5C127-C049-4EEF-A858-26AAC17CF7E7}.Release|x86.Build.0 = Release|Any CPU
		{76517B8B-0274-4EB7-AE27-8301FE92E8BE}.Debug|Any CPU.ActiveCfg = Debug|Any CPU
		{76517B8B-0274-4EB7-AE27-8301FE92E8BE}.Debug|Any CPU.Build.0 = Debug|Any CPU
		{76517B8B-0274-4EB7-AE27-8301FE92E8BE}.Debug|x86.ActiveCfg = Debug|Any CPU
		{76517B8B-0274-4EB7-AE27-8301FE92E8BE}.Debug|x86.Build.0 = Debug|Any CPU
		{76517B8B-0274-4EB7-AE27-8301FE92E8BE}.Release|Any CPU.ActiveCfg = Release|Any CPU
		{76517B8B-0274-4EB7-AE27-8301FE92E8BE}.Release|Any CPU.Build.0 = Release|Any CPU
		{76517B8B-0274-4EB7-AE27-8301FE92E8BE}.Release|x86.ActiveCfg = Release|Any CPU
		{76517B8B-0274-4EB7-AE27-8301FE92E8BE}.Release|x86.Build.0 = Release|Any CPU
		{05962AE5-CFEC-40DB-8128-B3EC09B08A60}.Debug|Any CPU.ActiveCfg = Debug|Any CPU
		{05962AE5-CFEC-40DB-8128-B3EC09B08A60}.Debug|Any CPU.Build.0 = Debug|Any CPU
		{05962AE5-CFEC-40DB-8128-B3EC09B08A60}.Debug|x86.ActiveCfg = Debug|Any CPU
		{05962AE5-CFEC-40DB-8128-B3EC09B08A60}.Debug|x86.Build.0 = Debug|Any CPU
		{05962AE5-CFEC-40DB-8128-B3EC09B08A60}.Release|Any CPU.ActiveCfg = Release|Any CPU
		{05962AE5-CFEC-40DB-8128-B3EC09B08A60}.Release|Any CPU.Build.0 = Release|Any CPU
		{05962AE5-CFEC-40DB-8128-B3EC09B08A60}.Release|x86.ActiveCfg = Release|Any CPU
		{05962AE5-CFEC-40DB-8128-B3EC09B08A60}.Release|x86.Build.0 = Release|Any CPU
		{3B69CB0F-D28D-4147-87E6-E5B3B5D70B7A}.Debug|Any CPU.ActiveCfg = Debug|Any CPU
		{3B69CB0F-D28D-4147-87E6-E5B3B5D70B7A}.Debug|Any CPU.Build.0 = Debug|Any CPU
		{3B69CB0F-D28D-4147-87E6-E5B3B5D70B7A}.Debug|x86.ActiveCfg = Debug|Any CPU
		{3B69CB0F-D28D-4147-87E6-E5B3B5D70B7A}.Debug|x86.Build.0 = Debug|Any CPU
		{3B69CB0F-D28D-4147-87E6-E5B3B5D70B7A}.Release|Any CPU.ActiveCfg = Release|Any CPU
		{3B69CB0F-D28D-4147-87E6-E5B3B5D70B7A}.Release|Any CPU.Build.0 = Release|Any CPU
		{3B69CB0F-D28D-4147-87E6-E5B3B5D70B7A}.Release|x86.ActiveCfg = Release|Any CPU
		{3B69CB0F-D28D-4147-87E6-E5B3B5D70B7A}.Release|x86.Build.0 = Release|Any CPU
		{1456A845-32CD-4D7F-9278-7F60A9B5672C}.Debug|Any CPU.ActiveCfg = Debug|Any CPU
		{1456A845-32CD-4D7F-9278-7F60A9B5672C}.Debug|Any CPU.Build.0 = Debug|Any CPU
		{1456A845-32CD-4D7F-9278-7F60A9B5672C}.Debug|x86.ActiveCfg = Debug|Any CPU
		{1456A845-32CD-4D7F-9278-7F60A9B5672C}.Debug|x86.Build.0 = Debug|Any CPU
		{1456A845-32CD-4D7F-9278-7F60A9B5672C}.Release|Any CPU.ActiveCfg = Release|Any CPU
		{1456A845-32CD-4D7F-9278-7F60A9B5672C}.Release|Any CPU.Build.0 = Release|Any CPU
		{1456A845-32CD-4D7F-9278-7F60A9B5672C}.Release|x86.ActiveCfg = Release|Any CPU
		{1456A845-32CD-4D7F-9278-7F60A9B5672C}.Release|x86.Build.0 = Release|Any CPU
		{41B2FE50-1594-45B5-84EB-91DF1A3AA125}.Debug|Any CPU.ActiveCfg = Debug|Any CPU
		{41B2FE50-1594-45B5-84EB-91DF1A3AA125}.Debug|Any CPU.Build.0 = Debug|Any CPU
		{41B2FE50-1594-45B5-84EB-91DF1A3AA125}.Debug|x86.ActiveCfg = Debug|Any CPU
		{41B2FE50-1594-45B5-84EB-91DF1A3AA125}.Debug|x86.Build.0 = Debug|Any CPU
		{41B2FE50-1594-45B5-84EB-91DF1A3AA125}.Release|Any CPU.ActiveCfg = Release|Any CPU
		{41B2FE50-1594-45B5-84EB-91DF1A3AA125}.Release|Any CPU.Build.0 = Release|Any CPU
		{41B2FE50-1594-45B5-84EB-91DF1A3AA125}.Release|x86.ActiveCfg = Release|Any CPU
		{41B2FE50-1594-45B5-84EB-91DF1A3AA125}.Release|x86.Build.0 = Release|Any CPU
		{5B662D6A-93A5-459A-A207-C925A0F92209}.Debug|Any CPU.ActiveCfg = Debug|Any CPU
		{5B662D6A-93A5-459A-A207-C925A0F92209}.Debug|Any CPU.Build.0 = Debug|Any CPU
		{5B662D6A-93A5-459A-A207-C925A0F92209}.Debug|x86.ActiveCfg = Debug|Any CPU
		{5B662D6A-93A5-459A-A207-C925A0F92209}.Debug|x86.Build.0 = Debug|Any CPU
		{5B662D6A-93A5-459A-A207-C925A0F92209}.Release|Any CPU.ActiveCfg = Release|Any CPU
		{5B662D6A-93A5-459A-A207-C925A0F92209}.Release|Any CPU.Build.0 = Release|Any CPU
		{5B662D6A-93A5-459A-A207-C925A0F92209}.Release|x86.ActiveCfg = Release|Any CPU
		{5B662D6A-93A5-459A-A207-C925A0F92209}.Release|x86.Build.0 = Release|Any CPU
		{10D90406-A9B3-4884-B645-17CE27AF2BDE}.Debug|Any CPU.ActiveCfg = Debug|Any CPU
		{10D90406-A9B3-4884-B645-17CE27AF2BDE}.Debug|Any CPU.Build.0 = Debug|Any CPU
		{10D90406-A9B3-4884-B645-17CE27AF2BDE}.Debug|x86.ActiveCfg = Debug|Any CPU
		{10D90406-A9B3-4884-B645-17CE27AF2BDE}.Debug|x86.Build.0 = Debug|Any CPU
		{10D90406-A9B3-4884-B645-17CE27AF2BDE}.Release|Any CPU.ActiveCfg = Release|Any CPU
		{10D90406-A9B3-4884-B645-17CE27AF2BDE}.Release|Any CPU.Build.0 = Release|Any CPU
		{10D90406-A9B3-4884-B645-17CE27AF2BDE}.Release|x86.ActiveCfg = Release|Any CPU
		{10D90406-A9B3-4884-B645-17CE27AF2BDE}.Release|x86.Build.0 = Release|Any CPU
		{BDD0BFBB-A9E7-42F1-ADCC-31DBB8A70B70}.Debug|Any CPU.ActiveCfg = Debug|Any CPU
		{BDD0BFBB-A9E7-42F1-ADCC-31DBB8A70B70}.Debug|Any CPU.Build.0 = Debug|Any CPU
		{BDD0BFBB-A9E7-42F1-ADCC-31DBB8A70B70}.Debug|x86.ActiveCfg = Debug|Any CPU
		{BDD0BFBB-A9E7-42F1-ADCC-31DBB8A70B70}.Debug|x86.Build.0 = Debug|Any CPU
		{BDD0BFBB-A9E7-42F1-ADCC-31DBB8A70B70}.Release|Any CPU.ActiveCfg = Release|Any CPU
		{BDD0BFBB-A9E7-42F1-ADCC-31DBB8A70B70}.Release|Any CPU.Build.0 = Release|Any CPU
		{BDD0BFBB-A9E7-42F1-ADCC-31DBB8A70B70}.Release|x86.ActiveCfg = Release|Any CPU
		{BDD0BFBB-A9E7-42F1-ADCC-31DBB8A70B70}.Release|x86.Build.0 = Release|Any CPU
		{D2E42B0C-819C-4AF8-84DC-128F006D791D}.Debug|Any CPU.ActiveCfg = Debug|Any CPU
		{D2E42B0C-819C-4AF8-84DC-128F006D791D}.Debug|Any CPU.Build.0 = Debug|Any CPU
		{D2E42B0C-819C-4AF8-84DC-128F006D791D}.Debug|x86.ActiveCfg = Debug|Any CPU
		{D2E42B0C-819C-4AF8-84DC-128F006D791D}.Debug|x86.Build.0 = Debug|Any CPU
		{D2E42B0C-819C-4AF8-84DC-128F006D791D}.Release|Any CPU.ActiveCfg = Release|Any CPU
		{D2E42B0C-819C-4AF8-84DC-128F006D791D}.Release|Any CPU.Build.0 = Release|Any CPU
		{D2E42B0C-819C-4AF8-84DC-128F006D791D}.Release|x86.ActiveCfg = Release|Any CPU
		{D2E42B0C-819C-4AF8-84DC-128F006D791D}.Release|x86.Build.0 = Release|Any CPU
		{F03635BA-4FB7-4EF3-899C-79DD31920953}.Debug|Any CPU.ActiveCfg = Debug|Any CPU
		{F03635BA-4FB7-4EF3-899C-79DD31920953}.Debug|Any CPU.Build.0 = Debug|Any CPU
		{F03635BA-4FB7-4EF3-899C-79DD31920953}.Debug|x86.ActiveCfg = Debug|Any CPU
		{F03635BA-4FB7-4EF3-899C-79DD31920953}.Debug|x86.Build.0 = Debug|Any CPU
		{F03635BA-4FB7-4EF3-899C-79DD31920953}.Release|Any CPU.ActiveCfg = Release|Any CPU
		{F03635BA-4FB7-4EF3-899C-79DD31920953}.Release|Any CPU.Build.0 = Release|Any CPU
		{F03635BA-4FB7-4EF3-899C-79DD31920953}.Release|x86.ActiveCfg = Release|Any CPU
		{F03635BA-4FB7-4EF3-899C-79DD31920953}.Release|x86.Build.0 = Release|Any CPU
		{874EF5E1-570E-4056-BCC7-594B163B82FB}.Debug|Any CPU.ActiveCfg = Debug|Any CPU
		{874EF5E1-570E-4056-BCC7-594B163B82FB}.Debug|Any CPU.Build.0 = Debug|Any CPU
		{874EF5E1-570E-4056-BCC7-594B163B82FB}.Debug|x86.ActiveCfg = Debug|Any CPU
		{874EF5E1-570E-4056-BCC7-594B163B82FB}.Debug|x86.Build.0 = Debug|Any CPU
		{874EF5E1-570E-4056-BCC7-594B163B82FB}.Release|Any CPU.ActiveCfg = Release|Any CPU
		{874EF5E1-570E-4056-BCC7-594B163B82FB}.Release|Any CPU.Build.0 = Release|Any CPU
		{874EF5E1-570E-4056-BCC7-594B163B82FB}.Release|x86.ActiveCfg = Release|Any CPU
		{874EF5E1-570E-4056-BCC7-594B163B82FB}.Release|x86.Build.0 = Release|Any CPU
		{5E5652AC-25D9-43C6-A1AA-3D88263CF4A0}.Debug|Any CPU.ActiveCfg = Debug|Any CPU
		{5E5652AC-25D9-43C6-A1AA-3D88263CF4A0}.Debug|Any CPU.Build.0 = Debug|Any CPU
		{5E5652AC-25D9-43C6-A1AA-3D88263CF4A0}.Debug|x86.ActiveCfg = Debug|Any CPU
		{5E5652AC-25D9-43C6-A1AA-3D88263CF4A0}.Debug|x86.Build.0 = Debug|Any CPU
		{5E5652AC-25D9-43C6-A1AA-3D88263CF4A0}.Release|Any CPU.ActiveCfg = Release|Any CPU
		{5E5652AC-25D9-43C6-A1AA-3D88263CF4A0}.Release|Any CPU.Build.0 = Release|Any CPU
		{5E5652AC-25D9-43C6-A1AA-3D88263CF4A0}.Release|x86.ActiveCfg = Release|Any CPU
		{5E5652AC-25D9-43C6-A1AA-3D88263CF4A0}.Release|x86.Build.0 = Release|Any CPU
		{42EFBEFD-DA71-40FD-8620-E125EA167945}.Debug|Any CPU.ActiveCfg = Debug|Any CPU
		{42EFBEFD-DA71-40FD-8620-E125EA167945}.Debug|Any CPU.Build.0 = Debug|Any CPU
		{42EFBEFD-DA71-40FD-8620-E125EA167945}.Debug|x86.ActiveCfg = Debug|Any CPU
		{42EFBEFD-DA71-40FD-8620-E125EA167945}.Debug|x86.Build.0 = Debug|Any CPU
		{42EFBEFD-DA71-40FD-8620-E125EA167945}.Release|Any CPU.ActiveCfg = Release|Any CPU
		{42EFBEFD-DA71-40FD-8620-E125EA167945}.Release|Any CPU.Build.0 = Release|Any CPU
		{42EFBEFD-DA71-40FD-8620-E125EA167945}.Release|x86.ActiveCfg = Release|Any CPU
		{42EFBEFD-DA71-40FD-8620-E125EA167945}.Release|x86.Build.0 = Release|Any CPU
		{727D08CE-4A53-4397-8DAD-C27100872667}.Debug|Any CPU.ActiveCfg = Debug|Any CPU
		{727D08CE-4A53-4397-8DAD-C27100872667}.Debug|Any CPU.Build.0 = Debug|Any CPU
		{727D08CE-4A53-4397-8DAD-C27100872667}.Debug|x86.ActiveCfg = Debug|Any CPU
		{727D08CE-4A53-4397-8DAD-C27100872667}.Debug|x86.Build.0 = Debug|Any CPU
		{727D08CE-4A53-4397-8DAD-C27100872667}.Release|Any CPU.ActiveCfg = Release|Any CPU
		{727D08CE-4A53-4397-8DAD-C27100872667}.Release|Any CPU.Build.0 = Release|Any CPU
		{727D08CE-4A53-4397-8DAD-C27100872667}.Release|x86.ActiveCfg = Release|Any CPU
		{727D08CE-4A53-4397-8DAD-C27100872667}.Release|x86.Build.0 = Release|Any CPU
		{16E51317-3E8B-4455-8039-A3C9AD163369}.Debug|Any CPU.ActiveCfg = Debug|Any CPU
		{16E51317-3E8B-4455-8039-A3C9AD163369}.Debug|Any CPU.Build.0 = Debug|Any CPU
		{16E51317-3E8B-4455-8039-A3C9AD163369}.Debug|x86.ActiveCfg = Debug|Any CPU
		{16E51317-3E8B-4455-8039-A3C9AD163369}.Debug|x86.Build.0 = Debug|Any CPU
		{16E51317-3E8B-4455-8039-A3C9AD163369}.Release|Any CPU.ActiveCfg = Release|Any CPU
		{16E51317-3E8B-4455-8039-A3C9AD163369}.Release|Any CPU.Build.0 = Release|Any CPU
		{16E51317-3E8B-4455-8039-A3C9AD163369}.Release|x86.ActiveCfg = Release|Any CPU
		{16E51317-3E8B-4455-8039-A3C9AD163369}.Release|x86.Build.0 = Release|Any CPU
		{92DEC919-9EBE-4EA5-9FE6-B220CEF8CB90}.Debug|Any CPU.ActiveCfg = Debug|Any CPU
		{92DEC919-9EBE-4EA5-9FE6-B220CEF8CB90}.Debug|Any CPU.Build.0 = Debug|Any CPU
		{92DEC919-9EBE-4EA5-9FE6-B220CEF8CB90}.Debug|x86.ActiveCfg = Debug|Any CPU
		{92DEC919-9EBE-4EA5-9FE6-B220CEF8CB90}.Debug|x86.Build.0 = Debug|Any CPU
		{92DEC919-9EBE-4EA5-9FE6-B220CEF8CB90}.Release|Any CPU.ActiveCfg = Release|Any CPU
		{92DEC919-9EBE-4EA5-9FE6-B220CEF8CB90}.Release|Any CPU.Build.0 = Release|Any CPU
		{92DEC919-9EBE-4EA5-9FE6-B220CEF8CB90}.Release|x86.ActiveCfg = Release|Any CPU
		{92DEC919-9EBE-4EA5-9FE6-B220CEF8CB90}.Release|x86.Build.0 = Release|Any CPU
		{36604D76-5B05-43A2-A339-DE9B2A1FE476}.Debug|Any CPU.ActiveCfg = Debug|Any CPU
		{36604D76-5B05-43A2-A339-DE9B2A1FE476}.Debug|Any CPU.Build.0 = Debug|Any CPU
		{36604D76-5B05-43A2-A339-DE9B2A1FE476}.Debug|x86.ActiveCfg = Debug|Any CPU
		{36604D76-5B05-43A2-A339-DE9B2A1FE476}.Debug|x86.Build.0 = Debug|Any CPU
		{36604D76-5B05-43A2-A339-DE9B2A1FE476}.Release|Any CPU.ActiveCfg = Release|Any CPU
		{36604D76-5B05-43A2-A339-DE9B2A1FE476}.Release|Any CPU.Build.0 = Release|Any CPU
		{36604D76-5B05-43A2-A339-DE9B2A1FE476}.Release|x86.ActiveCfg = Release|Any CPU
		{36604D76-5B05-43A2-A339-DE9B2A1FE476}.Release|x86.Build.0 = Release|Any CPU
		{767F1F3A-11E1-45E6-87F7-76EC224D58AD}.Debug|Any CPU.ActiveCfg = Debug|Any CPU
		{767F1F3A-11E1-45E6-87F7-76EC224D58AD}.Debug|Any CPU.Build.0 = Debug|Any CPU
		{767F1F3A-11E1-45E6-87F7-76EC224D58AD}.Debug|x86.ActiveCfg = Debug|Any CPU
		{767F1F3A-11E1-45E6-87F7-76EC224D58AD}.Debug|x86.Build.0 = Debug|Any CPU
		{767F1F3A-11E1-45E6-87F7-76EC224D58AD}.Release|Any CPU.ActiveCfg = Release|Any CPU
		{767F1F3A-11E1-45E6-87F7-76EC224D58AD}.Release|Any CPU.Build.0 = Release|Any CPU
		{767F1F3A-11E1-45E6-87F7-76EC224D58AD}.Release|x86.ActiveCfg = Release|Any CPU
		{767F1F3A-11E1-45E6-87F7-76EC224D58AD}.Release|x86.Build.0 = Release|Any CPU
		{DB1C2AB1-17E9-4D85-85F0-20F4C070693A}.Debug|Any CPU.ActiveCfg = Debug|Any CPU
		{DB1C2AB1-17E9-4D85-85F0-20F4C070693A}.Debug|Any CPU.Build.0 = Debug|Any CPU
		{DB1C2AB1-17E9-4D85-85F0-20F4C070693A}.Debug|x86.ActiveCfg = Debug|Any CPU
		{DB1C2AB1-17E9-4D85-85F0-20F4C070693A}.Debug|x86.Build.0 = Debug|Any CPU
		{DB1C2AB1-17E9-4D85-85F0-20F4C070693A}.Release|Any CPU.ActiveCfg = Release|Any CPU
		{DB1C2AB1-17E9-4D85-85F0-20F4C070693A}.Release|Any CPU.Build.0 = Release|Any CPU
		{DB1C2AB1-17E9-4D85-85F0-20F4C070693A}.Release|x86.ActiveCfg = Release|Any CPU
		{DB1C2AB1-17E9-4D85-85F0-20F4C070693A}.Release|x86.Build.0 = Release|Any CPU
	EndGlobalSection
	GlobalSection(SolutionProperties) = preSolution
		HideSolutionNode = FALSE
	EndGlobalSection
	GlobalSection(NestedProjects) = preSolution
		{FB543FC2-FE76-4E08-B9F6-97F97A671479} = {1E7EBB05-B27B-4DC9-9E56-7288D1F20A12}
		{1EE9EA22-FDE0-42AE-BEDF-8AB3A7821F75} = {1E7EBB05-B27B-4DC9-9E56-7288D1F20A12}
		{99FD10D8-4D1B-4BF2-9877-893CB667C117} = {1E7EBB05-B27B-4DC9-9E56-7288D1F20A12}
		{155329A6-2DF2-4C6E-84D1-D9EE0D9577CB} = {1E7EBB05-B27B-4DC9-9E56-7288D1F20A12}
		{E9BE9467-5997-448B-B8B8-6201005AE414} = {1E7EBB05-B27B-4DC9-9E56-7288D1F20A12}
		{3D611472-F846-4424-8FA7-933B1222B6EA} = {1E7EBB05-B27B-4DC9-9E56-7288D1F20A12}
		{72BDF754-0AA7-4894-B889-B302D5E4E35C} = {1E7EBB05-B27B-4DC9-9E56-7288D1F20A12}
		{C5FAF43B-ACBC-42AE-82F9-29F22C40EBDD} = {1E7EBB05-B27B-4DC9-9E56-7288D1F20A12}
		{77F8FD4B-B2C8-4BCD-825C-D800E1AC60F6} = {1E7EBB05-B27B-4DC9-9E56-7288D1F20A12}
		{68525113-BEE6-453C-A845-9CE9F57A6EFE} = {1E7EBB05-B27B-4DC9-9E56-7288D1F20A12}
		{82DAE41E-8391-4563-BE56-2AA529451078} = {1E7EBB05-B27B-4DC9-9E56-7288D1F20A12}
		{4DF451D0-4562-4F0E-A4E7-BD2124AA1459} = {1E7EBB05-B27B-4DC9-9E56-7288D1F20A12}
		{F162FE7F-C296-4C25-A53E-C546ED0075D7} = {1E7EBB05-B27B-4DC9-9E56-7288D1F20A12}
		{B565E903-9B5B-4248-BCF2-EFBA29851646} = {1E7EBB05-B27B-4DC9-9E56-7288D1F20A12}
		{1CBA7AF9-B3F2-4B9F-8E4D-8E6413C2172C} = {1E7EBB05-B27B-4DC9-9E56-7288D1F20A12}
		{D10ACD6E-6E02-461F-9E70-7CCB5E0F00E6} = {1E7EBB05-B27B-4DC9-9E56-7288D1F20A12}
		{E69C47BC-5245-4ED6-A833-BCABF6F6A29B} = {1E7EBB05-B27B-4DC9-9E56-7288D1F20A12}
		{F1E5C127-C049-4EEF-A858-26AAC17CF7E7} = {1E7EBB05-B27B-4DC9-9E56-7288D1F20A12}
		{76517B8B-0274-4EB7-AE27-8301FE92E8BE} = {1E7EBB05-B27B-4DC9-9E56-7288D1F20A12}
		{05962AE5-CFEC-40DB-8128-B3EC09B08A60} = {1E7EBB05-B27B-4DC9-9E56-7288D1F20A12}
		{3B69CB0F-D28D-4147-87E6-E5B3B5D70B7A} = {1E7EBB05-B27B-4DC9-9E56-7288D1F20A12}
		{1456A845-32CD-4D7F-9278-7F60A9B5672C} = {1E7EBB05-B27B-4DC9-9E56-7288D1F20A12}
		{41B2FE50-1594-45B5-84EB-91DF1A3AA125} = {1E7EBB05-B27B-4DC9-9E56-7288D1F20A12}
		{5B662D6A-93A5-459A-A207-C925A0F92209} = {1E7EBB05-B27B-4DC9-9E56-7288D1F20A12}
		{10D90406-A9B3-4884-B645-17CE27AF2BDE} = {1E7EBB05-B27B-4DC9-9E56-7288D1F20A12}
		{BDD0BFBB-A9E7-42F1-ADCC-31DBB8A70B70} = {1E7EBB05-B27B-4DC9-9E56-7288D1F20A12}
		{D2E42B0C-819C-4AF8-84DC-128F006D791D} = {1E7EBB05-B27B-4DC9-9E56-7288D1F20A12}
		{F03635BA-4FB7-4EF3-899C-79DD31920953} = {1E7EBB05-B27B-4DC9-9E56-7288D1F20A12}
		{874EF5E1-570E-4056-BCC7-594B163B82FB} = {1E7EBB05-B27B-4DC9-9E56-7288D1F20A12}
		{5E5652AC-25D9-43C6-A1AA-3D88263CF4A0} = {1E7EBB05-B27B-4DC9-9E56-7288D1F20A12}
		{42EFBEFD-DA71-40FD-8620-E125EA167945} = {1E7EBB05-B27B-4DC9-9E56-7288D1F20A12}
		{727D08CE-4A53-4397-8DAD-C27100872667} = {1E7EBB05-B27B-4DC9-9E56-7288D1F20A12}
		{16E51317-3E8B-4455-8039-A3C9AD163369} = {1E7EBB05-B27B-4DC9-9E56-7288D1F20A12}
		{92DEC919-9EBE-4EA5-9FE6-B220CEF8CB90} = {1E7EBB05-B27B-4DC9-9E56-7288D1F20A12}
		{36604D76-5B05-43A2-A339-DE9B2A1FE476} = {1E7EBB05-B27B-4DC9-9E56-7288D1F20A12}
		{767F1F3A-11E1-45E6-87F7-76EC224D58AD} = {1E7EBB05-B27B-4DC9-9E56-7288D1F20A12}
		{DB1C2AB1-17E9-4D85-85F0-20F4C070693A} = {1E7EBB05-B27B-4DC9-9E56-7288D1F20A12}
	EndGlobalSection
	GlobalSection(ExtensibilityGlobals) = postSolution
		SolutionGuid = {719B58E3-18E1-4DF2-8676-DE4D25031067}
	EndGlobalSection
	GlobalSection(TeamFoundationVersionControl) = preSolution
		SccNumberOfProjects = 76
		SccEnterpriseProvider = {4CA58AB2-18FA-4F8D-95D4-32DDF27D184C}
		SccTeamFoundationServer = https://jzo.visualstudio.com/
		SccLocalPath0 = .
		SccProjectUniqueName1 = Forge.Base\\Forge.Base.csproj
		SccProjectName1 = Forge.Base
		SccLocalPath1 = Forge.Base
		SccProjectUniqueName2 = Forge.WindowsServiceControl\\Forge.WindowsServiceControl.csproj
		SccProjectName2 = Forge.WindowsServiceControl
		SccLocalPath2 = Forge.WindowsServiceControl
		SccProjectUniqueName3 = Forge.Persistence\\Forge.Persistence.csproj
		SccProjectName3 = Forge.Persistence
		SccLocalPath3 = Forge.Persistence
		SccProjectUniqueName4 = Forge.Extensions\\Forge.Extensions.csproj
		SccProjectName4 = Forge.Extensions
		SccLocalPath4 = Forge.Extensions
		SccProjectUniqueName5 = Forge.Net.Synapse\\Forge.Net.Synapse.csproj
		SccProjectName5 = Forge.Net.Synapse
		SccLocalPath5 = Forge.Net.Synapse
		SccProjectUniqueName6 = Forge.Net.TerraGraf\\Forge.Net.TerraGraf.csproj
		SccProjectName6 = Forge.Net.TerraGraf
		SccLocalPath6 = Forge.Net.TerraGraf
		SccProjectUniqueName7 = Forge.Test\\Forge.Test.csproj
		SccProjectName7 = Forge.Test
		SccLocalPath7 = Forge.Test
		SccProjectUniqueName8 = Forge.Persistence.Formatters.JsonNet\\Forge.Persistence.Formatters.JsonNet.csproj
		SccProjectName8 = Forge.Persistence.Formatters.JsonNet
		SccLocalPath8 = Forge.Persistence.Formatters.JsonNet
		SccProjectUniqueName9 = Forge.ORM.NHibernateExtension\\Forge.ORM.NHibernateExtension.csproj
		SccProjectName9 = Forge.ORM.NHibernateExtension
		SccLocalPath9 = Forge.ORM.NHibernateExtension
		SccProjectUniqueName10 = Forge.DatabaseManagement\\Forge.DatabaseManagement.csproj
		SccProjectName10 = Forge.DatabaseManagement
		SccLocalPath10 = Forge.DatabaseManagement
		SccProjectUniqueName11 = Forge.DatabaseManagement.SQLite\\Forge.DatabaseManagement.SQLite.csproj
		SccProjectName11 = Forge.DatabaseManagement.SQLite
		SccLocalPath11 = Forge.DatabaseManagement.SQLite
		SccProjectUniqueName12 = Forge.DatabaseManagement.SqlServer2008\\Forge.DatabaseManagement.SqlServer2008.csproj
		SccProjectName12 = Forge.DatabaseManagement.SqlServer2008
		SccLocalPath12 = Forge.DatabaseManagement.SqlServer2008
		SccProjectUniqueName13 = Forge.DatabaseManagement.SqlServerCe40\\Forge.DatabaseManagement.SqlServerCe40.csproj
		SccProjectName13 = Forge.DatabaseManagement.SqlServerCe40
		SccLocalPath13 = Forge.DatabaseManagement.SqlServerCe40
		SccProjectUniqueName14 = Forge.Persistence.StorageProviders.HibernateStorageProvider\\Forge.Persistence.StorageProviders.HibernateStorageProvider.csproj
		SccProjectName14 = Forge.Persistence.StorageProviders.HibernateStorageProvider
		SccLocalPath14 = Forge.Persistence.StorageProviders.HibernateStorageProvider
		SccProjectUniqueName15 = Testing.Hooks\\Testing.Hooks.csproj
		SccProjectName15 = Testing.Hooks
		SccLocalPath15 = Testing.Hooks
		SccProjectUniqueName16 = Forge.Net.Remoting\\Forge.Net.Remoting.csproj
		SccProjectName16 = Forge.Net.Remoting
		SccLocalPath16 = Forge.Net.Remoting
		SccProjectUniqueName17 = Forge.Net.Services\\Forge.Net.Services.csproj
		SccProjectName17 = Forge.Net.Services
		SccLocalPath17 = Forge.Net.Services
		SccProjectUniqueName18 = Forge.TimeServer\\Forge.TimeServer.csproj
		SccProjectName18 = Forge.TimeServer
		SccLocalPath18 = Forge.TimeServer
		SccProjectUniqueName19 = Forge.TimeServer.Client\\Forge.TimeServer.Client.csproj
		SccProjectName19 = Forge.TimeServer.Client
		SccLocalPath19 = Forge.TimeServer.Client
		SccProjectUniqueName20 = Forge.TimeServer.Service\\Forge.TimeServer.Service.csproj
		SccProjectName20 = Forge.TimeServer.Service
		SccLocalPath20 = Forge.TimeServer.Service
		SccProjectUniqueName21 = Forge.RemoteDesktop\\Forge.RemoteDesktop.csproj
		SccProjectName21 = Forge.RemoteDesktop
		SccLocalPath21 = Forge.RemoteDesktop
		SccProjectUniqueName22 = Forge.RemoteDesktop.Client\\Forge.RemoteDesktop.Client.csproj
		SccProjectName22 = Forge.RemoteDesktop.Client
		SccLocalPath22 = Forge.RemoteDesktop.Client
		SccProjectUniqueName23 = Forge.RemoteDesktop.Service\\Forge.RemoteDesktop.Service.csproj
		SccProjectName23 = Forge.RemoteDesktop.Service
		SccLocalPath23 = Forge.RemoteDesktop.Service
		SccProjectUniqueName24 = Forge.ErrorReport\\Forge.ErrorReport.csproj
		SccProjectName24 = Forge.ErrorReport
		SccLocalPath24 = Forge.ErrorReport
		SccProjectUniqueName25 = Forge.ErrorReport.Client\\Forge.ErrorReport.Client.csproj
		SccProjectName25 = Forge.ErrorReport.Client
		SccLocalPath25 = Forge.ErrorReport.Client
		SccProjectUniqueName26 = Forge.ErrorReport.Service\\Forge.ErrorReport.Service.csproj
		SccProjectName26 = Forge.ErrorReport.Service
		SccLocalPath26 = Forge.ErrorReport.Service
		SccProjectUniqueName27 = Testing\\Testing.csproj
		SccProjectName27 = Testing
		SccLocalPath27 = Testing
		SccProjectUniqueName28 = Testing.Entities\\Testing.Entities.csproj
		SccProjectName28 = Testing.Entities
		SccLocalPath28 = Testing.Entities
		SccProjectUniqueName29 = Testing.RemoteDesktop.Client\\Testing.RemoteDesktop.Client.csproj
		SccProjectName29 = Testing.RemoteDesktop.Client
		SccLocalPath29 = Testing.RemoteDesktop.Client
		SccProjectUniqueName30 = Testing.RemoteDesktop.Server\\Testing.RemoteDesktop.Server.csproj
		SccProjectName30 = Testing.RemoteDesktop.Server
		SccLocalPath30 = Testing.RemoteDesktop.Server
		SccProjectUniqueName31 = Testing.TerraGraf\\Testing.TerraGraf.csproj
		SccProjectName31 = Testing.TerraGraf
		SccLocalPath31 = Testing.TerraGraf
		SccProjectUniqueName32 = Forge.UpdateFramework\\Forge.UpdateFramework.csproj
		SccProjectName32 = Forge.UpdateFramework
		SccLocalPath32 = Forge.UpdateFramework
		SccProjectUniqueName33 = Forge.UpdateFramework.Client\\Forge.UpdateFramework.Client.csproj
		SccProjectName33 = Forge.UpdateFramework.Client
		SccLocalPath33 = Forge.UpdateFramework.Client
		SccProjectUniqueName34 = Forge.UpdateFramework.Service\\Forge.UpdateFramework.Service.csproj
		SccProjectName34 = Forge.UpdateFramework.Service
		SccLocalPath34 = Forge.UpdateFramework.Service
		SccProjectUniqueName35 = Forge.Native\\Forge.Native.csproj
		SccProjectName35 = Forge.Native
		SccLocalPath35 = Forge.Native
		SccProjectUniqueName36 = Forge.Security\\Forge.Security.csproj
		SccProjectName36 = Forge.Security
		SccLocalPath36 = Forge.Security
		SccProjectUniqueName37 = Forge.Logging.Log4net\\Forge.Logging.Log4net.csproj
		SccProjectName37 = Forge.Logging.Log4net
		SccLocalPath37 = Forge.Logging.Log4net
		SccProjectUniqueName38 = Forge.Net.WebSockets\\Forge.Net.WebSockets.csproj
		SccProjectName38 = Forge.Net.WebSockets
		SccLocalPath38 = Forge.Net.WebSockets
		SccProjectUniqueName39 = Forge.Windows.UI\\Forge.Windows.UI.csproj
		SccProjectName39 = Forge.Windows.UI
		SccLocalPath39 = Forge.Windows.UI
		SccProjectUniqueName40 = Forge.Logging.Utils\\Forge.Logging.Utils.csproj
		SccProjectName40 = Forge.Logging.Utils
		SccLocalPath40 = Forge.Logging.Utils
		SccProjectUniqueName41 = Forge.NetCore\\Forge.Security.Jwt.Client\\Forge.Security.Jwt.Client.csproj
		SccProjectTopLevelParentUniqueName41 = Forge.sln
		SccProjectName41 = Forge.NetCore/Forge.Security.Jwt.Client
		SccLocalPath41 = Forge.NetCore\\Forge.Security.Jwt.Client
		SccProjectUniqueName42 = Forge.NetCore\\Forge.Security.Jwt.Client.Storage.Browser\\Forge.Security.Jwt.Client.Storage.Browser.csproj
		SccProjectTopLevelParentUniqueName42 = Forge.sln
		SccProjectName42 = Forge.NetCore/Forge.Security.Jwt.Client.Storage.Browser
		SccLocalPath42 = Forge.NetCore\\Forge.Security.Jwt.Client.Storage.Browser
		SccProjectUniqueName43 = Forge.NetCore\\Forge.Wasm.BrowserStorages\\Forge.Wasm.BrowserStorages.csproj
		SccProjectTopLevelParentUniqueName43 = Forge.sln
		SccProjectName43 = Forge.NetCore/Forge.Wasm.BrowserStorages
		SccLocalPath43 = Forge.NetCore\\Forge.Wasm.BrowserStorages
		SccProjectUniqueName44 = Forge.NetCore\\Forge.Wasm.BrowserStorages.NewtonSoft.Json\\Forge.Wasm.BrowserStorages.NewtonSoft.Json.csproj
		SccProjectTopLevelParentUniqueName44 = Forge.sln
		SccProjectName44 = Forge.NetCore/Forge.Wasm.BrowserStorages.NewtonSoft.Json
		SccLocalPath44 = Forge.NetCore\\Forge.Wasm.BrowserStorages.NewtonSoft.Json
		SccProjectUniqueName45 = Forge.NetCore\\Forge.Testing.Security.Jwt\\Forge.Testing.Security.Jwt.csproj
		SccProjectTopLevelParentUniqueName45 = Forge.sln
		SccProjectName45 = Forge.NetCore/Forge.Testing.Security.Jwt
		SccLocalPath45 = Forge.NetCore\\Forge.Testing.Security.Jwt
		SccProjectUniqueName46 = Forge.NetCore\\Forge.Security.Jwt.Service.Storage.SqlServer\\Forge.Security.Jwt.Service.Storage.SqlServer.csproj
		SccProjectTopLevelParentUniqueName46 = Forge.sln
		SccProjectName46 = Forge.NetCore/Forge.Security.Jwt.Service.Storage.SqlServer
		SccLocalPath46 = Forge.NetCore\\Forge.Security.Jwt.Service.Storage.SqlServer
		SccProjectUniqueName47 = Forge.NetCore\\Forge.Invoker\\Forge.Invoker.csproj
		SccProjectTopLevelParentUniqueName47 = Forge.sln
		SccProjectName47 = Forge.NetCore/Forge.Invoker
		SccLocalPath47 = Forge.NetCore\\Forge.Invoker
		SccProjectUniqueName48 = Forge.NetCore\\Forge.Base\\Forge.Base.csproj
		SccProjectTopLevelParentUniqueName48 = Forge.sln
		SccProjectName48 = Forge.NetCore/Forge.Base
		SccLocalPath48 = Forge.NetCore\\Forge.Base
		SccProjectUniqueName49 = Forge.NetCore\\Forge.DatabaseManagement\\Forge.DatabaseManagement.csproj
		SccProjectTopLevelParentUniqueName49 = Forge.sln
		SccProjectName49 = Forge.NetCore/Forge.DatabaseManagement
		SccLocalPath49 = Forge.NetCore\\Forge.DatabaseManagement
		SccProjectUniqueName50 = Forge.NetCore\\Forge.DatabaseManagement.SQLite\\Forge.DatabaseManagement.SQLite.csproj
		SccProjectTopLevelParentUniqueName50 = Forge.sln
		SccProjectName50 = Forge.NetCore/Forge.DatabaseManagement.SQLite
		SccLocalPath50 = Forge.NetCore\\Forge.DatabaseManagement.SQLite
		SccProjectUniqueName51 = Forge.NetCore\\Forge.DatabaseManagement.SqlServer2008\\Forge.DatabaseManagement.SqlServer2008.csproj
		SccProjectTopLevelParentUniqueName51 = Forge.sln
		SccProjectName51 = Forge.NetCore/Forge.DatabaseManagement.SqlServer2008
		SccLocalPath51 = Forge.NetCore\\Forge.DatabaseManagement.SqlServer2008
		SccProjectUniqueName52 = Forge.NetCore\\Forge.Extensions\\Forge.Extensions.csproj
		SccProjectTopLevelParentUniqueName52 = Forge.sln
		SccProjectName52 = Forge.NetCore/Forge.Extensions
		SccLocalPath52 = Forge.NetCore\\Forge.Extensions
		SccProjectUniqueName53 = Forge.NetCore\\Forge.Logging.Log4net\\Forge.Logging.Log4net.csproj
		SccProjectTopLevelParentUniqueName53 = Forge.sln
		SccProjectName53 = Forge.NetCore/Forge.Logging.Log4net
		SccLocalPath53 = Forge.NetCore\\Forge.Logging.Log4net
		SccProjectUniqueName54 = Forge.NetCore\\Forge.Logging.Utils\\Forge.Logging.Utils.csproj
		SccProjectTopLevelParentUniqueName54 = Forge.sln
		SccProjectName54 = Forge.NetCore/Forge.Logging.Utils
		SccLocalPath54 = Forge.NetCore\\Forge.Logging.Utils
		SccProjectUniqueName55 = Forge.NetCore\\Forge.Native\\Forge.Native.csproj
		SccProjectTopLevelParentUniqueName55 = Forge.sln
		SccProjectName55 = Forge.NetCore/Forge.Native
		SccLocalPath55 = Forge.NetCore\\Forge.Native
		SccProjectUniqueName56 = Forge.NetCore\\Forge.Persistence\\Forge.Persistence.csproj
		SccProjectTopLevelParentUniqueName56 = Forge.sln
		SccProjectName56 = Forge.NetCore/Forge.Persistence
		SccLocalPath56 = Forge.NetCore\\Forge.Persistence
		SccProjectUniqueName57 = Forge.NetCore\\Forge.Security\\Forge.Security.csproj
		SccProjectTopLevelParentUniqueName57 = Forge.sln
		SccProjectName57 = Forge.NetCore/Forge.Security
		SccLocalPath57 = Forge.NetCore\\Forge.Security
		SccProjectUniqueName58 = Forge.NetCore\\Forge.ErrorReport\\Forge.ErrorReport.csproj
		SccProjectTopLevelParentUniqueName58 = Forge.sln
		SccProjectName58 = Forge.NetCore/Forge.ErrorReport
		SccLocalPath58 = Forge.NetCore\\Forge.ErrorReport
		SccProjectUniqueName59 = Forge.NetCore\\Forge.ErrorReport.Client\\Forge.ErrorReport.Client.csproj
		SccProjectTopLevelParentUniqueName59 = Forge.sln
		SccProjectName59 = Forge.NetCore/Forge.ErrorReport.Client
		SccLocalPath59 = Forge.NetCore\\Forge.ErrorReport.Client
		SccProjectUniqueName60 = Forge.NetCore\\Forge.ErrorReport.Service\\Forge.ErrorReport.Service.csproj
		SccProjectTopLevelParentUniqueName60 = Forge.sln
		SccProjectName60 = Forge.NetCore/Forge.ErrorReport.Service
		SccLocalPath60 = Forge.NetCore\\Forge.ErrorReport.Service
		SccProjectUniqueName61 = Forge.NetCore\\Forge.Net.Remoting\\Forge.Net.Remoting.csproj
		SccProjectTopLevelParentUniqueName61 = Forge.sln
		SccProjectName61 = Forge.NetCore/Forge.Net.Remoting
		SccLocalPath61 = Forge.NetCore\\Forge.Net.Remoting
		SccProjectUniqueName62 = Forge.NetCore\\Forge.Net.Services\\Forge.Net.Services.csproj
		SccProjectTopLevelParentUniqueName62 = Forge.sln
		SccProjectName62 = Forge.NetCore/Forge.Net.Services
		SccLocalPath62 = Forge.NetCore\\Forge.Net.Services
		SccProjectUniqueName63 = Forge.NetCore\\Forge.Net.Synapse\\Forge.Net.Synapse.csproj
		SccProjectTopLevelParentUniqueName63 = Forge.sln
		SccProjectName63 = Forge.NetCore/Forge.Net.Synapse
		SccLocalPath63 = Forge.NetCore\\Forge.Net.Synapse
		SccProjectUniqueName64 = Forge.NetCore\\Forge.Net.TerraGraf\\Forge.Net.TerraGraf.csproj
		SccProjectTopLevelParentUniqueName64 = Forge.sln
		SccProjectName64 = Forge.NetCore/Forge.Net.TerraGraf
		SccLocalPath64 = Forge.NetCore\\Forge.Net.TerraGraf
		SccProjectUniqueName65 = Forge.NetCore\\Forge.Net.WebSockets\\Forge.Net.WebSockets.csproj
		SccProjectTopLevelParentUniqueName65 = Forge.sln
		SccProjectName65 = Forge.NetCore/Forge.Net.WebSockets
		SccLocalPath65 = Forge.NetCore\\Forge.Net.WebSockets
		SccProjectUniqueName66 = Forge.NetCore\\Forge.ORM.NHibernateExtension\\Forge.ORM.NHibernateExtension.csproj
		SccProjectTopLevelParentUniqueName66 = Forge.sln
		SccProjectName66 = Forge.NetCore/Forge.ORM.NHibernateExtension
		SccLocalPath66 = Forge.NetCore\\Forge.ORM.NHibernateExtension
		SccProjectUniqueName67 = Forge.NetCore\\Forge.Persistence.Formatters.JsonNet\\Forge.Persistence.Formatters.JsonNet.csproj
		SccProjectTopLevelParentUniqueName67 = Forge.sln
		SccProjectName67 = Forge.NetCore/Forge.Persistence.Formatters.JsonNet
		SccLocalPath67 = Forge.NetCore\\Forge.Persistence.Formatters.JsonNet
		SccProjectUniqueName68 = Forge.NetCore\\Forge.Persistence.StorageProviders.HibernateStorageProvider\\Forge.Persistence.StorageProviders.HibernateStorageProvider.csproj
		SccProjectTopLevelParentUniqueName68 = Forge.sln
		SccProjectName68 = Forge.NetCore/Forge.Persistence.StorageProviders.HibernateStorageProvider
		SccLocalPath68 = Forge.NetCore\\Forge.Persistence.StorageProviders.HibernateStorageProvider
		SccProjectUniqueName69 = Forge.NetCore\\Forge.RemoteDesktop\\Forge.RemoteDesktop.csproj
		SccProjectTopLevelParentUniqueName69 = Forge.sln
		SccProjectName69 = Forge.NetCore/Forge.RemoteDesktop
		SccLocalPath69 = Forge.NetCore\\Forge.RemoteDesktop
		SccProjectUniqueName70 = Forge.NetCore\\Forge.RemoteDesktop.Client\\Forge.RemoteDesktop.Client.csproj
		SccProjectTopLevelParentUniqueName70 = Forge.sln
		SccProjectName70 = Forge.NetCore/Forge.RemoteDesktop.Client
		SccLocalPath70 = Forge.NetCore\\Forge.RemoteDesktop.Client
		SccProjectUniqueName71 = Forge.NetCore\\Forge.RemoteDesktop.Service\\Forge.RemoteDesktop.Service.csproj
		SccProjectTopLevelParentUniqueName71 = Forge.sln
		SccProjectName71 = Forge.NetCore/Forge.RemoteDesktop.Service
		SccLocalPath71 = Forge.NetCore\\Forge.RemoteDesktop.Service
		SccProjectUniqueName72 = Forge.NetCore\\Forge.TimeServer\\Forge.TimeServer.csproj
		SccProjectTopLevelParentUniqueName72 = Forge.sln
		SccProjectName72 = Forge.NetCore/Forge.TimeServer
		SccLocalPath72 = Forge.NetCore\\Forge.TimeServer
		SccProjectUniqueName73 = Forge.NetCore\\Forge.TimeServer.Client\\Forge.TimeServer.Client.csproj
		SccProjectTopLevelParentUniqueName73 = Forge.sln
		SccProjectName73 = Forge.NetCore/Forge.TimeServer.Client
		SccLocalPath73 = Forge.NetCore\\Forge.TimeServer.Client
		SccProjectUniqueName74 = Forge.NetCore\\Forge.TimeServer.Service\\Forge.TimeServer.Service.csproj
		SccProjectTopLevelParentUniqueName74 = Forge.sln
		SccProjectName74 = Forge.NetCore/Forge.TimeServer.Service
		SccLocalPath74 = Forge.NetCore\\Forge.TimeServer.Service
		SccProjectUniqueName75 = Forge.NetCore\\Forge.Windows.UI\\Forge.Windows.UI.csproj
		SccProjectTopLevelParentUniqueName75 = Forge.sln
		SccProjectName75 = Forge.NetCore/Forge.Windows.UI
		SccLocalPath75 = Forge.NetCore\\Forge.Windows.UI
	EndGlobalSection
	GlobalSection(TestCaseManagementSettings) = postSolution
		CategoryFile = Forge.vsmdi
	EndGlobalSection
EndGlobal
