
Microsoft Visual Studio Solution File, Format Version 11.00
# Visual Studio 2010
Project("{2150E333-8FDC-42A3-9474-1A3956D46DE8}") = ".Documents", ".Documents", "{416C523A-8611-4C87-9740-C7A84C9B1D50}"
	ProjectSection(SolutionItems) = preProject
		.Documents\sign_synapse.bat = .Documents\sign_synapse.bat
		.Documents\sign_terragraf.bat = .Documents\sign_terragraf.bat
		.Documents\SignPassword.txt = .Documents\SignPassword.txt
		.Documents\SynapseFuscator.xml = .Documents\SynapseFuscator.xml
		.Documents\TerraGrafFuscator.xml = .Documents\TerraGrafFuscator.xml
	EndProjectSection
EndProject
Project("{FAE04EC0-301F-11D3-BF4B-00C04F79EFBC}") = "Forge.Base", "Forge.Base\Forge.Base.csproj", "{F3EED65E-C103-4BA8-AF1D-37421D73A708}"
EndProject
Project("{FAE04EC0-301F-11D3-BF4B-00C04F79EFBC}") = "Forge.WindowsServiceControl", "Forge.WindowsServiceControl\Forge.WindowsServiceControl.csproj", "{5750674A-8247-4F44-BE3F-DFAC351E1F73}"
EndProject
Project("{FAE04EC0-301F-11D3-BF4B-00C04F79EFBC}") = "Forge.Extensions", "Forge.Extensions\Forge.Extensions.csproj", "{B4EA240F-19DC-42CB-810B-99E86AF8D06E}"
EndProject
Project("{FAE04EC0-301F-11D3-BF4B-00C04F79EFBC}") = "Forge.Persistence", "Forge.Persistence\Forge.Persistence.csproj", "{689C2101-257F-404B-9B50-9B550DFA196F}"
EndProject
Project("{FAE04EC0-301F-11D3-BF4B-00C04F79EFBC}") = "Forge.Test", "Forge.Test\Forge.Test.csproj", "{1C08031A-C275-414E-8688-636D49D69DC6}"
EndProject
Project("{2150E333-8FDC-42A3-9474-1A3956D46DE8}") = "Solution Items", "Solution Items", "{EDCC58B0-87A2-469A-B150-A4A02C4D585A}"
	ProjectSection(SolutionItems) = preProject
		Forge.vsmdi = Forge.vsmdi
		Forge_Release.vsmdi = Forge_Release.vsmdi
		Local.testsettings = Local.testsettings
		TraceAndTestImpact.testsettings = TraceAndTestImpact.testsettings
	EndProjectSection
EndProject
Project("{FAE04EC0-301F-11D3-BF4B-00C04F79EFBC}") = "Forge.Persistence.Formatters.JsonNet", "Forge.Persistence.Formatters.JsonNet\Forge.Persistence.Formatters.JsonNet.csproj", "{64BB1EFC-27BB-4A5F-B631-234A552C4288}"
EndProject
Global
	GlobalSection(TeamFoundationVersionControl) = preSolution
		SccNumberOfProjects = 7
		SccEnterpriseProvider = {4CA58AB2-18FA-4F8D-95D4-32DDF27D184C}
		SccTeamFoundationServer = https://jzo.visualstudio.com/defaultcollection
		SccLocalPath0 = .
		SccProjectUniqueName1 = Forge.Base\\Forge.Base.csproj
		SccProjectName1 = Forge.Base
		SccLocalPath1 = Forge.Base
		SccProjectUniqueName2 = Forge.WindowsServiceControl\\Forge.WindowsServiceControl.csproj
		SccProjectName2 = Forge.WindowsServiceControl
		SccLocalPath2 = Forge.WindowsServiceControl
		SccProjectUniqueName3 = Forge.Extensions\\Forge.Extensions.csproj
		SccProjectName3 = Forge.Extensions
		SccLocalPath3 = Forge.Extensions
		SccProjectUniqueName4 = Forge.Persistence\\Forge.Persistence.csproj
		SccProjectName4 = Forge.Persistence
		SccLocalPath4 = Forge.Persistence
		SccProjectUniqueName5 = Forge.Test\\Forge.Test.csproj
		SccProjectName5 = Forge.Test
		SccLocalPath5 = Forge.Test
		SccProjectUniqueName6 = Forge.Persistence.Formatters.JsonNet\\Forge.Persistence.Formatters.JsonNet.csproj
		SccProjectName6 = Forge.Persistence.Formatters.JsonNet
		SccLocalPath6 = Forge.Persistence.Formatters.JsonNet
	EndGlobalSection
	GlobalSection(TestCaseManagementSettings) = postSolution
		CategoryFile = Forge_Release.vsmdi
	EndGlobalSection
	GlobalSection(SolutionConfigurationPlatforms) = preSolution
		BuildServerRelease|Any CPU = BuildServerRelease|Any CPU
		Debug|Any CPU = Debug|Any CPU
		Release|Any CPU = Release|Any CPU
	EndGlobalSection
	GlobalSection(ProjectConfigurationPlatforms) = postSolution
		{F3EED65E-C103-4BA8-AF1D-37421D73A708}.BuildServerRelease|Any CPU.ActiveCfg = Release|Any CPU
		{F3EED65E-C103-4BA8-AF1D-37421D73A708}.BuildServerRelease|Any CPU.Build.0 = Release|Any CPU
		{F3EED65E-C103-4BA8-AF1D-37421D73A708}.Debug|Any CPU.ActiveCfg = Debug|Any CPU
		{F3EED65E-C103-4BA8-AF1D-37421D73A708}.Debug|Any CPU.Build.0 = Debug|Any CPU
		{F3EED65E-C103-4BA8-AF1D-37421D73A708}.Release|Any CPU.ActiveCfg = Release|Any CPU
		{F3EED65E-C103-4BA8-AF1D-37421D73A708}.Release|Any CPU.Build.0 = Release|Any CPU
		{5750674A-8247-4F44-BE3F-DFAC351E1F73}.BuildServerRelease|Any CPU.ActiveCfg = Release|Any CPU
		{5750674A-8247-4F44-BE3F-DFAC351E1F73}.BuildServerRelease|Any CPU.Build.0 = Release|Any CPU
		{5750674A-8247-4F44-BE3F-DFAC351E1F73}.Debug|Any CPU.ActiveCfg = Debug|Any CPU
		{5750674A-8247-4F44-BE3F-DFAC351E1F73}.Debug|Any CPU.Build.0 = Debug|Any CPU
		{5750674A-8247-4F44-BE3F-DFAC351E1F73}.Release|Any CPU.ActiveCfg = Release|Any CPU
		{5750674A-8247-4F44-BE3F-DFAC351E1F73}.Release|Any CPU.Build.0 = Release|Any CPU
		{B4EA240F-19DC-42CB-810B-99E86AF8D06E}.BuildServerRelease|Any CPU.ActiveCfg = Release|Any CPU
		{B4EA240F-19DC-42CB-810B-99E86AF8D06E}.BuildServerRelease|Any CPU.Build.0 = Release|Any CPU
		{B4EA240F-19DC-42CB-810B-99E86AF8D06E}.Debug|Any CPU.ActiveCfg = Debug|Any CPU
		{B4EA240F-19DC-42CB-810B-99E86AF8D06E}.Debug|Any CPU.Build.0 = Debug|Any CPU
		{B4EA240F-19DC-42CB-810B-99E86AF8D06E}.Release|Any CPU.ActiveCfg = Release|Any CPU
		{B4EA240F-19DC-42CB-810B-99E86AF8D06E}.Release|Any CPU.Build.0 = Release|Any CPU
		{689C2101-257F-404B-9B50-9B550DFA196F}.BuildServerRelease|Any CPU.ActiveCfg = Release|Any CPU
		{689C2101-257F-404B-9B50-9B550DFA196F}.BuildServerRelease|Any CPU.Build.0 = Release|Any CPU
		{689C2101-257F-404B-9B50-9B550DFA196F}.Debug|Any CPU.ActiveCfg = Debug|Any CPU
		{689C2101-257F-404B-9B50-9B550DFA196F}.Debug|Any CPU.Build.0 = Debug|Any CPU
		{689C2101-257F-404B-9B50-9B550DFA196F}.Release|Any CPU.ActiveCfg = Release|Any CPU
		{689C2101-257F-404B-9B50-9B550DFA196F}.Release|Any CPU.Build.0 = Release|Any CPU
		{1C08031A-C275-414E-8688-636D49D69DC6}.BuildServerRelease|Any CPU.ActiveCfg = Release|Any CPU
		{1C08031A-C275-414E-8688-636D49D69DC6}.BuildServerRelease|Any CPU.Build.0 = Release|Any CPU
		{1C08031A-C275-414E-8688-636D49D69DC6}.Debug|Any CPU.ActiveCfg = Debug|Any CPU
		{1C08031A-C275-414E-8688-636D49D69DC6}.Debug|Any CPU.Build.0 = Debug|Any CPU
		{1C08031A-C275-414E-8688-636D49D69DC6}.Release|Any CPU.ActiveCfg = Release|Any CPU
		{1C08031A-C275-414E-8688-636D49D69DC6}.Release|Any CPU.Build.0 = Release|Any CPU
		{64BB1EFC-27BB-4A5F-B631-234A552C4288}.BuildServerRelease|Any CPU.ActiveCfg = Release|Any CPU
		{64BB1EFC-27BB-4A5F-B631-234A552C4288}.BuildServerRelease|Any CPU.Build.0 = Release|Any CPU
		{64BB1EFC-27BB-4A5F-B631-234A552C4288}.Debug|Any CPU.ActiveCfg = Debug|Any CPU
		{64BB1EFC-27BB-4A5F-B631-234A552C4288}.Debug|Any CPU.Build.0 = Debug|Any CPU
		{64BB1EFC-27BB-4A5F-B631-234A552C4288}.Release|Any CPU.ActiveCfg = Release|Any CPU
		{64BB1EFC-27BB-4A5F-B631-234A552C4288}.Release|Any CPU.Build.0 = Release|Any CPU
	EndGlobalSection
	GlobalSection(SolutionProperties) = preSolution
		HideSolutionNode = FALSE
	EndGlobalSection
EndGlobal
