
Microsoft Visual Studio Solution File, Format Version 12.00
# Visual Studio Version 17
VisualStudioVersion = 17.2.32616.157
MinimumVisualStudioVersion = 10.0.40219.1
Project("{9A19103F-16F7-4668-BE54-9A1E7A4F7556}") = "Forge.Base", "Forge.Base\Forge.Base.csproj", "{F3EED65E-C103-4BA8-AF1D-37421D73A708}"
EndProject
Project("{9A19103F-16F7-4668-BE54-9A1E7A4F7556}") = "Forge.Testing", "Forge.Testing\Forge.Testing.csproj", "{FD38CB4B-0B00-4AE5-9CF4-8C1B3F570716}"
	ProjectSection(ProjectDependencies) = postProject
		{04BDD54C-260B-4F36-BCC0-E24181660B0B} = {04BDD54C-260B-4F36-BCC0-E24181660B0B}
		{0F590995-E709-4BD6-85FB-4059D2D7507E} = {0F590995-E709-4BD6-85FB-4059D2D7507E}
		{16E51317-3E8B-4455-8039-A3C9AD163369} = {16E51317-3E8B-4455-8039-A3C9AD163369}
		{2684A3BD-A1C6-4AB1-BC3C-6BC0AD3F42D4} = {2684A3BD-A1C6-4AB1-BC3C-6BC0AD3F42D4}
		{26FA621F-314D-4962-AED8-38404BEDE4F9} = {26FA621F-314D-4962-AED8-38404BEDE4F9}
		{36E20203-B4D9-4363-BF52-EFD07E702BD3} = {36E20203-B4D9-4363-BF52-EFD07E702BD3}
		{40AA163A-6A5D-41D1-8D42-9808C3B415E6} = {40AA163A-6A5D-41D1-8D42-9808C3B415E6}
		{44570E1B-56D9-4177-9608-2C86C708F064} = {44570E1B-56D9-4177-9608-2C86C708F064}
		{5BF0BB3E-82BD-4F55-988F-64F39912A794} = {5BF0BB3E-82BD-4F55-988F-64F39912A794}
		{64BB1EFC-27BB-4A5F-B631-234A552C4288} = {64BB1EFC-27BB-4A5F-B631-234A552C4288}
		{727D08CE-4A53-4397-8DAD-C27100872667} = {727D08CE-4A53-4397-8DAD-C27100872667}
		{B565E903-9B5B-4248-BCF2-EFBA29851646} = {B565E903-9B5B-4248-BCF2-EFBA29851646}
		{CF3D0FC3-46A2-4C86-83F0-5F9EBB417A3F} = {CF3D0FC3-46A2-4C86-83F0-5F9EBB417A3F}
		{D10ACD6E-6E02-461F-9E70-7CCB5E0F00E6} = {D10ACD6E-6E02-461F-9E70-7CCB5E0F00E6}
		{D1427FB9-2787-46E6-A5AC-D98E8476F4F7} = {D1427FB9-2787-46E6-A5AC-D98E8476F4F7}
		{D2DEC75E-E22B-423F-BA8A-253D652A611B} = {D2DEC75E-E22B-423F-BA8A-253D652A611B}
		{D4C8AAD5-EC16-444B-992E-6E0B71200B03} = {D4C8AAD5-EC16-444B-992E-6E0B71200B03}
		{DA14FB35-D571-4163-A913-3D8C934954BD} = {DA14FB35-D571-4163-A913-3D8C934954BD}
		{DB1C2AB1-17E9-4D85-85F0-20F4C070693A} = {DB1C2AB1-17E9-4D85-85F0-20F4C070693A}
		{DEBE7357-24AE-47A4-BFC6-BD1643A53BB2} = {DEBE7357-24AE-47A4-BFC6-BD1643A53BB2}
		{E69C47BC-5245-4ED6-A833-BCABF6F6A29B} = {E69C47BC-5245-4ED6-A833-BCABF6F6A29B}
		{ECBE2E5E-BCC8-4408-9FED-788A3501226D} = {ECBE2E5E-BCC8-4408-9FED-788A3501226D}
	EndProjectSection
EndProject
Project("{9A19103F-16F7-4668-BE54-9A1E7A4F7556}") = "Forge.Security", "Forge.Security\Forge.Security.csproj", "{94A61AE8-D345-40CD-A007-9CB050B8E0AA}"
	ProjectSection(ProjectDependencies) = postProject
		{F3EED65E-C103-4BA8-AF1D-37421D73A708} = {F3EED65E-C103-4BA8-AF1D-37421D73A708}
	EndProjectSection
EndProject
Project("{9A19103F-16F7-4668-BE54-9A1E7A4F7556}") = "Forge.Extensions", "Forge.Extensions\Forge.Extensions.csproj", "{B565E903-9B5B-4248-BCF2-EFBA29851646}"
	ProjectSection(ProjectDependencies) = postProject
		{F3EED65E-C103-4BA8-AF1D-37421D73A708} = {F3EED65E-C103-4BA8-AF1D-37421D73A708}
	EndProjectSection
EndProject
Project("{9A19103F-16F7-4668-BE54-9A1E7A4F7556}") = "Forge.Persistence", "Forge.Persistence\Forge.Persistence.csproj", "{689C2101-257F-404B-9B50-9B550DFA196F}"
	ProjectSection(ProjectDependencies) = postProject
		{F3EED65E-C103-4BA8-AF1D-37421D73A708} = {F3EED65E-C103-4BA8-AF1D-37421D73A708}
	EndProjectSection
EndProject
Project("{9A19103F-16F7-4668-BE54-9A1E7A4F7556}") = "Forge.Persistence.Formatters.JsonNet", "Forge.Persistence.Formatters.JsonNet\Forge.Persistence.Formatters.JsonNet.csproj", "{64BB1EFC-27BB-4A5F-B631-234A552C4288}"
	ProjectSection(ProjectDependencies) = postProject
		{F3EED65E-C103-4BA8-AF1D-37421D73A708} = {F3EED65E-C103-4BA8-AF1D-37421D73A708}
	EndProjectSection
EndProject
Project("{9A19103F-16F7-4668-BE54-9A1E7A4F7556}") = "Forge.ORM.NHibernateExtension", "Forge.ORM.NHibernateExtension\Forge.ORM.NHibernateExtension.csproj", "{D1427FB9-2787-46E6-A5AC-D98E8476F4F7}"
EndProject
Project("{9A19103F-16F7-4668-BE54-9A1E7A4F7556}") = "Forge.DatabaseManagement", "Forge.DatabaseManagement\Forge.DatabaseManagement.csproj", "{CF3D0FC3-46A2-4C86-83F0-5F9EBB417A3F}"
	ProjectSection(ProjectDependencies) = postProject
		{F3EED65E-C103-4BA8-AF1D-37421D73A708} = {F3EED65E-C103-4BA8-AF1D-37421D73A708}
	EndProjectSection
EndProject
Project("{9A19103F-16F7-4668-BE54-9A1E7A4F7556}") = "Forge.DatabaseManagement.SQLite", "Forge.DatabaseManagement.SQLite\Forge.DatabaseManagement.SQLite.csproj", "{40AA163A-6A5D-41D1-8D42-9808C3B415E6}"
	ProjectSection(ProjectDependencies) = postProject
		{CF3D0FC3-46A2-4C86-83F0-5F9EBB417A3F} = {CF3D0FC3-46A2-4C86-83F0-5F9EBB417A3F}
		{F3EED65E-C103-4BA8-AF1D-37421D73A708} = {F3EED65E-C103-4BA8-AF1D-37421D73A708}
	EndProjectSection
EndProject
Project("{9A19103F-16F7-4668-BE54-9A1E7A4F7556}") = "Forge.DatabaseManagement.SqlServer2008", "Forge.DatabaseManagement.SqlServer2008\Forge.DatabaseManagement.SqlServer2008.csproj", "{36E20203-B4D9-4363-BF52-EFD07E702BD3}"
	ProjectSection(ProjectDependencies) = postProject
		{CF3D0FC3-46A2-4C86-83F0-5F9EBB417A3F} = {CF3D0FC3-46A2-4C86-83F0-5F9EBB417A3F}
		{F3EED65E-C103-4BA8-AF1D-37421D73A708} = {F3EED65E-C103-4BA8-AF1D-37421D73A708}
	EndProjectSection
EndProject
Project("{9A19103F-16F7-4668-BE54-9A1E7A4F7556}") = "Forge.Persistence.StorageProviders.HibernateStorageProvider", "Forge.Persistence.StorageProviders.HibernateStorageProvider\Forge.Persistence.StorageProviders.HibernateStorageProvider.csproj", "{DA14FB35-D571-4163-A913-3D8C934954BD}"
	ProjectSection(ProjectDependencies) = postProject
		{689C2101-257F-404B-9B50-9B550DFA196F} = {689C2101-257F-404B-9B50-9B550DFA196F}
		{CF3D0FC3-46A2-4C86-83F0-5F9EBB417A3F} = {CF3D0FC3-46A2-4C86-83F0-5F9EBB417A3F}
		{D1427FB9-2787-46E6-A5AC-D98E8476F4F7} = {D1427FB9-2787-46E6-A5AC-D98E8476F4F7}
		{F3EED65E-C103-4BA8-AF1D-37421D73A708} = {F3EED65E-C103-4BA8-AF1D-37421D73A708}
	EndProjectSection
EndProject
Project("{9A19103F-16F7-4668-BE54-9A1E7A4F7556}") = "Forge.Net.Synapse", "Forge.Net.Synapse\Forge.Net.Synapse.csproj", "{63528BC4-C7D4-4DB0-ADD7-36C98F0E0C0E}"
	ProjectSection(ProjectDependencies) = postProject
		{F3EED65E-C103-4BA8-AF1D-37421D73A708} = {F3EED65E-C103-4BA8-AF1D-37421D73A708}
	EndProjectSection
EndProject
Project("{9A19103F-16F7-4668-BE54-9A1E7A4F7556}") = "Forge.Net.TerraGraf", "Forge.Net.TerraGraf\Forge.Net.TerraGraf.csproj", "{BDD0BFBB-A9E7-42F1-ADCC-31DBB8A70B70}"
	ProjectSection(ProjectDependencies) = postProject
		{63528BC4-C7D4-4DB0-ADD7-36C98F0E0C0E} = {63528BC4-C7D4-4DB0-ADD7-36C98F0E0C0E}
		{F3EED65E-C103-4BA8-AF1D-37421D73A708} = {F3EED65E-C103-4BA8-AF1D-37421D73A708}
	EndProjectSection
EndProject
Project("{9A19103F-16F7-4668-BE54-9A1E7A4F7556}") = "Forge.Net.Remoting", "Forge.Net.Remoting\Forge.Net.Remoting.csproj", "{0F590995-E709-4BD6-85FB-4059D2D7507E}"
	ProjectSection(ProjectDependencies) = postProject
		{63528BC4-C7D4-4DB0-ADD7-36C98F0E0C0E} = {63528BC4-C7D4-4DB0-ADD7-36C98F0E0C0E}
		{BDD0BFBB-A9E7-42F1-ADCC-31DBB8A70B70} = {BDD0BFBB-A9E7-42F1-ADCC-31DBB8A70B70}
		{F3EED65E-C103-4BA8-AF1D-37421D73A708} = {F3EED65E-C103-4BA8-AF1D-37421D73A708}
	EndProjectSection
EndProject
Project("{9A19103F-16F7-4668-BE54-9A1E7A4F7556}") = "Forge.Net.Services", "Forge.Net.Services\Forge.Net.Services.csproj", "{5BF0BB3E-82BD-4F55-988F-64F39912A794}"
	ProjectSection(ProjectDependencies) = postProject
		{0F590995-E709-4BD6-85FB-4059D2D7507E} = {0F590995-E709-4BD6-85FB-4059D2D7507E}
		{63528BC4-C7D4-4DB0-ADD7-36C98F0E0C0E} = {63528BC4-C7D4-4DB0-ADD7-36C98F0E0C0E}
		{BDD0BFBB-A9E7-42F1-ADCC-31DBB8A70B70} = {BDD0BFBB-A9E7-42F1-ADCC-31DBB8A70B70}
		{F3EED65E-C103-4BA8-AF1D-37421D73A708} = {F3EED65E-C103-4BA8-AF1D-37421D73A708}
	EndProjectSection
EndProject
Project("{9A19103F-16F7-4668-BE54-9A1E7A4F7556}") = "Forge.ErrorReport", "Forge.ErrorReport\Forge.ErrorReport.csproj", "{C7A8F803-2AF4-4211-8EF4-BB62A9EC0B34}"
	ProjectSection(ProjectDependencies) = postProject
		{0F590995-E709-4BD6-85FB-4059D2D7507E} = {0F590995-E709-4BD6-85FB-4059D2D7507E}
		{D1427FB9-2787-46E6-A5AC-D98E8476F4F7} = {D1427FB9-2787-46E6-A5AC-D98E8476F4F7}
		{F3EED65E-C103-4BA8-AF1D-37421D73A708} = {F3EED65E-C103-4BA8-AF1D-37421D73A708}
	EndProjectSection
EndProject
Project("{9A19103F-16F7-4668-BE54-9A1E7A4F7556}") = "Forge.ErrorReport.Client", "Forge.ErrorReport.Client\Forge.ErrorReport.Client.csproj", "{44570E1B-56D9-4177-9608-2C86C708F064}"
	ProjectSection(ProjectDependencies) = postProject
		{0F590995-E709-4BD6-85FB-4059D2D7507E} = {0F590995-E709-4BD6-85FB-4059D2D7507E}
		{5BF0BB3E-82BD-4F55-988F-64F39912A794} = {5BF0BB3E-82BD-4F55-988F-64F39912A794}
		{63528BC4-C7D4-4DB0-ADD7-36C98F0E0C0E} = {63528BC4-C7D4-4DB0-ADD7-36C98F0E0C0E}
		{BDD0BFBB-A9E7-42F1-ADCC-31DBB8A70B70} = {BDD0BFBB-A9E7-42F1-ADCC-31DBB8A70B70}
		{C7A8F803-2AF4-4211-8EF4-BB62A9EC0B34} = {C7A8F803-2AF4-4211-8EF4-BB62A9EC0B34}
		{D10ACD6E-6E02-461F-9E70-7CCB5E0F00E6} = {D10ACD6E-6E02-461F-9E70-7CCB5E0F00E6}
		{F3EED65E-C103-4BA8-AF1D-37421D73A708} = {F3EED65E-C103-4BA8-AF1D-37421D73A708}
	EndProjectSection
EndProject
Project("{9A19103F-16F7-4668-BE54-9A1E7A4F7556}") = "Forge.ErrorReport.Service", "Forge.ErrorReport.Service\Forge.ErrorReport.Service.csproj", "{D4C8AAD5-EC16-444B-992E-6E0B71200B03}"
	ProjectSection(ProjectDependencies) = postProject
		{0F590995-E709-4BD6-85FB-4059D2D7507E} = {0F590995-E709-4BD6-85FB-4059D2D7507E}
		{5BF0BB3E-82BD-4F55-988F-64F39912A794} = {5BF0BB3E-82BD-4F55-988F-64F39912A794}
		{63528BC4-C7D4-4DB0-ADD7-36C98F0E0C0E} = {63528BC4-C7D4-4DB0-ADD7-36C98F0E0C0E}
		{BDD0BFBB-A9E7-42F1-ADCC-31DBB8A70B70} = {BDD0BFBB-A9E7-42F1-ADCC-31DBB8A70B70}
		{C7A8F803-2AF4-4211-8EF4-BB62A9EC0B34} = {C7A8F803-2AF4-4211-8EF4-BB62A9EC0B34}
		{F3EED65E-C103-4BA8-AF1D-37421D73A708} = {F3EED65E-C103-4BA8-AF1D-37421D73A708}
	EndProjectSection
EndProject
Project("{9A19103F-16F7-4668-BE54-9A1E7A4F7556}") = "Forge.TimeServer", "Forge.TimeServer\Forge.TimeServer.csproj", "{6486D46B-70D8-4F1A-86D5-67A2794E6AEC}"
	ProjectSection(ProjectDependencies) = postProject
		{0F590995-E709-4BD6-85FB-4059D2D7507E} = {0F590995-E709-4BD6-85FB-4059D2D7507E}
		{5BF0BB3E-82BD-4F55-988F-64F39912A794} = {5BF0BB3E-82BD-4F55-988F-64F39912A794}
		{F3EED65E-C103-4BA8-AF1D-37421D73A708} = {F3EED65E-C103-4BA8-AF1D-37421D73A708}
	EndProjectSection
EndProject
Project("{9A19103F-16F7-4668-BE54-9A1E7A4F7556}") = "Forge.TimeServer.Client", "Forge.TimeServer.Client\Forge.TimeServer.Client.csproj", "{D2DEC75E-E22B-423F-BA8A-253D652A611B}"
	ProjectSection(ProjectDependencies) = postProject
		{0F590995-E709-4BD6-85FB-4059D2D7507E} = {0F590995-E709-4BD6-85FB-4059D2D7507E}
		{5BF0BB3E-82BD-4F55-988F-64F39912A794} = {5BF0BB3E-82BD-4F55-988F-64F39912A794}
		{6486D46B-70D8-4F1A-86D5-67A2794E6AEC} = {6486D46B-70D8-4F1A-86D5-67A2794E6AEC}
		{F3EED65E-C103-4BA8-AF1D-37421D73A708} = {F3EED65E-C103-4BA8-AF1D-37421D73A708}
	EndProjectSection
EndProject
Project("{9A19103F-16F7-4668-BE54-9A1E7A4F7556}") = "Forge.TimeServer.Service", "Forge.TimeServer.Service\Forge.TimeServer.Service.csproj", "{DEBE7357-24AE-47A4-BFC6-BD1643A53BB2}"
	ProjectSection(ProjectDependencies) = postProject
		{0F590995-E709-4BD6-85FB-4059D2D7507E} = {0F590995-E709-4BD6-85FB-4059D2D7507E}
		{5BF0BB3E-82BD-4F55-988F-64F39912A794} = {5BF0BB3E-82BD-4F55-988F-64F39912A794}
		{6486D46B-70D8-4F1A-86D5-67A2794E6AEC} = {6486D46B-70D8-4F1A-86D5-67A2794E6AEC}
		{F3EED65E-C103-4BA8-AF1D-37421D73A708} = {F3EED65E-C103-4BA8-AF1D-37421D73A708}
	EndProjectSection
EndProject
Project("{9A19103F-16F7-4668-BE54-9A1E7A4F7556}") = "Forge.UpdateFramework", "Forge.UpdateFramework\Forge.UpdateFramework.csproj", "{5381068C-E22C-4FBB-A105-9A219FB5166B}"
	ProjectSection(ProjectDependencies) = postProject
		{0F590995-E709-4BD6-85FB-4059D2D7507E} = {0F590995-E709-4BD6-85FB-4059D2D7507E}
		{5BF0BB3E-82BD-4F55-988F-64F39912A794} = {5BF0BB3E-82BD-4F55-988F-64F39912A794}
		{F3EED65E-C103-4BA8-AF1D-37421D73A708} = {F3EED65E-C103-4BA8-AF1D-37421D73A708}
	EndProjectSection
EndProject
Project("{9A19103F-16F7-4668-BE54-9A1E7A4F7556}") = "Forge.UpdateFramework.Client", "Forge.UpdateFramework.Client\Forge.UpdateFramework.Client.csproj", "{04BDD54C-260B-4F36-BCC0-E24181660B0B}"
	ProjectSection(ProjectDependencies) = postProject
		{0F590995-E709-4BD6-85FB-4059D2D7507E} = {0F590995-E709-4BD6-85FB-4059D2D7507E}
		{5381068C-E22C-4FBB-A105-9A219FB5166B} = {5381068C-E22C-4FBB-A105-9A219FB5166B}
		{5BF0BB3E-82BD-4F55-988F-64F39912A794} = {5BF0BB3E-82BD-4F55-988F-64F39912A794}
		{F3EED65E-C103-4BA8-AF1D-37421D73A708} = {F3EED65E-C103-4BA8-AF1D-37421D73A708}
	EndProjectSection
EndProject
Project("{9A19103F-16F7-4668-BE54-9A1E7A4F7556}") = "Forge.UpdateFramework.Service", "Forge.UpdateFramework.Service\Forge.UpdateFramework.Service.csproj", "{26FA621F-314D-4962-AED8-38404BEDE4F9}"
	ProjectSection(ProjectDependencies) = postProject
		{0F590995-E709-4BD6-85FB-4059D2D7507E} = {0F590995-E709-4BD6-85FB-4059D2D7507E}
		{5381068C-E22C-4FBB-A105-9A219FB5166B} = {5381068C-E22C-4FBB-A105-9A219FB5166B}
		{5BF0BB3E-82BD-4F55-988F-64F39912A794} = {5BF0BB3E-82BD-4F55-988F-64F39912A794}
		{F3EED65E-C103-4BA8-AF1D-37421D73A708} = {F3EED65E-C103-4BA8-AF1D-37421D73A708}
	EndProjectSection
EndProject
Project("{9A19103F-16F7-4668-BE54-9A1E7A4F7556}") = "Forge.Logging.Log4net", "Forge.Logging.Log4net\Forge.Logging.Log4net.csproj", "{2684A3BD-A1C6-4AB1-BC3C-6BC0AD3F42D4}"
	ProjectSection(ProjectDependencies) = postProject
		{F3EED65E-C103-4BA8-AF1D-37421D73A708} = {F3EED65E-C103-4BA8-AF1D-37421D73A708}
	EndProjectSection
EndProject
Project("{9A19103F-16F7-4668-BE54-9A1E7A4F7556}") = "Forge.Testing.WPF", "Forge.Testing.WPF\Forge.Testing.WPF.csproj", "{5E2E07F8-CB9E-4E0F-AD5E-0CFE7289EC91}"
	ProjectSection(ProjectDependencies) = postProject
		{04BDD54C-260B-4F36-BCC0-E24181660B0B} = {04BDD54C-260B-4F36-BCC0-E24181660B0B}
		{0F590995-E709-4BD6-85FB-4059D2D7507E} = {0F590995-E709-4BD6-85FB-4059D2D7507E}
		{16E51317-3E8B-4455-8039-A3C9AD163369} = {16E51317-3E8B-4455-8039-A3C9AD163369}
		{2684A3BD-A1C6-4AB1-BC3C-6BC0AD3F42D4} = {2684A3BD-A1C6-4AB1-BC3C-6BC0AD3F42D4}
		{26FA621F-314D-4962-AED8-38404BEDE4F9} = {26FA621F-314D-4962-AED8-38404BEDE4F9}
		{36E20203-B4D9-4363-BF52-EFD07E702BD3} = {36E20203-B4D9-4363-BF52-EFD07E702BD3}
		{40AA163A-6A5D-41D1-8D42-9808C3B415E6} = {40AA163A-6A5D-41D1-8D42-9808C3B415E6}
		{44570E1B-56D9-4177-9608-2C86C708F064} = {44570E1B-56D9-4177-9608-2C86C708F064}
		{5BF0BB3E-82BD-4F55-988F-64F39912A794} = {5BF0BB3E-82BD-4F55-988F-64F39912A794}
		{64BB1EFC-27BB-4A5F-B631-234A552C4288} = {64BB1EFC-27BB-4A5F-B631-234A552C4288}
		{689C2101-257F-404B-9B50-9B550DFA196F} = {689C2101-257F-404B-9B50-9B550DFA196F}
		{727D08CE-4A53-4397-8DAD-C27100872667} = {727D08CE-4A53-4397-8DAD-C27100872667}
		{94A61AE8-D345-40CD-A007-9CB050B8E0AA} = {94A61AE8-D345-40CD-A007-9CB050B8E0AA}
		{B565E903-9B5B-4248-BCF2-EFBA29851646} = {B565E903-9B5B-4248-BCF2-EFBA29851646}
		{D10ACD6E-6E02-461F-9E70-7CCB5E0F00E6} = {D10ACD6E-6E02-461F-9E70-7CCB5E0F00E6}
		{D1427FB9-2787-46E6-A5AC-D98E8476F4F7} = {D1427FB9-2787-46E6-A5AC-D98E8476F4F7}
		{D2DEC75E-E22B-423F-BA8A-253D652A611B} = {D2DEC75E-E22B-423F-BA8A-253D652A611B}
		{D4C8AAD5-EC16-444B-992E-6E0B71200B03} = {D4C8AAD5-EC16-444B-992E-6E0B71200B03}
		{DA14FB35-D571-4163-A913-3D8C934954BD} = {DA14FB35-D571-4163-A913-3D8C934954BD}
		{DB1C2AB1-17E9-4D85-85F0-20F4C070693A} = {DB1C2AB1-17E9-4D85-85F0-20F4C070693A}
		{DEBE7357-24AE-47A4-BFC6-BD1643A53BB2} = {DEBE7357-24AE-47A4-BFC6-BD1643A53BB2}
		{E69C47BC-5245-4ED6-A833-BCABF6F6A29B} = {E69C47BC-5245-4ED6-A833-BCABF6F6A29B}
		{ECBE2E5E-BCC8-4408-9FED-788A3501226D} = {ECBE2E5E-BCC8-4408-9FED-788A3501226D}
		{F3EED65E-C103-4BA8-AF1D-37421D73A708} = {F3EED65E-C103-4BA8-AF1D-37421D73A708}
	EndProjectSection
EndProject
Project("{9A19103F-16F7-4668-BE54-9A1E7A4F7556}") = "Forge.Testing.WinForms", "Forge.Testing.WinForms\Forge.Testing.WinForms.csproj", "{352BC20C-444D-4FD2-A3A6-4E58B9F373C7}"
	ProjectSection(ProjectDependencies) = postProject
		{04BDD54C-260B-4F36-BCC0-E24181660B0B} = {04BDD54C-260B-4F36-BCC0-E24181660B0B}
		{0F590995-E709-4BD6-85FB-4059D2D7507E} = {0F590995-E709-4BD6-85FB-4059D2D7507E}
		{16E51317-3E8B-4455-8039-A3C9AD163369} = {16E51317-3E8B-4455-8039-A3C9AD163369}
		{2684A3BD-A1C6-4AB1-BC3C-6BC0AD3F42D4} = {2684A3BD-A1C6-4AB1-BC3C-6BC0AD3F42D4}
		{26FA621F-314D-4962-AED8-38404BEDE4F9} = {26FA621F-314D-4962-AED8-38404BEDE4F9}
		{36E20203-B4D9-4363-BF52-EFD07E702BD3} = {36E20203-B4D9-4363-BF52-EFD07E702BD3}
		{40AA163A-6A5D-41D1-8D42-9808C3B415E6} = {40AA163A-6A5D-41D1-8D42-9808C3B415E6}
		{44570E1B-56D9-4177-9608-2C86C708F064} = {44570E1B-56D9-4177-9608-2C86C708F064}
		{5BF0BB3E-82BD-4F55-988F-64F39912A794} = {5BF0BB3E-82BD-4F55-988F-64F39912A794}
		{64BB1EFC-27BB-4A5F-B631-234A552C4288} = {64BB1EFC-27BB-4A5F-B631-234A552C4288}
		{689C2101-257F-404B-9B50-9B550DFA196F} = {689C2101-257F-404B-9B50-9B550DFA196F}
		{727D08CE-4A53-4397-8DAD-C27100872667} = {727D08CE-4A53-4397-8DAD-C27100872667}
		{94A61AE8-D345-40CD-A007-9CB050B8E0AA} = {94A61AE8-D345-40CD-A007-9CB050B8E0AA}
		{B565E903-9B5B-4248-BCF2-EFBA29851646} = {B565E903-9B5B-4248-BCF2-EFBA29851646}
		{CF3D0FC3-46A2-4C86-83F0-5F9EBB417A3F} = {CF3D0FC3-46A2-4C86-83F0-5F9EBB417A3F}
		{D10ACD6E-6E02-461F-9E70-7CCB5E0F00E6} = {D10ACD6E-6E02-461F-9E70-7CCB5E0F00E6}
		{D1427FB9-2787-46E6-A5AC-D98E8476F4F7} = {D1427FB9-2787-46E6-A5AC-D98E8476F4F7}
		{D2DEC75E-E22B-423F-BA8A-253D652A611B} = {D2DEC75E-E22B-423F-BA8A-253D652A611B}
		{D4C8AAD5-EC16-444B-992E-6E0B71200B03} = {D4C8AAD5-EC16-444B-992E-6E0B71200B03}
		{DA14FB35-D571-4163-A913-3D8C934954BD} = {DA14FB35-D571-4163-A913-3D8C934954BD}
		{DB1C2AB1-17E9-4D85-85F0-20F4C070693A} = {DB1C2AB1-17E9-4D85-85F0-20F4C070693A}
		{DEBE7357-24AE-47A4-BFC6-BD1643A53BB2} = {DEBE7357-24AE-47A4-BFC6-BD1643A53BB2}
		{E69C47BC-5245-4ED6-A833-BCABF6F6A29B} = {E69C47BC-5245-4ED6-A833-BCABF6F6A29B}
		{ECBE2E5E-BCC8-4408-9FED-788A3501226D} = {ECBE2E5E-BCC8-4408-9FED-788A3501226D}
		{F3EED65E-C103-4BA8-AF1D-37421D73A708} = {F3EED65E-C103-4BA8-AF1D-37421D73A708}
	EndProjectSection
EndProject
Project("{9A19103F-16F7-4668-BE54-9A1E7A4F7556}") = "Forge.Net.WebSockets", "Forge.Net.WebSockets\Forge.Net.WebSockets.csproj", "{ECBE2E5E-BCC8-4408-9FED-788A3501226D}"
	ProjectSection(ProjectDependencies) = postProject
		{F3EED65E-C103-4BA8-AF1D-37421D73A708} = {F3EED65E-C103-4BA8-AF1D-37421D73A708}
	EndProjectSection
EndProject
Project("{9A19103F-16F7-4668-BE54-9A1E7A4F7556}") = "Forge.Windows.UI", "Forge.Windows.UI\Forge.Windows.UI.csproj", "{DB1C2AB1-17E9-4D85-85F0-20F4C070693A}"
EndProject
Project("{9A19103F-16F7-4668-BE54-9A1E7A4F7556}") = "Forge.Native", "Forge.Native\Forge.Native.csproj", "{E69C47BC-5245-4ED6-A833-BCABF6F6A29B}"
	ProjectSection(ProjectDependencies) = postProject
		{F3EED65E-C103-4BA8-AF1D-37421D73A708} = {F3EED65E-C103-4BA8-AF1D-37421D73A708}
	EndProjectSection
EndProject
Project("{9A19103F-16F7-4668-BE54-9A1E7A4F7556}") = "Forge.Logging.Utils", "Forge.Logging.Utils\Forge.Logging.Utils.csproj", "{D10ACD6E-6E02-461F-9E70-7CCB5E0F00E6}"
	ProjectSection(ProjectDependencies) = postProject
		{F3EED65E-C103-4BA8-AF1D-37421D73A708} = {F3EED65E-C103-4BA8-AF1D-37421D73A708}
	EndProjectSection
EndProject
Project("{9A19103F-16F7-4668-BE54-9A1E7A4F7556}") = "Forge.RemoteDesktop", "Forge.RemoteDesktop\Forge.RemoteDesktop.csproj", "{42EFBEFD-DA71-40FD-8620-E125EA167945}"
	ProjectSection(ProjectDependencies) = postProject
		{0F590995-E709-4BD6-85FB-4059D2D7507E} = {0F590995-E709-4BD6-85FB-4059D2D7507E}
		{5BF0BB3E-82BD-4F55-988F-64F39912A794} = {5BF0BB3E-82BD-4F55-988F-64F39912A794}
		{63528BC4-C7D4-4DB0-ADD7-36C98F0E0C0E} = {63528BC4-C7D4-4DB0-ADD7-36C98F0E0C0E}
		{94A61AE8-D345-40CD-A007-9CB050B8E0AA} = {94A61AE8-D345-40CD-A007-9CB050B8E0AA}
		{BDD0BFBB-A9E7-42F1-ADCC-31DBB8A70B70} = {BDD0BFBB-A9E7-42F1-ADCC-31DBB8A70B70}
		{DB1C2AB1-17E9-4D85-85F0-20F4C070693A} = {DB1C2AB1-17E9-4D85-85F0-20F4C070693A}
		{F3EED65E-C103-4BA8-AF1D-37421D73A708} = {F3EED65E-C103-4BA8-AF1D-37421D73A708}
	EndProjectSection
EndProject
Project("{9A19103F-16F7-4668-BE54-9A1E7A4F7556}") = "Forge.RemoteDesktop.Client", "Forge.RemoteDesktop.Client\Forge.RemoteDesktop.Client.csproj", "{727D08CE-4A53-4397-8DAD-C27100872667}"
	ProjectSection(ProjectDependencies) = postProject
		{0F590995-E709-4BD6-85FB-4059D2D7507E} = {0F590995-E709-4BD6-85FB-4059D2D7507E}
		{42EFBEFD-DA71-40FD-8620-E125EA167945} = {42EFBEFD-DA71-40FD-8620-E125EA167945}
		{5BF0BB3E-82BD-4F55-988F-64F39912A794} = {5BF0BB3E-82BD-4F55-988F-64F39912A794}
		{63528BC4-C7D4-4DB0-ADD7-36C98F0E0C0E} = {63528BC4-C7D4-4DB0-ADD7-36C98F0E0C0E}
		{94A61AE8-D345-40CD-A007-9CB050B8E0AA} = {94A61AE8-D345-40CD-A007-9CB050B8E0AA}
		{BDD0BFBB-A9E7-42F1-ADCC-31DBB8A70B70} = {BDD0BFBB-A9E7-42F1-ADCC-31DBB8A70B70}
		{DB1C2AB1-17E9-4D85-85F0-20F4C070693A} = {DB1C2AB1-17E9-4D85-85F0-20F4C070693A}
		{F3EED65E-C103-4BA8-AF1D-37421D73A708} = {F3EED65E-C103-4BA8-AF1D-37421D73A708}
	EndProjectSection
EndProject
Project("{9A19103F-16F7-4668-BE54-9A1E7A4F7556}") = "Forge.RemoteDesktop.Service", "Forge.RemoteDesktop.Service\Forge.RemoteDesktop.Service.csproj", "{16E51317-3E8B-4455-8039-A3C9AD163369}"
	ProjectSection(ProjectDependencies) = postProject
		{0F590995-E709-4BD6-85FB-4059D2D7507E} = {0F590995-E709-4BD6-85FB-4059D2D7507E}
		{42EFBEFD-DA71-40FD-8620-E125EA167945} = {42EFBEFD-DA71-40FD-8620-E125EA167945}
		{5BF0BB3E-82BD-4F55-988F-64F39912A794} = {5BF0BB3E-82BD-4F55-988F-64F39912A794}
		{63528BC4-C7D4-4DB0-ADD7-36C98F0E0C0E} = {63528BC4-C7D4-4DB0-ADD7-36C98F0E0C0E}
		{689C2101-257F-404B-9B50-9B550DFA196F} = {689C2101-257F-404B-9B50-9B550DFA196F}
		{94A61AE8-D345-40CD-A007-9CB050B8E0AA} = {94A61AE8-D345-40CD-A007-9CB050B8E0AA}
		{BDD0BFBB-A9E7-42F1-ADCC-31DBB8A70B70} = {BDD0BFBB-A9E7-42F1-ADCC-31DBB8A70B70}
		{DB1C2AB1-17E9-4D85-85F0-20F4C070693A} = {DB1C2AB1-17E9-4D85-85F0-20F4C070693A}
		{E69C47BC-5245-4ED6-A833-BCABF6F6A29B} = {E69C47BC-5245-4ED6-A833-BCABF6F6A29B}
		{F3EED65E-C103-4BA8-AF1D-37421D73A708} = {F3EED65E-C103-4BA8-AF1D-37421D73A708}
	EndProjectSection
EndProject
Project("{FAE04EC0-301F-11D3-BF4B-00C04F79EFBC}") = "Forge.Security.Jwt.Shared", "Forge.Security.Jwt.Shared\Forge.Security.Jwt.Shared.csproj", "{DDC856C5-A70B-43DB-A7AB-A8C6DE814C9A}"
EndProject
Project("{FAE04EC0-301F-11D3-BF4B-00C04F79EFBC}") = "Forge.Security.Jwt.Core", "Forge.Security.Jwt.Core\Forge.Security.Jwt.Core.csproj", "{65397DA7-8B0B-4457-AE89-1222B6FDA14F}"
EndProject
Project("{FAE04EC0-301F-11D3-BF4B-00C04F79EFBC}") = "Forge.Testing.Security.Jwt", "Forge.Testing.Security.Jwt\Forge.Testing.Security.Jwt.csproj", "{02768573-8C33-4AD5-A233-096AFB600D8F}"
EndProject
Global
	GlobalSection(SolutionConfigurationPlatforms) = preSolution
		Debug|Any CPU = Debug|Any CPU
		Release|Any CPU = Release|Any CPU
	EndGlobalSection
	GlobalSection(ProjectConfigurationPlatforms) = postSolution
		{F3EED65E-C103-4BA8-AF1D-37421D73A708}.Debug|Any CPU.ActiveCfg = Debug|Any CPU
		{F3EED65E-C103-4BA8-AF1D-37421D73A708}.Debug|Any CPU.Build.0 = Debug|Any CPU
		{F3EED65E-C103-4BA8-AF1D-37421D73A708}.Release|Any CPU.ActiveCfg = Release|Any CPU
		{F3EED65E-C103-4BA8-AF1D-37421D73A708}.Release|Any CPU.Build.0 = Release|Any CPU
		{FD38CB4B-0B00-4AE5-9CF4-8C1B3F570716}.Debug|Any CPU.ActiveCfg = Debug|Any CPU
		{FD38CB4B-0B00-4AE5-9CF4-8C1B3F570716}.Debug|Any CPU.Build.0 = Debug|Any CPU
		{FD38CB4B-0B00-4AE5-9CF4-8C1B3F570716}.Release|Any CPU.ActiveCfg = Release|Any CPU
		{FD38CB4B-0B00-4AE5-9CF4-8C1B3F570716}.Release|Any CPU.Build.0 = Release|Any CPU
		{94A61AE8-D345-40CD-A007-9CB050B8E0AA}.Debug|Any CPU.ActiveCfg = Debug|Any CPU
		{94A61AE8-D345-40CD-A007-9CB050B8E0AA}.Debug|Any CPU.Build.0 = Debug|Any CPU
		{94A61AE8-D345-40CD-A007-9CB050B8E0AA}.Release|Any CPU.ActiveCfg = Release|Any CPU
		{94A61AE8-D345-40CD-A007-9CB050B8E0AA}.Release|Any CPU.Build.0 = Release|Any CPU
		{B565E903-9B5B-4248-BCF2-EFBA29851646}.Debug|Any CPU.ActiveCfg = Debug|Any CPU
		{B565E903-9B5B-4248-BCF2-EFBA29851646}.Debug|Any CPU.Build.0 = Debug|Any CPU
		{B565E903-9B5B-4248-BCF2-EFBA29851646}.Release|Any CPU.ActiveCfg = Release|Any CPU
		{B565E903-9B5B-4248-BCF2-EFBA29851646}.Release|Any CPU.Build.0 = Release|Any CPU
		{689C2101-257F-404B-9B50-9B550DFA196F}.Debug|Any CPU.ActiveCfg = Debug|Any CPU
		{689C2101-257F-404B-9B50-9B550DFA196F}.Debug|Any CPU.Build.0 = Debug|Any CPU
		{689C2101-257F-404B-9B50-9B550DFA196F}.Release|Any CPU.ActiveCfg = Release|Any CPU
		{689C2101-257F-404B-9B50-9B550DFA196F}.Release|Any CPU.Build.0 = Release|Any CPU
		{64BB1EFC-27BB-4A5F-B631-234A552C4288}.Debug|Any CPU.ActiveCfg = Debug|Any CPU
		{64BB1EFC-27BB-4A5F-B631-234A552C4288}.Debug|Any CPU.Build.0 = Debug|Any CPU
		{64BB1EFC-27BB-4A5F-B631-234A552C4288}.Release|Any CPU.ActiveCfg = Release|Any CPU
		{64BB1EFC-27BB-4A5F-B631-234A552C4288}.Release|Any CPU.Build.0 = Release|Any CPU
		{D1427FB9-2787-46E6-A5AC-D98E8476F4F7}.Debug|Any CPU.ActiveCfg = Debug|Any CPU
		{D1427FB9-2787-46E6-A5AC-D98E8476F4F7}.Debug|Any CPU.Build.0 = Debug|Any CPU
		{D1427FB9-2787-46E6-A5AC-D98E8476F4F7}.Release|Any CPU.ActiveCfg = Release|Any CPU
		{D1427FB9-2787-46E6-A5AC-D98E8476F4F7}.Release|Any CPU.Build.0 = Release|Any CPU
		{CF3D0FC3-46A2-4C86-83F0-5F9EBB417A3F}.Debug|Any CPU.ActiveCfg = Debug|Any CPU
		{CF3D0FC3-46A2-4C86-83F0-5F9EBB417A3F}.Debug|Any CPU.Build.0 = Debug|Any CPU
		{CF3D0FC3-46A2-4C86-83F0-5F9EBB417A3F}.Release|Any CPU.ActiveCfg = Release|Any CPU
		{CF3D0FC3-46A2-4C86-83F0-5F9EBB417A3F}.Release|Any CPU.Build.0 = Release|Any CPU
		{40AA163A-6A5D-41D1-8D42-9808C3B415E6}.Debug|Any CPU.ActiveCfg = Debug|Any CPU
		{40AA163A-6A5D-41D1-8D42-9808C3B415E6}.Debug|Any CPU.Build.0 = Debug|Any CPU
		{40AA163A-6A5D-41D1-8D42-9808C3B415E6}.Release|Any CPU.ActiveCfg = Release|Any CPU
		{40AA163A-6A5D-41D1-8D42-9808C3B415E6}.Release|Any CPU.Build.0 = Release|Any CPU
		{36E20203-B4D9-4363-BF52-EFD07E702BD3}.Debug|Any CPU.ActiveCfg = Debug|Any CPU
		{36E20203-B4D9-4363-BF52-EFD07E702BD3}.Debug|Any CPU.Build.0 = Debug|Any CPU
		{36E20203-B4D9-4363-BF52-EFD07E702BD3}.Release|Any CPU.ActiveCfg = Release|Any CPU
		{36E20203-B4D9-4363-BF52-EFD07E702BD3}.Release|Any CPU.Build.0 = Release|Any CPU
		{DA14FB35-D571-4163-A913-3D8C934954BD}.Debug|Any CPU.ActiveCfg = Debug|Any CPU
		{DA14FB35-D571-4163-A913-3D8C934954BD}.Debug|Any CPU.Build.0 = Debug|Any CPU
		{DA14FB35-D571-4163-A913-3D8C934954BD}.Release|Any CPU.ActiveCfg = Release|Any CPU
		{DA14FB35-D571-4163-A913-3D8C934954BD}.Release|Any CPU.Build.0 = Release|Any CPU
		{63528BC4-C7D4-4DB0-ADD7-36C98F0E0C0E}.Debug|Any CPU.ActiveCfg = Debug|Any CPU
		{63528BC4-C7D4-4DB0-ADD7-36C98F0E0C0E}.Debug|Any CPU.Build.0 = Debug|Any CPU
		{63528BC4-C7D4-4DB0-ADD7-36C98F0E0C0E}.Release|Any CPU.ActiveCfg = Release|Any CPU
		{63528BC4-C7D4-4DB0-ADD7-36C98F0E0C0E}.Release|Any CPU.Build.0 = Release|Any CPU
		{BDD0BFBB-A9E7-42F1-ADCC-31DBB8A70B70}.Debug|Any CPU.ActiveCfg = Debug|Any CPU
		{BDD0BFBB-A9E7-42F1-ADCC-31DBB8A70B70}.Debug|Any CPU.Build.0 = Debug|Any CPU
		{BDD0BFBB-A9E7-42F1-ADCC-31DBB8A70B70}.Release|Any CPU.ActiveCfg = Release|Any CPU
		{BDD0BFBB-A9E7-42F1-ADCC-31DBB8A70B70}.Release|Any CPU.Build.0 = Release|Any CPU
		{0F590995-E709-4BD6-85FB-4059D2D7507E}.Debug|Any CPU.ActiveCfg = Debug|Any CPU
		{0F590995-E709-4BD6-85FB-4059D2D7507E}.Debug|Any CPU.Build.0 = Debug|Any CPU
		{0F590995-E709-4BD6-85FB-4059D2D7507E}.Release|Any CPU.ActiveCfg = Release|Any CPU
		{0F590995-E709-4BD6-85FB-4059D2D7507E}.Release|Any CPU.Build.0 = Release|Any CPU
		{5BF0BB3E-82BD-4F55-988F-64F39912A794}.Debug|Any CPU.ActiveCfg = Debug|Any CPU
		{5BF0BB3E-82BD-4F55-988F-64F39912A794}.Debug|Any CPU.Build.0 = Debug|Any CPU
		{5BF0BB3E-82BD-4F55-988F-64F39912A794}.Release|Any CPU.ActiveCfg = Release|Any CPU
		{5BF0BB3E-82BD-4F55-988F-64F39912A794}.Release|Any CPU.Build.0 = Release|Any CPU
		{C7A8F803-2AF4-4211-8EF4-BB62A9EC0B34}.Debug|Any CPU.ActiveCfg = Debug|Any CPU
		{C7A8F803-2AF4-4211-8EF4-BB62A9EC0B34}.Debug|Any CPU.Build.0 = Debug|Any CPU
		{C7A8F803-2AF4-4211-8EF4-BB62A9EC0B34}.Release|Any CPU.ActiveCfg = Release|Any CPU
		{C7A8F803-2AF4-4211-8EF4-BB62A9EC0B34}.Release|Any CPU.Build.0 = Release|Any CPU
		{44570E1B-56D9-4177-9608-2C86C708F064}.Debug|Any CPU.ActiveCfg = Debug|Any CPU
		{44570E1B-56D9-4177-9608-2C86C708F064}.Debug|Any CPU.Build.0 = Debug|Any CPU
		{44570E1B-56D9-4177-9608-2C86C708F064}.Release|Any CPU.ActiveCfg = Release|Any CPU
		{44570E1B-56D9-4177-9608-2C86C708F064}.Release|Any CPU.Build.0 = Release|Any CPU
		{D4C8AAD5-EC16-444B-992E-6E0B71200B03}.Debug|Any CPU.ActiveCfg = Debug|Any CPU
		{D4C8AAD5-EC16-444B-992E-6E0B71200B03}.Debug|Any CPU.Build.0 = Debug|Any CPU
		{D4C8AAD5-EC16-444B-992E-6E0B71200B03}.Release|Any CPU.ActiveCfg = Release|Any CPU
		{D4C8AAD5-EC16-444B-992E-6E0B71200B03}.Release|Any CPU.Build.0 = Release|Any CPU
		{6486D46B-70D8-4F1A-86D5-67A2794E6AEC}.Debug|Any CPU.ActiveCfg = Debug|Any CPU
		{6486D46B-70D8-4F1A-86D5-67A2794E6AEC}.Debug|Any CPU.Build.0 = Debug|Any CPU
		{6486D46B-70D8-4F1A-86D5-67A2794E6AEC}.Release|Any CPU.ActiveCfg = Release|Any CPU
		{6486D46B-70D8-4F1A-86D5-67A2794E6AEC}.Release|Any CPU.Build.0 = Release|Any CPU
		{D2DEC75E-E22B-423F-BA8A-253D652A611B}.Debug|Any CPU.ActiveCfg = Debug|Any CPU
		{D2DEC75E-E22B-423F-BA8A-253D652A611B}.Debug|Any CPU.Build.0 = Debug|Any CPU
		{D2DEC75E-E22B-423F-BA8A-253D652A611B}.Release|Any CPU.ActiveCfg = Release|Any CPU
		{D2DEC75E-E22B-423F-BA8A-253D652A611B}.Release|Any CPU.Build.0 = Release|Any CPU
		{DEBE7357-24AE-47A4-BFC6-BD1643A53BB2}.Debug|Any CPU.ActiveCfg = Debug|Any CPU
		{DEBE7357-24AE-47A4-BFC6-BD1643A53BB2}.Debug|Any CPU.Build.0 = Debug|Any CPU
		{DEBE7357-24AE-47A4-BFC6-BD1643A53BB2}.Release|Any CPU.ActiveCfg = Release|Any CPU
		{DEBE7357-24AE-47A4-BFC6-BD1643A53BB2}.Release|Any CPU.Build.0 = Release|Any CPU
		{5381068C-E22C-4FBB-A105-9A219FB5166B}.Debug|Any CPU.ActiveCfg = Debug|Any CPU
		{5381068C-E22C-4FBB-A105-9A219FB5166B}.Debug|Any CPU.Build.0 = Debug|Any CPU
		{5381068C-E22C-4FBB-A105-9A219FB5166B}.Release|Any CPU.ActiveCfg = Release|Any CPU
		{5381068C-E22C-4FBB-A105-9A219FB5166B}.Release|Any CPU.Build.0 = Release|Any CPU
		{04BDD54C-260B-4F36-BCC0-E24181660B0B}.Debug|Any CPU.ActiveCfg = Debug|Any CPU
		{04BDD54C-260B-4F36-BCC0-E24181660B0B}.Debug|Any CPU.Build.0 = Debug|Any CPU
		{04BDD54C-260B-4F36-BCC0-E24181660B0B}.Release|Any CPU.ActiveCfg = Release|Any CPU
		{04BDD54C-260B-4F36-BCC0-E24181660B0B}.Release|Any CPU.Build.0 = Release|Any CPU
		{26FA621F-314D-4962-AED8-38404BEDE4F9}.Debug|Any CPU.ActiveCfg = Debug|Any CPU
		{26FA621F-314D-4962-AED8-38404BEDE4F9}.Debug|Any CPU.Build.0 = Debug|Any CPU
		{26FA621F-314D-4962-AED8-38404BEDE4F9}.Release|Any CPU.ActiveCfg = Release|Any CPU
		{26FA621F-314D-4962-AED8-38404BEDE4F9}.Release|Any CPU.Build.0 = Release|Any CPU
		{2684A3BD-A1C6-4AB1-BC3C-6BC0AD3F42D4}.Debug|Any CPU.ActiveCfg = Debug|Any CPU
		{2684A3BD-A1C6-4AB1-BC3C-6BC0AD3F42D4}.Debug|Any CPU.Build.0 = Debug|Any CPU
		{2684A3BD-A1C6-4AB1-BC3C-6BC0AD3F42D4}.Release|Any CPU.ActiveCfg = Release|Any CPU
		{2684A3BD-A1C6-4AB1-BC3C-6BC0AD3F42D4}.Release|Any CPU.Build.0 = Release|Any CPU
		{5E2E07F8-CB9E-4E0F-AD5E-0CFE7289EC91}.Debug|Any CPU.ActiveCfg = Debug|Any CPU
		{5E2E07F8-CB9E-4E0F-AD5E-0CFE7289EC91}.Debug|Any CPU.Build.0 = Debug|Any CPU
		{5E2E07F8-CB9E-4E0F-AD5E-0CFE7289EC91}.Release|Any CPU.ActiveCfg = Release|Any CPU
		{5E2E07F8-CB9E-4E0F-AD5E-0CFE7289EC91}.Release|Any CPU.Build.0 = Release|Any CPU
		{352BC20C-444D-4FD2-A3A6-4E58B9F373C7}.Debug|Any CPU.ActiveCfg = Debug|Any CPU
		{352BC20C-444D-4FD2-A3A6-4E58B9F373C7}.Debug|Any CPU.Build.0 = Debug|Any CPU
		{352BC20C-444D-4FD2-A3A6-4E58B9F373C7}.Release|Any CPU.ActiveCfg = Release|Any CPU
		{352BC20C-444D-4FD2-A3A6-4E58B9F373C7}.Release|Any CPU.Build.0 = Release|Any CPU
		{ECBE2E5E-BCC8-4408-9FED-788A3501226D}.Debug|Any CPU.ActiveCfg = Debug|Any CPU
		{ECBE2E5E-BCC8-4408-9FED-788A3501226D}.Debug|Any CPU.Build.0 = Debug|Any CPU
		{ECBE2E5E-BCC8-4408-9FED-788A3501226D}.Release|Any CPU.ActiveCfg = Release|Any CPU
		{ECBE2E5E-BCC8-4408-9FED-788A3501226D}.Release|Any CPU.Build.0 = Release|Any CPU
		{DB1C2AB1-17E9-4D85-85F0-20F4C070693A}.Debug|Any CPU.ActiveCfg = Debug|Any CPU
		{DB1C2AB1-17E9-4D85-85F0-20F4C070693A}.Debug|Any CPU.Build.0 = Debug|Any CPU
		{DB1C2AB1-17E9-4D85-85F0-20F4C070693A}.Release|Any CPU.ActiveCfg = Release|Any CPU
		{DB1C2AB1-17E9-4D85-85F0-20F4C070693A}.Release|Any CPU.Build.0 = Release|Any CPU
		{E69C47BC-5245-4ED6-A833-BCABF6F6A29B}.Debug|Any CPU.ActiveCfg = Debug|Any CPU
		{E69C47BC-5245-4ED6-A833-BCABF6F6A29B}.Debug|Any CPU.Build.0 = Debug|Any CPU
		{E69C47BC-5245-4ED6-A833-BCABF6F6A29B}.Release|Any CPU.ActiveCfg = Release|Any CPU
		{E69C47BC-5245-4ED6-A833-BCABF6F6A29B}.Release|Any CPU.Build.0 = Release|Any CPU
		{D10ACD6E-6E02-461F-9E70-7CCB5E0F00E6}.Debug|Any CPU.ActiveCfg = Debug|Any CPU
		{D10ACD6E-6E02-461F-9E70-7CCB5E0F00E6}.Debug|Any CPU.Build.0 = Debug|Any CPU
		{D10ACD6E-6E02-461F-9E70-7CCB5E0F00E6}.Release|Any CPU.ActiveCfg = Release|Any CPU
		{D10ACD6E-6E02-461F-9E70-7CCB5E0F00E6}.Release|Any CPU.Build.0 = Release|Any CPU
		{42EFBEFD-DA71-40FD-8620-E125EA167945}.Debug|Any CPU.ActiveCfg = Debug|Any CPU
		{42EFBEFD-DA71-40FD-8620-E125EA167945}.Debug|Any CPU.Build.0 = Debug|Any CPU
		{42EFBEFD-DA71-40FD-8620-E125EA167945}.Release|Any CPU.ActiveCfg = Release|Any CPU
		{42EFBEFD-DA71-40FD-8620-E125EA167945}.Release|Any CPU.Build.0 = Release|Any CPU
		{727D08CE-4A53-4397-8DAD-C27100872667}.Debug|Any CPU.ActiveCfg = Debug|Any CPU
		{727D08CE-4A53-4397-8DAD-C27100872667}.Debug|Any CPU.Build.0 = Debug|Any CPU
		{727D08CE-4A53-4397-8DAD-C27100872667}.Release|Any CPU.ActiveCfg = Release|Any CPU
		{727D08CE-4A53-4397-8DAD-C27100872667}.Release|Any CPU.Build.0 = Release|Any CPU
		{16E51317-3E8B-4455-8039-A3C9AD163369}.Debug|Any CPU.ActiveCfg = Debug|Any CPU
		{16E51317-3E8B-4455-8039-A3C9AD163369}.Debug|Any CPU.Build.0 = Debug|Any CPU
		{16E51317-3E8B-4455-8039-A3C9AD163369}.Release|Any CPU.ActiveCfg = Release|Any CPU
		{16E51317-3E8B-4455-8039-A3C9AD163369}.Release|Any CPU.Build.0 = Release|Any CPU
		{DDC856C5-A70B-43DB-A7AB-A8C6DE814C9A}.Debug|Any CPU.ActiveCfg = Debug|Any CPU
		{DDC856C5-A70B-43DB-A7AB-A8C6DE814C9A}.Debug|Any CPU.Build.0 = Debug|Any CPU
		{DDC856C5-A70B-43DB-A7AB-A8C6DE814C9A}.Release|Any CPU.ActiveCfg = Release|Any CPU
		{DDC856C5-A70B-43DB-A7AB-A8C6DE814C9A}.Release|Any CPU.Build.0 = Release|Any CPU
		{65397DA7-8B0B-4457-AE89-1222B6FDA14F}.Debug|Any CPU.ActiveCfg = Debug|Any CPU
		{65397DA7-8B0B-4457-AE89-1222B6FDA14F}.Debug|Any CPU.Build.0 = Debug|Any CPU
		{65397DA7-8B0B-4457-AE89-1222B6FDA14F}.Release|Any CPU.ActiveCfg = Release|Any CPU
		{65397DA7-8B0B-4457-AE89-1222B6FDA14F}.Release|Any CPU.Build.0 = Release|Any CPU
		{02768573-8C33-4AD5-A233-096AFB600D8F}.Debug|Any CPU.ActiveCfg = Debug|Any CPU
		{02768573-8C33-4AD5-A233-096AFB600D8F}.Debug|Any CPU.Build.0 = Debug|Any CPU
		{02768573-8C33-4AD5-A233-096AFB600D8F}.Release|Any CPU.ActiveCfg = Release|Any CPU
		{02768573-8C33-4AD5-A233-096AFB600D8F}.Release|Any CPU.Build.0 = Release|Any CPU
	EndGlobalSection
	GlobalSection(SolutionProperties) = preSolution
		HideSolutionNode = FALSE
	EndGlobalSection
	GlobalSection(ExtensibilityGlobals) = postSolution
		SolutionGuid = {D2EE82C8-66EE-4046-ADA8-E7DFB99ABB44}
	EndGlobalSection
EndGlobal
